// !$*UTF8*$!
{
	archiveVersion = 1;
	classes = {
	};
	objectVersion = 56;
	objects = {

/* Begin PBXBuildFile section */
		213C88DA17E81131D3D9B767 /* libPods-RosePDF.a in Frameworks */ = {isa = PBXBuildFile; fileRef = 31B1F9BE34685D036ED7A825 /* libPods-RosePDF.a */; };
		4444C8DA2B83A8A0005E96AF /* HZPDFSettingViewController.m in Sources */ = {isa = PBXBuildFile; fileRef = 4444C8D92B83A8A0005E96AF /* HZPDFSettingViewController.m */; };
		A12C2A642B6F6C4000B77150 /* HZBaseViewController.m in Sources */ = {isa = PBXBuildFile; fileRef = A12C2A632B6F6C4000B77150 /* HZBaseViewController.m */; };
		A12C2A672B6F6C6800B77150 /* HZHomeViewController.m in Sources */ = {isa = PBXBuildFile; fileRef = A12C2A662B6F6C6800B77150 /* HZHomeViewController.m */; };
		A12C2A712B6F784B00B77150 /* HZBaseModel.m in Sources */ = {isa = PBXBuildFile; fileRef = A12C2A702B6F784B00B77150 /* HZBaseModel.m */; };
		A12C2A742B6F786900B77150 /* HZProjectModel.mm in Sources */ = {isa = PBXBuildFile; fileRef = A12C2A732B6F786900B77150 /* HZProjectModel.mm */; };
		A12C2A772B6F788600B77150 /* HZPageModel.m in Sources */ = {isa = PBXBuildFile; fileRef = A12C2A762B6F788600B77150 /* HZPageModel.m */; };
		A12C2A7D2B70A55A00B77150 /* HZNavigationController.m in Sources */ = {isa = PBXBuildFile; fileRef = A12C2A7C2B70A55A00B77150 /* HZNavigationController.m */; };
		A12C2A802B70A5DB00B77150 /* HZHomeNavigationBar.m in Sources */ = {isa = PBXBuildFile; fileRef = A12C2A7F2B70A5DB00B77150 /* HZHomeNavigationBar.m */; };
		A12C2A872B70DFCD00B77150 /* HZHomeTableHeaderView.m in Sources */ = {isa = PBXBuildFile; fileRef = A12C2A862B70DFCD00B77150 /* HZHomeTableHeaderView.m */; };
		A12C2A962B70FADA00B77150 /* Localizable.strings in Resources */ = {isa = PBXBuildFile; fileRef = A12C2A982B70FADA00B77150 /* Localizable.strings */; };
		A12C2A9D2B70FB2E00B77150 /* InfoPlist.strings in Resources */ = {isa = PBXBuildFile; fileRef = A12C2A9F2B70FB2E00B77150 /* InfoPlist.strings */; };
		A12C2AA32B70FDF300B77150 /* Media.xcassets in Resources */ = {isa = PBXBuildFile; fileRef = A12C2AA22B70FDF300B77150 /* Media.xcassets */; };
		A12C2AAA2B71CA8700B77150 /* HZBaseNavigationBar.m in Sources */ = {isa = PBXBuildFile; fileRef = A12C2AA92B71CA8700B77150 /* HZBaseNavigationBar.m */; };
		A12C2AAE2B71DB2E00B77150 /* HZEditTopCollectionView.m in Sources */ = {isa = PBXBuildFile; fileRef = A12C2AAD2B71DB2E00B77150 /* HZEditTopCollectionView.m */; };
		A12C2AB12B71DB4E00B77150 /* HZEditPreviewCollectionView.m in Sources */ = {isa = PBXBuildFile; fileRef = A12C2AB02B71DB4E00B77150 /* HZEditPreviewCollectionView.m */; };
		A12C2AB42B71DB5E00B77150 /* HZEditBottomView.m in Sources */ = {isa = PBXBuildFile; fileRef = A12C2AB32B71DB5E00B77150 /* HZEditBottomView.m */; };
		A12C2AB72B71DCAB00B77150 /* HZEditDataboard.m in Sources */ = {isa = PBXBuildFile; fileRef = A12C2AB62B71DCAB00B77150 /* HZEditDataboard.m */; };
		A12C2ABA2B71F83100B77150 /* HZEditTopCell.m in Sources */ = {isa = PBXBuildFile; fileRef = A12C2AB92B71F83100B77150 /* HZEditTopCell.m */; };
		A12C2AC62B7229A200B77150 /* HZBaseDBHelper.mm in Sources */ = {isa = PBXBuildFile; fileRef = A12C2AC52B7229A200B77150 /* HZBaseDBHelper.mm */; };
		A12C2AC92B722A2E00B77150 /* HZWCDBHelper.mm in Sources */ = {isa = PBXBuildFile; fileRef = A12C2AC82B722A2E00B77150 /* HZWCDBHelper.mm */; };
		A12C2ACC2B722D7700B77150 /* HZProjectManager.m in Sources */ = {isa = PBXBuildFile; fileRef = A12C2ACB2B722D7700B77150 /* HZProjectManager.m */; };
		A1A8DBE22B5E9D630092F0F8 /* AppDelegate.m in Sources */ = {isa = PBXBuildFile; fileRef = A1A8DBE12B5E9D630092F0F8 /* AppDelegate.m */; };
		A1A8DBEB2B5E9D630092F0F8 /* Main.storyboard in Resources */ = {isa = PBXBuildFile; fileRef = A1A8DBE92B5E9D630092F0F8 /* Main.storyboard */; };
		A1A8DBED2B5E9D650092F0F8 /* Assets.xcassets in Resources */ = {isa = PBXBuildFile; fileRef = A1A8DBEC2B5E9D650092F0F8 /* Assets.xcassets */; };
		A1A8DBF02B5E9D650092F0F8 /* LaunchScreen.storyboard in Resources */ = {isa = PBXBuildFile; fileRef = A1A8DBEE2B5E9D650092F0F8 /* LaunchScreen.storyboard */; };
		A1A8DBF32B5E9D650092F0F8 /* main.m in Sources */ = {isa = PBXBuildFile; fileRef = A1A8DBF22B5E9D650092F0F8 /* main.m */; };
		A1A8DBFD2B5E9D650092F0F8 /* RosePDFTests.m in Sources */ = {isa = PBXBuildFile; fileRef = A1A8DBFC2B5E9D650092F0F8 /* RosePDFTests.m */; };
		A1A8DC072B5E9D650092F0F8 /* RosePDFUITests.m in Sources */ = {isa = PBXBuildFile; fileRef = A1A8DC062B5E9D650092F0F8 /* RosePDFUITests.m */; };
		A1A8DC092B5E9D650092F0F8 /* RosePDFUITestsLaunchTests.m in Sources */ = {isa = PBXBuildFile; fileRef = A1A8DC082B5E9D650092F0F8 /* RosePDFUITestsLaunchTests.m */; };
		A1ABB91B2B8200280007C9B6 /* HZEditViewController.m in Sources */ = {isa = PBXBuildFile; fileRef = A1ABB91A2B8200280007C9B6 /* HZEditViewController.m */; };
		A1ABB9222B833DF30007C9B6 /* HZEditPreviewCell.m in Sources */ = {isa = PBXBuildFile; fileRef = A1ABB9212B833DF30007C9B6 /* HZEditPreviewCell.m */; };
/* End PBXBuildFile section */

/* Begin PBXContainerItemProxy section */
		A1A8DBF92B5E9D650092F0F8 /* PBXContainerItemProxy */ = {
			isa = PBXContainerItemProxy;
			containerPortal = A1A8DBD52B5E9D630092F0F8 /* Project object */;
			proxyType = 1;
			remoteGlobalIDString = A1A8DBDC2B5E9D630092F0F8;
			remoteInfo = RosePDF;
		};
		A1A8DC032B5E9D650092F0F8 /* PBXContainerItemProxy */ = {
			isa = PBXContainerItemProxy;
			containerPortal = A1A8DBD52B5E9D630092F0F8 /* Project object */;
			proxyType = 1;
			remoteGlobalIDString = A1A8DBDC2B5E9D630092F0F8;
			remoteInfo = RosePDF;
		};
/* End PBXContainerItemProxy section */

/* Begin PBXFileReference section */
		31B1F9BE34685D036ED7A825 /* libPods-RosePDF.a */ = {isa = PBXFileReference; explicitFileType = archive.ar; includeInIndex = 0; path = "libPods-RosePDF.a"; sourceTree = BUILT_PRODUCTS_DIR; };
		4444C8D82B83A8A0005E96AF /* HZPDFSettingViewController.h */ = {isa = PBXFileReference; lastKnownFileType = sourcecode.c.h; path = HZPDFSettingViewController.h; sourceTree = "<group>"; };
		4444C8D92B83A8A0005E96AF /* HZPDFSettingViewController.m */ = {isa = PBXFileReference; lastKnownFileType = sourcecode.c.objc; path = HZPDFSettingViewController.m; sourceTree = "<group>"; };
		A12C2A622B6F6C4000B77150 /* HZBaseViewController.h */ = {isa = PBXFileReference; lastKnownFileType = sourcecode.c.h; path = HZBaseViewController.h; sourceTree = "<group>"; };
		A12C2A632B6F6C4000B77150 /* HZBaseViewController.m */ = {isa = PBXFileReference; lastKnownFileType = sourcecode.c.objc; path = HZBaseViewController.m; sourceTree = "<group>"; };
		A12C2A652B6F6C6800B77150 /* HZHomeViewController.h */ = {isa = PBXFileReference; lastKnownFileType = sourcecode.c.h; path = HZHomeViewController.h; sourceTree = "<group>"; };
		A12C2A662B6F6C6800B77150 /* HZHomeViewController.m */ = {isa = PBXFileReference; lastKnownFileType = sourcecode.c.objc; path = HZHomeViewController.m; sourceTree = "<group>"; };
		A12C2A6C2B6F723C00B77150 /* HZCommonHeader.h */ = {isa = PBXFileReference; lastKnownFileType = sourcecode.c.h; path = HZCommonHeader.h; sourceTree = "<group>"; };
		A12C2A6F2B6F784B00B77150 /* HZBaseModel.h */ = {isa = PBXFileReference; lastKnownFileType = sourcecode.c.h; path = HZBaseModel.h; sourceTree = "<group>"; };
		A12C2A702B6F784B00B77150 /* HZBaseModel.m */ = {isa = PBXFileReference; lastKnownFileType = sourcecode.c.objc; path = HZBaseModel.m; sourceTree = "<group>"; };
		A12C2A722B6F786900B77150 /* HZProjectModel.h */ = {isa = PBXFileReference; lastKnownFileType = sourcecode.c.h; path = HZProjectModel.h; sourceTree = "<group>"; };
		A12C2A732B6F786900B77150 /* HZProjectModel.mm */ = {isa = PBXFileReference; lastKnownFileType = sourcecode.cpp.objcpp; path = HZProjectModel.mm; sourceTree = "<group>"; };
		A12C2A752B6F788600B77150 /* HZPageModel.h */ = {isa = PBXFileReference; lastKnownFileType = sourcecode.c.h; path = HZPageModel.h; sourceTree = "<group>"; };
		A12C2A762B6F788600B77150 /* HZPageModel.m */ = {isa = PBXFileReference; lastKnownFileType = sourcecode.c.objc; path = HZPageModel.m; sourceTree = "<group>"; };
		A12C2A782B6F78D800B77150 /* HZProjectDefine.h */ = {isa = PBXFileReference; lastKnownFileType = sourcecode.c.h; path = HZProjectDefine.h; sourceTree = "<group>"; };
		A12C2A7B2B70A55A00B77150 /* HZNavigationController.h */ = {isa = PBXFileReference; lastKnownFileType = sourcecode.c.h; path = HZNavigationController.h; sourceTree = "<group>"; };
		A12C2A7C2B70A55A00B77150 /* HZNavigationController.m */ = {isa = PBXFileReference; lastKnownFileType = sourcecode.c.objc; path = HZNavigationController.m; sourceTree = "<group>"; };
		A12C2A7E2B70A5DB00B77150 /* HZHomeNavigationBar.h */ = {isa = PBXFileReference; lastKnownFileType = sourcecode.c.h; path = HZHomeNavigationBar.h; sourceTree = "<group>"; };
		A12C2A7F2B70A5DB00B77150 /* HZHomeNavigationBar.m */ = {isa = PBXFileReference; lastKnownFileType = sourcecode.c.objc; path = HZHomeNavigationBar.m; sourceTree = "<group>"; };
		A12C2A852B70DFCD00B77150 /* HZHomeTableHeaderView.h */ = {isa = PBXFileReference; lastKnownFileType = sourcecode.c.h; path = HZHomeTableHeaderView.h; sourceTree = "<group>"; };
		A12C2A862B70DFCD00B77150 /* HZHomeTableHeaderView.m */ = {isa = PBXFileReference; lastKnownFileType = sourcecode.c.objc; path = HZHomeTableHeaderView.m; sourceTree = "<group>"; };
		A12C2A972B70FADA00B77150 /* en */ = {isa = PBXFileReference; lastKnownFileType = text.plist.strings; name = en; path = en.lproj/Localizable.strings; sourceTree = "<group>"; };
		A12C2A992B70FADE00B77150 /* zh-Hans */ = {isa = PBXFileReference; lastKnownFileType = text.plist.strings; name = "zh-Hans"; path = "zh-Hans.lproj/Localizable.strings"; sourceTree = "<group>"; };
		A12C2A9A2B70FADF00B77150 /* zh-Hant */ = {isa = PBXFileReference; lastKnownFileType = text.plist.strings; name = "zh-Hant"; path = "zh-Hant.lproj/Localizable.strings"; sourceTree = "<group>"; };
		A12C2A9E2B70FB2E00B77150 /* zh-Hans */ = {isa = PBXFileReference; lastKnownFileType = text.plist.strings; name = "zh-Hans"; path = "zh-Hans.lproj/InfoPlist.strings"; sourceTree = "<group>"; };
		A12C2AA02B70FB3200B77150 /* zh-Hant */ = {isa = PBXFileReference; lastKnownFileType = text.plist.strings; name = "zh-Hant"; path = "zh-Hant.lproj/InfoPlist.strings"; sourceTree = "<group>"; };
		A12C2AA12B70FB3300B77150 /* en */ = {isa = PBXFileReference; lastKnownFileType = text.plist.strings; name = en; path = en.lproj/InfoPlist.strings; sourceTree = "<group>"; };
		A12C2AA22B70FDF300B77150 /* Media.xcassets */ = {isa = PBXFileReference; lastKnownFileType = folder.assetcatalog; path = Media.xcassets; sourceTree = "<group>"; };
		A12C2AA82B71CA8700B77150 /* HZBaseNavigationBar.h */ = {isa = PBXFileReference; lastKnownFileType = sourcecode.c.h; path = HZBaseNavigationBar.h; sourceTree = "<group>"; };
		A12C2AA92B71CA8700B77150 /* HZBaseNavigationBar.m */ = {isa = PBXFileReference; lastKnownFileType = sourcecode.c.objc; path = HZBaseNavigationBar.m; sourceTree = "<group>"; };
		A12C2AAC2B71DB2E00B77150 /* HZEditTopCollectionView.h */ = {isa = PBXFileReference; lastKnownFileType = sourcecode.c.h; path = HZEditTopCollectionView.h; sourceTree = "<group>"; };
		A12C2AAD2B71DB2E00B77150 /* HZEditTopCollectionView.m */ = {isa = PBXFileReference; lastKnownFileType = sourcecode.c.objc; path = HZEditTopCollectionView.m; sourceTree = "<group>"; };
		A12C2AAF2B71DB4E00B77150 /* HZEditPreviewCollectionView.h */ = {isa = PBXFileReference; lastKnownFileType = sourcecode.c.h; path = HZEditPreviewCollectionView.h; sourceTree = "<group>"; };
		A12C2AB02B71DB4E00B77150 /* HZEditPreviewCollectionView.m */ = {isa = PBXFileReference; lastKnownFileType = sourcecode.c.objc; path = HZEditPreviewCollectionView.m; sourceTree = "<group>"; };
		A12C2AB22B71DB5E00B77150 /* HZEditBottomView.h */ = {isa = PBXFileReference; lastKnownFileType = sourcecode.c.h; path = HZEditBottomView.h; sourceTree = "<group>"; };
		A12C2AB32B71DB5E00B77150 /* HZEditBottomView.m */ = {isa = PBXFileReference; lastKnownFileType = sourcecode.c.objc; path = HZEditBottomView.m; sourceTree = "<group>"; };
		A12C2AB52B71DCAB00B77150 /* HZEditDataboard.h */ = {isa = PBXFileReference; lastKnownFileType = sourcecode.c.h; path = HZEditDataboard.h; sourceTree = "<group>"; };
		A12C2AB62B71DCAB00B77150 /* HZEditDataboard.m */ = {isa = PBXFileReference; lastKnownFileType = sourcecode.c.objc; path = HZEditDataboard.m; sourceTree = "<group>"; };
		A12C2AB82B71F83100B77150 /* HZEditTopCell.h */ = {isa = PBXFileReference; lastKnownFileType = sourcecode.c.h; path = HZEditTopCell.h; sourceTree = "<group>"; };
		A12C2AB92B71F83100B77150 /* HZEditTopCell.m */ = {isa = PBXFileReference; lastKnownFileType = sourcecode.c.objc; path = HZEditTopCell.m; sourceTree = "<group>"; };
		A12C2AC42B7229A200B77150 /* HZBaseDBHelper.h */ = {isa = PBXFileReference; lastKnownFileType = sourcecode.c.h; path = HZBaseDBHelper.h; sourceTree = "<group>"; };
		A12C2AC52B7229A200B77150 /* HZBaseDBHelper.mm */ = {isa = PBXFileReference; lastKnownFileType = sourcecode.cpp.objcpp; path = HZBaseDBHelper.mm; sourceTree = "<group>"; };
		A12C2AC72B722A2E00B77150 /* HZWCDBHelper.h */ = {isa = PBXFileReference; lastKnownFileType = sourcecode.c.h; path = HZWCDBHelper.h; sourceTree = "<group>"; };
		A12C2AC82B722A2E00B77150 /* HZWCDBHelper.mm */ = {isa = PBXFileReference; lastKnownFileType = sourcecode.cpp.objcpp; path = HZWCDBHelper.mm; sourceTree = "<group>"; };
		A12C2ACA2B722D7700B77150 /* HZProjectManager.h */ = {isa = PBXFileReference; lastKnownFileType = sourcecode.c.h; path = HZProjectManager.h; sourceTree = "<group>"; };
		A12C2ACB2B722D7700B77150 /* HZProjectManager.m */ = {isa = PBXFileReference; lastKnownFileType = sourcecode.c.objc; path = HZProjectManager.m; sourceTree = "<group>"; };
		A1A8DBDD2B5E9D630092F0F8 /* RosePDF.app */ = {isa = PBXFileReference; explicitFileType = wrapper.application; includeInIndex = 0; path = RosePDF.app; sourceTree = BUILT_PRODUCTS_DIR; };
		A1A8DBE02B5E9D630092F0F8 /* AppDelegate.h */ = {isa = PBXFileReference; lastKnownFileType = sourcecode.c.h; path = AppDelegate.h; sourceTree = "<group>"; };
		A1A8DBE12B5E9D630092F0F8 /* AppDelegate.m */ = {isa = PBXFileReference; lastKnownFileType = sourcecode.c.objc; path = AppDelegate.m; sourceTree = "<group>"; };
		A1A8DBEA2B5E9D630092F0F8 /* Base */ = {isa = PBXFileReference; lastKnownFileType = file.storyboard; name = Base; path = Base.lproj/Main.storyboard; sourceTree = "<group>"; };
		A1A8DBEC2B5E9D650092F0F8 /* Assets.xcassets */ = {isa = PBXFileReference; lastKnownFileType = folder.assetcatalog; path = Assets.xcassets; sourceTree = "<group>"; };
		A1A8DBEF2B5E9D650092F0F8 /* Base */ = {isa = PBXFileReference; lastKnownFileType = file.storyboard; name = Base; path = Base.lproj/LaunchScreen.storyboard; sourceTree = "<group>"; };
		A1A8DBF12B5E9D650092F0F8 /* Info.plist */ = {isa = PBXFileReference; lastKnownFileType = text.plist.xml; path = Info.plist; sourceTree = "<group>"; };
		A1A8DBF22B5E9D650092F0F8 /* main.m */ = {isa = PBXFileReference; lastKnownFileType = sourcecode.c.objc; path = main.m; sourceTree = "<group>"; };
		A1A8DBF82B5E9D650092F0F8 /* RosePDFTests.xctest */ = {isa = PBXFileReference; explicitFileType = wrapper.cfbundle; includeInIndex = 0; path = RosePDFTests.xctest; sourceTree = BUILT_PRODUCTS_DIR; };
		A1A8DBFC2B5E9D650092F0F8 /* RosePDFTests.m */ = {isa = PBXFileReference; lastKnownFileType = sourcecode.c.objc; path = RosePDFTests.m; sourceTree = "<group>"; };
		A1A8DC022B5E9D650092F0F8 /* RosePDFUITests.xctest */ = {isa = PBXFileReference; explicitFileType = wrapper.cfbundle; includeInIndex = 0; path = RosePDFUITests.xctest; sourceTree = BUILT_PRODUCTS_DIR; };
		A1A8DC062B5E9D650092F0F8 /* RosePDFUITests.m */ = {isa = PBXFileReference; lastKnownFileType = sourcecode.c.objc; path = RosePDFUITests.m; sourceTree = "<group>"; };
		A1A8DC082B5E9D650092F0F8 /* RosePDFUITestsLaunchTests.m */ = {isa = PBXFileReference; lastKnownFileType = sourcecode.c.objc; path = RosePDFUITestsLaunchTests.m; sourceTree = "<group>"; };
		A1ABB9192B8200280007C9B6 /* HZEditViewController.h */ = {isa = PBXFileReference; lastKnownFileType = sourcecode.c.h; path = HZEditViewController.h; sourceTree = "<group>"; };
		A1ABB91A2B8200280007C9B6 /* HZEditViewController.m */ = {isa = PBXFileReference; lastKnownFileType = sourcecode.c.objc; path = HZEditViewController.m; sourceTree = "<group>"; };
		A1ABB9202B833DF30007C9B6 /* HZEditPreviewCell.h */ = {isa = PBXFileReference; lastKnownFileType = sourcecode.c.h; path = HZEditPreviewCell.h; sourceTree = "<group>"; };
		A1ABB9212B833DF30007C9B6 /* HZEditPreviewCell.m */ = {isa = PBXFileReference; lastKnownFileType = sourcecode.c.objc; path = HZEditPreviewCell.m; sourceTree = "<group>"; };
		AB6EAFC0F9AE7561F3527219 /* Pods-RosePDF.debug.xcconfig */ = {isa = PBXFileReference; includeInIndex = 1; lastKnownFileType = text.xcconfig; name = "Pods-RosePDF.debug.xcconfig"; path = "Target Support Files/Pods-RosePDF/Pods-RosePDF.debug.xcconfig"; sourceTree = "<group>"; };
		F0C836D1915B25165E3F9829 /* Pods-RosePDF.release.xcconfig */ = {isa = PBXFileReference; includeInIndex = 1; lastKnownFileType = text.xcconfig; name = "Pods-RosePDF.release.xcconfig"; path = "Target Support Files/Pods-RosePDF/Pods-RosePDF.release.xcconfig"; sourceTree = "<group>"; };
/* End PBXFileReference section */

/* Begin PBXFrameworksBuildPhase section */
		A1A8DBDA2B5E9D630092F0F8 /* Frameworks */ = {
			isa = PBXFrameworksBuildPhase;
			buildActionMask = 2147483647;
			files = (
				213C88DA17E81131D3D9B767 /* libPods-RosePDF.a in Frameworks */,
			);
			runOnlyForDeploymentPostprocessing = 0;
		};
		A1A8DBF52B5E9D650092F0F8 /* Frameworks */ = {
			isa = PBXFrameworksBuildPhase;
			buildActionMask = 2147483647;
			files = (
			);
			runOnlyForDeploymentPostprocessing = 0;
		};
		A1A8DBFF2B5E9D650092F0F8 /* Frameworks */ = {
			isa = PBXFrameworksBuildPhase;
			buildActionMask = 2147483647;
			files = (
			);
			runOnlyForDeploymentPostprocessing = 0;
		};
/* End PBXFrameworksBuildPhase section */

/* Begin PBXGroup section */
		4444C8D72B83A881005E96AF /* Setting */ = {
			isa = PBXGroup;
			children = (
				4444C8D82B83A8A0005E96AF /* HZPDFSettingViewController.h */,
				4444C8D92B83A8A0005E96AF /* HZPDFSettingViewController.m */,
			);
			path = Setting;
			sourceTree = "<group>";
		};
		7F0C56D00EAB5727517CB565 /* Pods */ = {
			isa = PBXGroup;
			children = (
				AB6EAFC0F9AE7561F3527219 /* Pods-RosePDF.debug.xcconfig */,
				F0C836D1915B25165E3F9829 /* Pods-RosePDF.release.xcconfig */,
			);
			path = Pods;
			sourceTree = "<group>";
		};
		A12C2A5F2B6F6BFC00B77150 /* Home */ = {
			isa = PBXGroup;
			children = (
				A12C2A652B6F6C6800B77150 /* HZHomeViewController.h */,
				A12C2A662B6F6C6800B77150 /* HZHomeViewController.m */,
				A12C2A7E2B70A5DB00B77150 /* HZHomeNavigationBar.h */,
				A12C2A7F2B70A5DB00B77150 /* HZHomeNavigationBar.m */,
				A12C2A852B70DFCD00B77150 /* HZHomeTableHeaderView.h */,
				A12C2A862B70DFCD00B77150 /* HZHomeTableHeaderView.m */,
			);
			path = Home;
			sourceTree = "<group>";
		};
		A12C2A602B6F6C0B00B77150 /* Common */ = {
			isa = PBXGroup;
			children = (
				A12C2A612B6F6C2A00B77150 /* Base */,
				A12C2A6C2B6F723C00B77150 /* HZCommonHeader.h */,
				A12C2AA82B71CA8700B77150 /* HZBaseNavigationBar.h */,
				A12C2AA92B71CA8700B77150 /* HZBaseNavigationBar.m */,
			);
			path = Common;
			sourceTree = "<group>";
		};
		A12C2A612B6F6C2A00B77150 /* Base */ = {
			isa = PBXGroup;
			children = (
				A12C2A622B6F6C4000B77150 /* HZBaseViewController.h */,
				A12C2A632B6F6C4000B77150 /* HZBaseViewController.m */,
				A12C2A7B2B70A55A00B77150 /* HZNavigationController.h */,
				A12C2A7C2B70A55A00B77150 /* HZNavigationController.m */,
				A12C2A6F2B6F784B00B77150 /* HZBaseModel.h */,
				A12C2A702B6F784B00B77150 /* HZBaseModel.m */,
			);
			path = Base;
			sourceTree = "<group>";
		};
		A12C2A682B6F6D2600B77150 /* Project */ = {
			isa = PBXGroup;
			children = (
				A12C2AC32B72277900B77150 /* Database */,
				A12C2A692B6F6D2E00B77150 /* Model */,
				A12C2A782B6F78D800B77150 /* HZProjectDefine.h */,
				A12C2ACA2B722D7700B77150 /* HZProjectManager.h */,
				A12C2ACB2B722D7700B77150 /* HZProjectManager.m */,
			);
			path = Project;
			sourceTree = "<group>";
		};
		A12C2A692B6F6D2E00B77150 /* Model */ = {
			isa = PBXGroup;
			children = (
				A12C2A722B6F786900B77150 /* HZProjectModel.h */,
				A12C2A732B6F786900B77150 /* HZProjectModel.mm */,
				A12C2A752B6F788600B77150 /* HZPageModel.h */,
				A12C2A762B6F788600B77150 /* HZPageModel.m */,
			);
			path = Model;
			sourceTree = "<group>";
		};
		A12C2A932B70FAB100B77150 /* Resource */ = {
			isa = PBXGroup;
			children = (
				A12C2A982B70FADA00B77150 /* Localizable.strings */,
				A12C2AA22B70FDF300B77150 /* Media.xcassets */,
			);
			path = Resource;
			sourceTree = "<group>";
		};
		A12C2AA42B71C5C500B77150 /* Edit */ = {
			isa = PBXGroup;
			children = (
				A12C2AAB2B71DB0700B77150 /* View */,
				A12C2AB52B71DCAB00B77150 /* HZEditDataboard.h */,
				A12C2AB62B71DCAB00B77150 /* HZEditDataboard.m */,
				A1ABB9192B8200280007C9B6 /* HZEditViewController.h */,
				A1ABB91A2B8200280007C9B6 /* HZEditViewController.m */,
			);
			path = Edit;
			sourceTree = "<group>";
		};
		A12C2AAB2B71DB0700B77150 /* View */ = {
			isa = PBXGroup;
			children = (
				A12C2AAC2B71DB2E00B77150 /* HZEditTopCollectionView.h */,
				A12C2AAD2B71DB2E00B77150 /* HZEditTopCollectionView.m */,
				A12C2AB82B71F83100B77150 /* HZEditTopCell.h */,
				A12C2AB92B71F83100B77150 /* HZEditTopCell.m */,
				A12C2AAF2B71DB4E00B77150 /* HZEditPreviewCollectionView.h */,
				A12C2AB02B71DB4E00B77150 /* HZEditPreviewCollectionView.m */,
				A1ABB9202B833DF30007C9B6 /* HZEditPreviewCell.h */,
				A1ABB9212B833DF30007C9B6 /* HZEditPreviewCell.m */,
				A12C2AB22B71DB5E00B77150 /* HZEditBottomView.h */,
				A12C2AB32B71DB5E00B77150 /* HZEditBottomView.m */,
			);
			path = View;
			sourceTree = "<group>";
		};
		A12C2AC32B72277900B77150 /* Database */ = {
			isa = PBXGroup;
			children = (
				A12C2AC42B7229A200B77150 /* HZBaseDBHelper.h */,
				A12C2AC52B7229A200B77150 /* HZBaseDBHelper.mm */,
				A12C2AC72B722A2E00B77150 /* HZWCDBHelper.h */,
				A12C2AC82B722A2E00B77150 /* HZWCDBHelper.mm */,
			);
			path = Database;
			sourceTree = "<group>";
		};
		A1A8DBD42B5E9D630092F0F8 = {
			isa = PBXGroup;
			children = (
				A1A8DBDF2B5E9D630092F0F8 /* RosePDF */,
				A1A8DBFB2B5E9D650092F0F8 /* RosePDFTests */,
				A1A8DC052B5E9D650092F0F8 /* RosePDFUITests */,
				A1A8DBDE2B5E9D630092F0F8 /* Products */,
				7F0C56D00EAB5727517CB565 /* Pods */,
				ED6EAD6ACA7873E6CA215123 /* Frameworks */,
			);
			sourceTree = "<group>";
		};
		A1A8DBDE2B5E9D630092F0F8 /* Products */ = {
			isa = PBXGroup;
			children = (
				A1A8DBDD2B5E9D630092F0F8 /* RosePDF.app */,
				A1A8DBF82B5E9D650092F0F8 /* RosePDFTests.xctest */,
				A1A8DC022B5E9D650092F0F8 /* RosePDFUITests.xctest */,
			);
			name = Products;
			sourceTree = "<group>";
		};
		A1A8DBDF2B5E9D630092F0F8 /* RosePDF */ = {
			isa = PBXGroup;
			children = (
				4444C8D72B83A881005E96AF /* Setting */,
				A12C2AA42B71C5C500B77150 /* Edit */,
				A12C2A932B70FAB100B77150 /* Resource */,
				A1A8DBE02B5E9D630092F0F8 /* AppDelegate.h */,
				A1A8DBE12B5E9D630092F0F8 /* AppDelegate.m */,
				A12C2A682B6F6D2600B77150 /* Project */,
				A12C2A602B6F6C0B00B77150 /* Common */,
				A12C2A5F2B6F6BFC00B77150 /* Home */,
				A1A8DBE92B5E9D630092F0F8 /* Main.storyboard */,
				A1A8DBEC2B5E9D650092F0F8 /* Assets.xcassets */,
				A1A8DBEE2B5E9D650092F0F8 /* LaunchScreen.storyboard */,
				A1A8DBF12B5E9D650092F0F8 /* Info.plist */,
				A1A8DBF22B5E9D650092F0F8 /* main.m */,
				A12C2A9F2B70FB2E00B77150 /* InfoPlist.strings */,
			);
			path = RosePDF;
			sourceTree = "<group>";
		};
		A1A8DBFB2B5E9D650092F0F8 /* RosePDFTests */ = {
			isa = PBXGroup;
			children = (
				A1A8DBFC2B5E9D650092F0F8 /* RosePDFTests.m */,
			);
			path = RosePDFTests;
			sourceTree = "<group>";
		};
		A1A8DC052B5E9D650092F0F8 /* RosePDFUITests */ = {
			isa = PBXGroup;
			children = (
				A1A8DC062B5E9D650092F0F8 /* RosePDFUITests.m */,
				A1A8DC082B5E9D650092F0F8 /* RosePDFUITestsLaunchTests.m */,
			);
			path = RosePDFUITests;
			sourceTree = "<group>";
		};
		ED6EAD6ACA7873E6CA215123 /* Frameworks */ = {
			isa = PBXGroup;
			children = (
				31B1F9BE34685D036ED7A825 /* libPods-RosePDF.a */,
			);
			name = Frameworks;
			sourceTree = "<group>";
		};
/* End PBXGroup section */

/* Begin PBXNativeTarget section */
		A1A8DBDC2B5E9D630092F0F8 /* RosePDF */ = {
			isa = PBXNativeTarget;
			buildConfigurationList = A1A8DC0C2B5E9D650092F0F8 /* Build configuration list for PBXNativeTarget "RosePDF" */;
			buildPhases = (
				14E35838D21EAD6851BE1ACB /* [CP] Check Pods Manifest.lock */,
				A1A8DBD92B5E9D630092F0F8 /* Sources */,
				A1A8DBDA2B5E9D630092F0F8 /* Frameworks */,
				A1A8DBDB2B5E9D630092F0F8 /* Resources */,
				08A5789ABE301E585D5603C9 /* [CP] Embed Pods Frameworks */,
			);
			buildRules = (
			);
			dependencies = (
			);
			name = RosePDF;
			productName = RosePDF;
			productReference = A1A8DBDD2B5E9D630092F0F8 /* RosePDF.app */;
			productType = "com.apple.product-type.application";
		};
		A1A8DBF72B5E9D650092F0F8 /* RosePDFTests */ = {
			isa = PBXNativeTarget;
			buildConfigurationList = A1A8DC0F2B5E9D650092F0F8 /* Build configuration list for PBXNativeTarget "RosePDFTests" */;
			buildPhases = (
				A1A8DBF42B5E9D650092F0F8 /* Sources */,
				A1A8DBF52B5E9D650092F0F8 /* Frameworks */,
				A1A8DBF62B5E9D650092F0F8 /* Resources */,
			);
			buildRules = (
			);
			dependencies = (
				A1A8DBFA2B5E9D650092F0F8 /* PBXTargetDependency */,
			);
			name = RosePDFTests;
			productName = RosePDFTests;
			productReference = A1A8DBF82B5E9D650092F0F8 /* RosePDFTests.xctest */;
			productType = "com.apple.product-type.bundle.unit-test";
		};
		A1A8DC012B5E9D650092F0F8 /* RosePDFUITests */ = {
			isa = PBXNativeTarget;
			buildConfigurationList = A1A8DC122B5E9D650092F0F8 /* Build configuration list for PBXNativeTarget "RosePDFUITests" */;
			buildPhases = (
				A1A8DBFE2B5E9D650092F0F8 /* Sources */,
				A1A8DBFF2B5E9D650092F0F8 /* Frameworks */,
				A1A8DC002B5E9D650092F0F8 /* Resources */,
			);
			buildRules = (
			);
			dependencies = (
				A1A8DC042B5E9D650092F0F8 /* PBXTargetDependency */,
			);
			name = RosePDFUITests;
			productName = RosePDFUITests;
			productReference = A1A8DC022B5E9D650092F0F8 /* RosePDFUITests.xctest */;
			productType = "com.apple.product-type.bundle.ui-testing";
		};
/* End PBXNativeTarget section */

/* Begin PBXProject section */
		A1A8DBD52B5E9D630092F0F8 /* Project object */ = {
			isa = PBXProject;
			attributes = {
				BuildIndependentTargetsInParallel = 1;
				LastUpgradeCheck = 1430;
				TargetAttributes = {
					A1A8DBDC2B5E9D630092F0F8 = {
						CreatedOnToolsVersion = 14.3.1;
					};
					A1A8DBF72B5E9D650092F0F8 = {
						CreatedOnToolsVersion = 14.3.1;
						TestTargetID = A1A8DBDC2B5E9D630092F0F8;
					};
					A1A8DC012B5E9D650092F0F8 = {
						CreatedOnToolsVersion = 14.3.1;
						TestTargetID = A1A8DBDC2B5E9D630092F0F8;
					};
				};
			};
			buildConfigurationList = A1A8DBD82B5E9D630092F0F8 /* Build configuration list for PBXProject "RosePDF" */;
			compatibilityVersion = "Xcode 14.0";
			developmentRegion = en;
			hasScannedForEncodings = 0;
			knownRegions = (
				en,
				Base,
				"zh-Hans",
				"zh-Hant",
			);
			mainGroup = A1A8DBD42B5E9D630092F0F8;
			productRefGroup = A1A8DBDE2B5E9D630092F0F8 /* Products */;
			projectDirPath = "";
			projectRoot = "";
			targets = (
				A1A8DBDC2B5E9D630092F0F8 /* RosePDF */,
				A1A8DBF72B5E9D650092F0F8 /* RosePDFTests */,
				A1A8DC012B5E9D650092F0F8 /* RosePDFUITests */,
			);
		};
/* End PBXProject section */

/* Begin PBXResourcesBuildPhase section */
		A1A8DBDB2B5E9D630092F0F8 /* Resources */ = {
			isa = PBXResourcesBuildPhase;
			buildActionMask = 2147483647;
			files = (
				A1A8DBF02B5E9D650092F0F8 /* LaunchScreen.storyboard in Resources */,
				A12C2A962B70FADA00B77150 /* Localizable.strings in Resources */,
				A1A8DBED2B5E9D650092F0F8 /* Assets.xcassets in Resources */,
				A1A8DBEB2B5E9D630092F0F8 /* Main.storyboard in Resources */,
				A12C2AA32B70FDF300B77150 /* Media.xcassets in Resources */,
				A12C2A9D2B70FB2E00B77150 /* InfoPlist.strings in Resources */,
			);
			runOnlyForDeploymentPostprocessing = 0;
		};
		A1A8DBF62B5E9D650092F0F8 /* Resources */ = {
			isa = PBXResourcesBuildPhase;
			buildActionMask = 2147483647;
			files = (
			);
			runOnlyForDeploymentPostprocessing = 0;
		};
		A1A8DC002B5E9D650092F0F8 /* Resources */ = {
			isa = PBXResourcesBuildPhase;
			buildActionMask = 2147483647;
			files = (
			);
			runOnlyForDeploymentPostprocessing = 0;
		};
/* End PBXResourcesBuildPhase section */

/* Begin PBXShellScriptBuildPhase section */
		08A5789ABE301E585D5603C9 /* [CP] Embed Pods Frameworks */ = {
			isa = PBXShellScriptBuildPhase;
			buildActionMask = 2147483647;
			files = (
			);
			inputFileListPaths = (
				"${PODS_ROOT}/Target Support Files/Pods-RosePDF/Pods-RosePDF-frameworks-${CONFIGURATION}-input-files.xcfilelist",
			);
			name = "[CP] Embed Pods Frameworks";
			outputFileListPaths = (
				"${PODS_ROOT}/Target Support Files/Pods-RosePDF/Pods-RosePDF-frameworks-${CONFIGURATION}-output-files.xcfilelist",
			);
			runOnlyForDeploymentPostprocessing = 0;
			shellPath = /bin/sh;
			shellScript = "\"${PODS_ROOT}/Target Support Files/Pods-RosePDF/Pods-RosePDF-frameworks.sh\"\n";
			showEnvVarsInLog = 0;
		};
		14E35838D21EAD6851BE1ACB /* [CP] Check Pods Manifest.lock */ = {
			isa = PBXShellScriptBuildPhase;
			buildActionMask = 2147483647;
			files = (
			);
			inputFileListPaths = (
			);
			inputPaths = (
				"${PODS_PODFILE_DIR_PATH}/Podfile.lock",
				"${PODS_ROOT}/Manifest.lock",
			);
			name = "[CP] Check Pods Manifest.lock";
			outputFileListPaths = (
			);
			outputPaths = (
				"$(DERIVED_FILE_DIR)/Pods-RosePDF-checkManifestLockResult.txt",
			);
			runOnlyForDeploymentPostprocessing = 0;
			shellPath = /bin/sh;
			shellScript = "diff \"${PODS_PODFILE_DIR_PATH}/Podfile.lock\" \"${PODS_ROOT}/Manifest.lock\" > /dev/null\nif [ $? != 0 ] ; then\n    # print error to STDERR\n    echo \"error: The sandbox is not in sync with the Podfile.lock. Run 'pod install' or update your CocoaPods installation.\" >&2\n    exit 1\nfi\n# This output is used by Xcode 'outputs' to avoid re-running this script phase.\necho \"SUCCESS\" > \"${SCRIPT_OUTPUT_FILE_0}\"\n";
			showEnvVarsInLog = 0;
		};
/* End PBXShellScriptBuildPhase section */

/* Begin PBXSourcesBuildPhase section */
		A1A8DBD92B5E9D630092F0F8 /* Sources */ = {
			isa = PBXSourcesBuildPhase;
			buildActionMask = 2147483647;
			files = (
				A1A8DBE22B5E9D630092F0F8 /* AppDelegate.m in Sources */,
				A12C2A7D2B70A55A00B77150 /* HZNavigationController.m in Sources */,
				A12C2A802B70A5DB00B77150 /* HZHomeNavigationBar.m in Sources */,
				A12C2A742B6F786900B77150 /* HZProjectModel.mm in Sources */,
				A12C2A772B6F788600B77150 /* HZPageModel.m in Sources */,
				A12C2ACC2B722D7700B77150 /* HZProjectManager.m in Sources */,
				A12C2AB12B71DB4E00B77150 /* HZEditPreviewCollectionView.m in Sources */,
				A12C2AB72B71DCAB00B77150 /* HZEditDataboard.m in Sources */,
				A12C2A642B6F6C4000B77150 /* HZBaseViewController.m in Sources */,
				A1A8DBF32B5E9D650092F0F8 /* main.m in Sources */,
				A12C2AC92B722A2E00B77150 /* HZWCDBHelper.mm in Sources */,
				A1ABB9222B833DF30007C9B6 /* HZEditPreviewCell.m in Sources */,
				A12C2A672B6F6C6800B77150 /* HZHomeViewController.m in Sources */,
				A1ABB91B2B8200280007C9B6 /* HZEditViewController.m in Sources */,
				A12C2AB42B71DB5E00B77150 /* HZEditBottomView.m in Sources */,
				A12C2AC62B7229A200B77150 /* HZBaseDBHelper.mm in Sources */,
				A12C2A712B6F784B00B77150 /* HZBaseModel.m in Sources */,
				A12C2ABA2B71F83100B77150 /* HZEditTopCell.m in Sources */,
				4444C8DA2B83A8A0005E96AF /* HZPDFSettingViewController.m in Sources */,
				A12C2AAE2B71DB2E00B77150 /* HZEditTopCollectionView.m in Sources */,
				A12C2AAA2B71CA8700B77150 /* HZBaseNavigationBar.m in Sources */,
				A12C2A872B70DFCD00B77150 /* HZHomeTableHeaderView.m in Sources */,
			);
			runOnlyForDeploymentPostprocessing = 0;
		};
		A1A8DBF42B5E9D650092F0F8 /* Sources */ = {
			isa = PBXSourcesBuildPhase;
			buildActionMask = 2147483647;
			files = (
				A1A8DBFD2B5E9D650092F0F8 /* RosePDFTests.m in Sources */,
			);
			runOnlyForDeploymentPostprocessing = 0;
		};
		A1A8DBFE2B5E9D650092F0F8 /* Sources */ = {
			isa = PBXSourcesBuildPhase;
			buildActionMask = 2147483647;
			files = (
				A1A8DC092B5E9D650092F0F8 /* RosePDFUITestsLaunchTests.m in Sources */,
				A1A8DC072B5E9D650092F0F8 /* RosePDFUITests.m in Sources */,
			);
			runOnlyForDeploymentPostprocessing = 0;
		};
/* End PBXSourcesBuildPhase section */

/* Begin PBXTargetDependency section */
		A1A8DBFA2B5E9D650092F0F8 /* PBXTargetDependency */ = {
			isa = PBXTargetDependency;
			target = A1A8DBDC2B5E9D630092F0F8 /* RosePDF */;
			targetProxy = A1A8DBF92B5E9D650092F0F8 /* PBXContainerItemProxy */;
		};
		A1A8DC042B5E9D650092F0F8 /* PBXTargetDependency */ = {
			isa = PBXTargetDependency;
			target = A1A8DBDC2B5E9D630092F0F8 /* RosePDF */;
			targetProxy = A1A8DC032B5E9D650092F0F8 /* PBXContainerItemProxy */;
		};
/* End PBXTargetDependency section */

/* Begin PBXVariantGroup section */
		A12C2A982B70FADA00B77150 /* Localizable.strings */ = {
			isa = PBXVariantGroup;
			children = (
				A12C2A972B70FADA00B77150 /* en */,
				A12C2A992B70FADE00B77150 /* zh-Hans */,
				A12C2A9A2B70FADF00B77150 /* zh-Hant */,
			);
			name = Localizable.strings;
			sourceTree = "<group>";
		};
		A12C2A9F2B70FB2E00B77150 /* InfoPlist.strings */ = {
			isa = PBXVariantGroup;
			children = (
				A12C2A9E2B70FB2E00B77150 /* zh-Hans */,
				A12C2AA02B70FB3200B77150 /* zh-Hant */,
				A12C2AA12B70FB3300B77150 /* en */,
			);
			name = InfoPlist.strings;
			sourceTree = "<group>";
		};
		A1A8DBE92B5E9D630092F0F8 /* Main.storyboard */ = {
			isa = PBXVariantGroup;
			children = (
				A1A8DBEA2B5E9D630092F0F8 /* Base */,
			);
			name = Main.storyboard;
			sourceTree = "<group>";
		};
		A1A8DBEE2B5E9D650092F0F8 /* LaunchScreen.storyboard */ = {
			isa = PBXVariantGroup;
			children = (
				A1A8DBEF2B5E9D650092F0F8 /* Base */,
			);
			name = LaunchScreen.storyboard;
			sourceTree = "<group>";
		};
/* End PBXVariantGroup section */

/* Begin XCBuildConfiguration section */
		A1A8DC0A2B5E9D650092F0F8 /* Debug */ = {
			isa = XCBuildConfiguration;
			buildSettings = {
				ALWAYS_SEARCH_USER_PATHS = NO;
				CLANG_ANALYZER_LOCALIZABILITY_NONLOCALIZED = YES;
				CLANG_ANALYZER_NONNULL = YES;
				CLANG_ANALYZER_NUMBER_OBJECT_CONVERSION = YES_AGGRESSIVE;
				CLANG_CXX_LANGUAGE_STANDARD = "gnu++20";
				CLANG_ENABLE_MODULES = YES;
				CLANG_ENABLE_OBJC_ARC = YES;
				CLANG_ENABLE_OBJC_WEAK = YES;
				CLANG_WARN_BLOCK_CAPTURE_AUTORELEASING = YES;
				CLANG_WARN_BOOL_CONVERSION = YES;
				CLANG_WARN_COMMA = YES;
				CLANG_WARN_CONSTANT_CONVERSION = YES;
				CLANG_WARN_DEPRECATED_OBJC_IMPLEMENTATIONS = YES;
				CLANG_WARN_DIRECT_OBJC_ISA_USAGE = YES_ERROR;
				CLANG_WARN_DOCUMENTATION_COMMENTS = YES;
				CLANG_WARN_EMPTY_BODY = YES;
				CLANG_WARN_ENUM_CONVERSION = YES;
				CLANG_WARN_INFINITE_RECURSION = YES;
				CLANG_WARN_INT_CONVERSION = YES;
				CLANG_WARN_NON_LITERAL_NULL_CONVERSION = YES;
				CLANG_WARN_OBJC_IMPLICIT_RETAIN_SELF = YES;
				CLANG_WARN_OBJC_LITERAL_CONVERSION = YES;
				CLANG_WARN_OBJC_ROOT_CLASS = YES_ERROR;
				CLANG_WARN_QUOTED_INCLUDE_IN_FRAMEWORK_HEADER = YES;
				CLANG_WARN_RANGE_LOOP_ANALYSIS = YES;
				CLANG_WARN_STRICT_PROTOTYPES = YES;
				CLANG_WARN_SUSPICIOUS_MOVE = YES;
				CLANG_WARN_UNGUARDED_AVAILABILITY = YES_AGGRESSIVE;
				CLANG_WARN_UNREACHABLE_CODE = YES;
				CLANG_WARN__DUPLICATE_METHOD_MATCH = YES;
				COPY_PHASE_STRIP = NO;
				DEBUG_INFORMATION_FORMAT = dwarf;
				ENABLE_STRICT_OBJC_MSGSEND = YES;
				ENABLE_TESTABILITY = YES;
				GCC_C_LANGUAGE_STANDARD = gnu11;
				GCC_DYNAMIC_NO_PIC = NO;
				GCC_NO_COMMON_BLOCKS = YES;
				GCC_OPTIMIZATION_LEVEL = 0;
				GCC_PREPROCESSOR_DEFINITIONS = (
					"DEBUG=1",
					"$(inherited)",
				);
				GCC_WARN_64_TO_32_BIT_CONVERSION = YES;
				GCC_WARN_ABOUT_RETURN_TYPE = YES_ERROR;
				GCC_WARN_UNDECLARED_SELECTOR = YES;
				GCC_WARN_UNINITIALIZED_AUTOS = YES_AGGRESSIVE;
				GCC_WARN_UNUSED_FUNCTION = YES;
				GCC_WARN_UNUSED_VARIABLE = YES;
				IPHONEOS_DEPLOYMENT_TARGET = 16.4;
				MTL_ENABLE_DEBUG_INFO = INCLUDE_SOURCE;
				MTL_FAST_MATH = YES;
				ONLY_ACTIVE_ARCH = YES;
				SDKROOT = iphoneos;
			};
			name = Debug;
		};
		A1A8DC0B2B5E9D650092F0F8 /* Release */ = {
			isa = XCBuildConfiguration;
			buildSettings = {
				ALWAYS_SEARCH_USER_PATHS = NO;
				CLANG_ANALYZER_LOCALIZABILITY_NONLOCALIZED = YES;
				CLANG_ANALYZER_NONNULL = YES;
				CLANG_ANALYZER_NUMBER_OBJECT_CONVERSION = YES_AGGRESSIVE;
				CLANG_CXX_LANGUAGE_STANDARD = "gnu++20";
				CLANG_ENABLE_MODULES = YES;
				CLANG_ENABLE_OBJC_ARC = YES;
				CLANG_ENABLE_OBJC_WEAK = YES;
				CLANG_WARN_BLOCK_CAPTURE_AUTORELEASING = YES;
				CLANG_WARN_BOOL_CONVERSION = YES;
				CLANG_WARN_COMMA = YES;
				CLANG_WARN_CONSTANT_CONVERSION = YES;
				CLANG_WARN_DEPRECATED_OBJC_IMPLEMENTATIONS = YES;
				CLANG_WARN_DIRECT_OBJC_ISA_USAGE = YES_ERROR;
				CLANG_WARN_DOCUMENTATION_COMMENTS = YES;
				CLANG_WARN_EMPTY_BODY = YES;
				CLANG_WARN_ENUM_CONVERSION = YES;
				CLANG_WARN_INFINITE_RECURSION = YES;
				CLANG_WARN_INT_CONVERSION = YES;
				CLANG_WARN_NON_LITERAL_NULL_CONVERSION = YES;
				CLANG_WARN_OBJC_IMPLICIT_RETAIN_SELF = YES;
				CLANG_WARN_OBJC_LITERAL_CONVERSION = YES;
				CLANG_WARN_OBJC_ROOT_CLASS = YES_ERROR;
				CLANG_WARN_QUOTED_INCLUDE_IN_FRAMEWORK_HEADER = YES;
				CLANG_WARN_RANGE_LOOP_ANALYSIS = YES;
				CLANG_WARN_STRICT_PROTOTYPES = YES;
				CLANG_WARN_SUSPICIOUS_MOVE = YES;
				CLANG_WARN_UNGUARDED_AVAILABILITY = YES_AGGRESSIVE;
				CLANG_WARN_UNREACHABLE_CODE = YES;
				CLANG_WARN__DUPLICATE_METHOD_MATCH = YES;
				COPY_PHASE_STRIP = NO;
				DEBUG_INFORMATION_FORMAT = "dwarf-with-dsym";
				ENABLE_NS_ASSERTIONS = NO;
				ENABLE_STRICT_OBJC_MSGSEND = YES;
				GCC_C_LANGUAGE_STANDARD = gnu11;
				GCC_NO_COMMON_BLOCKS = YES;
				GCC_WARN_64_TO_32_BIT_CONVERSION = YES;
				GCC_WARN_ABOUT_RETURN_TYPE = YES_ERROR;
				GCC_WARN_UNDECLARED_SELECTOR = YES;
				GCC_WARN_UNINITIALIZED_AUTOS = YES_AGGRESSIVE;
				GCC_WARN_UNUSED_FUNCTION = YES;
				GCC_WARN_UNUSED_VARIABLE = YES;
				IPHONEOS_DEPLOYMENT_TARGET = 16.4;
				MTL_ENABLE_DEBUG_INFO = NO;
				MTL_FAST_MATH = YES;
				SDKROOT = iphoneos;
				VALIDATE_PRODUCT = YES;
			};
			name = Release;
		};
		A1A8DC0D2B5E9D650092F0F8 /* Debug */ = {
			isa = XCBuildConfiguration;
			baseConfigurationReference = AB6EAFC0F9AE7561F3527219 /* Pods-RosePDF.debug.xcconfig */;
			buildSettings = {
				ASSETCATALOG_COMPILER_APPICON_NAME = AppIcon;
				ASSETCATALOG_COMPILER_GLOBAL_ACCENT_COLOR_NAME = AccentColor;
				CODE_SIGN_STYLE = Automatic;
				CURRENT_PROJECT_VERSION = 1;
				DEVELOPMENT_TEAM = 7M76G8VFG2;
				GCC_PRECOMPILE_PREFIX_HEADER = NO;
				GCC_PREFIX_HEADER = "";
				GENERATE_INFOPLIST_FILE = YES;
				INFOPLIST_FILE = RosePDF/Info.plist;
				INFOPLIST_KEY_UIApplicationSupportsIndirectInputEvents = YES;
				INFOPLIST_KEY_UILaunchStoryboardName = LaunchScreen;
				INFOPLIST_KEY_UIMainStoryboardFile = Main;
				INFOPLIST_KEY_UISupportedInterfaceOrientations_iPad = "UIInterfaceOrientationPortrait UIInterfaceOrientationPortraitUpsideDown UIInterfaceOrientationLandscapeLeft UIInterfaceOrientationLandscapeRight";
				INFOPLIST_KEY_UISupportedInterfaceOrientations_iPhone = "UIInterfaceOrientationPortrait UIInterfaceOrientationLandscapeLeft UIInterfaceOrientationLandscapeRight";
				IPHONEOS_DEPLOYMENT_TARGET = 13.0;
				LD_RUNPATH_SEARCH_PATHS = (
					"$(inherited)",
					"@executable_path/Frameworks",
				);
				MARKETING_VERSION = 1.0;
				PRODUCT_BUNDLE_IDENTIFIER = sb.com.RosePDF;
				PRODUCT_NAME = "$(TARGET_NAME)";
				SWIFT_EMIT_LOC_STRINGS = YES;
				TARGETED_DEVICE_FAMILY = "1,2";
			};
			name = Debug;
		};
		A1A8DC0E2B5E9D650092F0F8 /* Release */ = {
			isa = XCBuildConfiguration;
			baseConfigurationReference = F0C836D1915B25165E3F9829 /* Pods-RosePDF.release.xcconfig */;
			buildSettings = {
				ASSETCATALOG_COMPILER_APPICON_NAME = AppIcon;
				ASSETCATALOG_COMPILER_GLOBAL_ACCENT_COLOR_NAME = AccentColor;
				CODE_SIGN_STYLE = Automatic;
				CURRENT_PROJECT_VERSION = 1;
				DEVELOPMENT_TEAM = 7M76G8VFG2;
				GCC_PRECOMPILE_PREFIX_HEADER = NO;
				GCC_PREFIX_HEADER = "";
				GENERATE_INFOPLIST_FILE = YES;
				INFOPLIST_FILE = RosePDF/Info.plist;
				INFOPLIST_KEY_UIApplicationSupportsIndirectInputEvents = YES;
				INFOPLIST_KEY_UILaunchStoryboardName = LaunchScreen;
				INFOPLIST_KEY_UIMainStoryboardFile = Main;
				INFOPLIST_KEY_UISupportedInterfaceOrientations_iPad = "UIInterfaceOrientationPortrait UIInterfaceOrientationPortraitUpsideDown UIInterfaceOrientationLandscapeLeft UIInterfaceOrientationLandscapeRight";
				INFOPLIST_KEY_UISupportedInterfaceOrientations_iPhone = "UIInterfaceOrientationPortrait UIInterfaceOrientationLandscapeLeft UIInterfaceOrientationLandscapeRight";
				IPHONEOS_DEPLOYMENT_TARGET = 13.0;
				LD_RUNPATH_SEARCH_PATHS = (
					"$(inherited)",
					"@executable_path/Frameworks",
				);
				MARKETING_VERSION = 1.0;
				PRODUCT_BUNDLE_IDENTIFIER = sb.com.RosePDF;
				PRODUCT_NAME = "$(TARGET_NAME)";
				SWIFT_EMIT_LOC_STRINGS = YES;
				TARGETED_DEVICE_FAMILY = "1,2";
			};
			name = Release;
		};
		A1A8DC102B5E9D650092F0F8 /* Debug */ = {
			isa = XCBuildConfiguration;
			buildSettings = {
				BUNDLE_LOADER = "$(TEST_HOST)";
				CODE_SIGN_STYLE = Automatic;
				CURRENT_PROJECT_VERSION = 1;
				GENERATE_INFOPLIST_FILE = YES;
				IPHONEOS_DEPLOYMENT_TARGET = 16.4;
				MARKETING_VERSION = 1.0;
				PRODUCT_BUNDLE_IDENTIFIER = h.com.RosePDFTests;
				PRODUCT_NAME = "$(TARGET_NAME)";
				SWIFT_EMIT_LOC_STRINGS = NO;
				TARGETED_DEVICE_FAMILY = "1,2";
				TEST_HOST = "$(BUILT_PRODUCTS_DIR)/RosePDF.app/$(BUNDLE_EXECUTABLE_FOLDER_PATH)/RosePDF";
			};
			name = Debug;
		};
		A1A8DC112B5E9D650092F0F8 /* Release */ = {
			isa = XCBuildConfiguration;
			buildSettings = {
				BUNDLE_LOADER = "$(TEST_HOST)";
				CODE_SIGN_STYLE = Automatic;
				CURRENT_PROJECT_VERSION = 1;
				GENERATE_INFOPLIST_FILE = YES;
				IPHONEOS_DEPLOYMENT_TARGET = 16.4;
				MARKETING_VERSION = 1.0;
				PRODUCT_BUNDLE_IDENTIFIER = h.com.RosePDFTests;
				PRODUCT_NAME = "$(TARGET_NAME)";
				SWIFT_EMIT_LOC_STRINGS = NO;
				TARGETED_DEVICE_FAMILY = "1,2";
				TEST_HOST = "$(BUILT_PRODUCTS_DIR)/RosePDF.app/$(BUNDLE_EXECUTABLE_FOLDER_PATH)/RosePDF";
			};
			name = Release;
		};
		A1A8DC132B5E9D650092F0F8 /* Debug */ = {
			isa = XCBuildConfiguration;
			buildSettings = {
				CODE_SIGN_STYLE = Automatic;
				CURRENT_PROJECT_VERSION = 1;
				GENERATE_INFOPLIST_FILE = YES;
				MARKETING_VERSION = 1.0;
				PRODUCT_BUNDLE_IDENTIFIER = h.com.RosePDFUITests;
				PRODUCT_NAME = "$(TARGET_NAME)";
				SWIFT_EMIT_LOC_STRINGS = NO;
				TARGETED_DEVICE_FAMILY = "1,2";
				TEST_TARGET_NAME = RosePDF;
			};
			name = Debug;
		};
		A1A8DC142B5E9D650092F0F8 /* Release */ = {
			isa = XCBuildConfiguration;
			buildSettings = {
				CODE_SIGN_STYLE = Automatic;
				CURRENT_PROJECT_VERSION = 1;
				GENERATE_INFOPLIST_FILE = YES;
				MARKETING_VERSION = 1.0;
				PRODUCT_BUNDLE_IDENTIFIER = h.com.RosePDFUITests;
				PRODUCT_NAME = "$(TARGET_NAME)";
				SWIFT_EMIT_LOC_STRINGS = NO;
				TARGETED_DEVICE_FAMILY = "1,2";
				TEST_TARGET_NAME = RosePDF;
			};
			name = Release;
		};
/* End XCBuildConfiguration section */

/* Begin XCConfigurationList section */
		A1A8DBD82B5E9D630092F0F8 /* Build configuration list for PBXProject "RosePDF" */ = {
			isa = XCConfigurationList;
			buildConfigurations = (
				A1A8DC0A2B5E9D650092F0F8 /* Debug */,
				A1A8DC0B2B5E9D650092F0F8 /* Release */,
			);
			defaultConfigurationIsVisible = 0;
			defaultConfigurationName = Release;
		};
		A1A8DC0C2B5E9D650092F0F8 /* Build configuration list for PBXNativeTarget "RosePDF" */ = {
			isa = XCConfigurationList;
			buildConfigurations = (
				A1A8DC0D2B5E9D650092F0F8 /* Debug */,
				A1A8DC0E2B5E9D650092F0F8 /* Release */,
			);
			defaultConfigurationIsVisible = 0;
			defaultConfigurationName = Release;
		};
		A1A8DC0F2B5E9D650092F0F8 /* Build configuration list for PBXNativeTarget "RosePDFTests" */ = {
			isa = XCConfigurationList;
			buildConfigurations = (
				A1A8DC102B5E9D650092F0F8 /* Debug */,
				A1A8DC112B5E9D650092F0F8 /* Release */,
			);
			defaultConfigurationIsVisible = 0;
			defaultConfigurationName = Release;
		};
		A1A8DC122B5E9D650092F0F8 /* Build configuration list for PBXNativeTarget "RosePDFUITests" */ = {
			isa = XCConfigurationList;
			buildConfigurations = (
				A1A8DC132B5E9D650092F0F8 /* Debug */,
				A1A8DC142B5E9D650092F0F8 /* Release */,
			);
			defaultConfigurationIsVisible = 0;
			defaultConfigurationName = Release;
		};
/* End XCConfigurationList section */
	};
	rootObject = A1A8DBD52B5E9D630092F0F8 /* Project object */;
}
