PODS:
  - Firebase/AnalyticsWithoutAdIdSupport (10.20.0):
    - Firebase/CoreOnly
    - FirebaseAnalytics/WithoutAdIdSupport (~> 10.20.0)
  - Firebase/CoreOnly (10.20.0):
    - FirebaseCore (= 10.20.0)
  - FirebaseAnalytics (10.20.0):
    - FirebaseAnalytics/AdIdSupport (= 10.20.0)
    - FirebaseCore (~> 10.0)
    - FirebaseInstallations (~> 10.0)
    - GoogleUtilities/AppDelegateSwizzler (~> 7.11)
    - GoogleUtilities/MethodSwizzler (~> 7.11)
    - GoogleUtilities/Network (~> 7.11)
    - "GoogleUtilities/NSData+zlib (~> 7.11)"
    - nanopb (< 2.30910.0, >= 2.30908.0)
  - FirebaseAnalytics/AdIdSupport (10.20.0):
    - FirebaseCore (~> 10.0)
    - FirebaseInstallations (~> 10.0)
    - GoogleAppMeasurement (= 10.20.0)
    - GoogleUtilities/AppDelegateSwizzler (~> 7.11)
    - GoogleUtilities/MethodSwizzler (~> 7.11)
    - GoogleUtilities/Network (~> 7.11)
    - "GoogleUtilities/NSData+zlib (~> 7.11)"
    - nanopb (< 2.30910.0, >= 2.30908.0)
  - FirebaseAnalytics/WithoutAdIdSupport (10.20.0):
    - FirebaseCore (~> 10.0)
    - FirebaseInstallations (~> 10.0)
    - GoogleAppMeasurement/WithoutAdIdSupport (= 10.20.0)
    - GoogleUtilities/AppDelegateSwizzler (~> 7.11)
    - GoogleUtilities/MethodSwizzler (~> 7.11)
    - GoogleUtilities/Network (~> 7.11)
    - "GoogleUtilities/NSData+zlib (~> 7.11)"
    - nanopb (< 2.30910.0, >= 2.30908.0)
  - FirebaseCore (10.20.0):
    - FirebaseCoreInternal (~> 10.0)
    - GoogleUtilities/Environment (~> 7.12)
    - GoogleUtilities/Logger (~> 7.12)
  - FirebaseCoreExtension (10.20.0):
    - FirebaseCore (~> 10.0)
  - FirebaseCoreInternal (10.20.0):
    - "GoogleUtilities/NSData+zlib (~> 7.8)"
  - FirebaseCrashlytics (10.20.0):
    - FirebaseCore (~> 10.5)
    - FirebaseInstallations (~> 10.0)
    - FirebaseSessions (~> 10.5)
    - GoogleDataTransport (~> 9.2)
    - GoogleUtilities/Environment (~> 7.8)
    - nanopb (< 2.30910.0, >= 2.30908.0)
    - PromisesObjC (~> 2.1)
  - FirebaseInstallations (10.20.0):
    - FirebaseCore (~> 10.0)
    - GoogleUtilities/Environment (~> 7.8)
    - GoogleUtilities/UserDefaults (~> 7.8)
    - PromisesObjC (~> 2.1)
  - FirebaseSessions (10.20.0):
    - FirebaseCore (~> 10.5)
    - FirebaseCoreExtension (~> 10.0)
    - FirebaseInstallations (~> 10.0)
    - GoogleDataTransport (~> 9.2)
    - GoogleUtilities/Environment (~> 7.10)
    - nanopb (< 2.30910.0, >= 2.30908.0)
    - PromisesSwift (~> 2.1)
  - GoogleAppMeasurement (10.20.0):
    - GoogleAppMeasurement/AdIdSupport (= 10.20.0)
    - GoogleUtilities/AppDelegateSwizzler (~> 7.11)
    - GoogleUtilities/MethodSwizzler (~> 7.11)
    - GoogleUtilities/Network (~> 7.11)
    - "GoogleUtilities/NSData+zlib (~> 7.11)"
    - nanopb (< 2.30910.0, >= 2.30908.0)
  - GoogleAppMeasurement/AdIdSupport (10.20.0):
    - GoogleAppMeasurement/WithoutAdIdSupport (= 10.20.0)
    - GoogleUtilities/AppDelegateSwizzler (~> 7.11)
    - GoogleUtilities/MethodSwizzler (~> 7.11)
    - GoogleUtilities/Network (~> 7.11)
    - "GoogleUtilities/NSData+zlib (~> 7.11)"
    - nanopb (< 2.30910.0, >= 2.30908.0)
  - GoogleAppMeasurement/WithoutAdIdSupport (10.20.0):
    - GoogleUtilities/AppDelegateSwizzler (~> 7.11)
    - GoogleUtilities/MethodSwizzler (~> 7.11)
    - GoogleUtilities/Network (~> 7.11)
    - "GoogleUtilities/NSData+zlib (~> 7.11)"
    - nanopb (< 2.30910.0, >= 2.30908.0)
  - GoogleDataTransport (9.3.0):
    - GoogleUtilities/Environment (~> 7.7)
    - nanopb (< 2.30910.0, >= 2.30908.0)
    - PromisesObjC (< 3.0, >= 1.2)
  - GoogleUtilities/AppDelegateSwizzler (7.12.0):
    - GoogleUtilities/Environment
    - GoogleUtilities/Logger
    - GoogleUtilities/Network
  - GoogleUtilities/Environment (7.12.0):
    - PromisesObjC (< 3.0, >= 1.2)
  - GoogleUtilities/Logger (7.12.0):
    - GoogleUtilities/Environment
  - GoogleUtilities/MethodSwizzler (7.12.0):
    - GoogleUtilities/Logger
  - GoogleUtilities/Network (7.12.0):
    - GoogleUtilities/Logger
    - "GoogleUtilities/NSData+zlib"
    - GoogleUtilities/Reachability
  - "GoogleUtilities/NSData+zlib (7.12.0)"
  - GoogleUtilities/Reachability (7.12.0):
    - GoogleUtilities/Logger
  - GoogleUtilities/UserDefaults (7.12.0):
    - GoogleUtilities/Logger
  - GPUImage (0.1.7)
  - HZAssetsPicker (0.0.0):
    - HZFoundationKit
    - HZUIKit
  - HZFoundationKit (0.0.0)
  - HZUIKit (0.0.0)
  - LookinServer (1.2.6):
    - LookinServer/Core (= 1.2.6)
  - LookinServer/Core (1.2.6)
  - Masonry (1.1.0)
  - nanopb (2.30909.1):
    - nanopb/decode (= 2.30909.1)
    - nanopb/encode (= 2.30909.1)
  - nanopb/decode (2.30909.1)
  - nanopb/encode (2.30909.1)
  - PromisesObjC (2.3.1)
  - PromisesSwift (2.3.1):
    - PromisesObjC (= 2.3.1)
  - ReactiveObjC (3.1.1)
  - SDWebImage (5.15.7):
    - SDWebImage/Core (= 5.15.7)
  - SDWebImage/Core (5.15.7)
  - SVProgressHUD (2.3.1):
    - SVProgressHUD/Core (= 2.3.1)
  - SVProgressHUD/Core (2.3.1)
  - WCDB (0.0.1)
  - XYIAPKit (1.0.1)
  - YYCategories (1.0.4):
    - YYCategories/no-arc (= 1.0.4)
  - YYCategories/no-arc (1.0.4)
  - YYModel (1.0.4)

DEPENDENCIES:
  - Firebase/AnalyticsWithoutAdIdSupport (= 10.20.0)
  - FirebaseAnalytics (= 10.20.0)
  - FirebaseCrashlytics
  - GPUImage
  - HZAssetsPicker (from `./3rd_paths/HZAssetsPicker`)
  - HZFoundationKit (from `./3rd_paths/HZFoundationKit`)
  - HZUIKit (from `./3rd_paths/HZUIKit`)
  - LookinServer
  - Masonry
  - ReactiveObjC (= 3.1.1)
  - SDWebImage (= 5.15.7)
  - SVProgressHUD (= 2.3.1)
  - WCDB (from `./3rd_paths/WCDB`)
  - XYIAPKit (from `./3rd_paths/XYIAPKit`)
  - YYCategories (= 1.0.4)
  - YYModel (= 1.0.4)

SPEC REPOS:
  https://github.com/CocoaPods/Specs.git:
    - Firebase
    - FirebaseAnalytics
    - FirebaseCore
    - FirebaseCoreExtension
    - FirebaseCoreInternal
    - FirebaseCrashlytics
    - FirebaseInstallations
    - FirebaseSessions
    - GoogleAppMeasurement
    - GoogleDataTransport
    - GoogleUtilities
    - GPUImage
    - LookinServer
    - Masonry
    - nanopb
    - PromisesObjC
    - PromisesSwift
    - ReactiveObjC
    - SDWebImage
    - SVProgressHUD
    - YYCategories
    - YYModel

EXTERNAL SOURCES:
  HZAssetsPicker:
    :path: "./3rd_paths/HZAssetsPicker"
  HZFoundationKit:
    :path: "./3rd_paths/HZFoundationKit"
  HZUIKit:
    :path: "./3rd_paths/HZUIKit"
  WCDB:
    :path: "./3rd_paths/WCDB"
  XYIAPKit:
    :path: "./3rd_paths/XYIAPKit"

SPEC CHECKSUMS:
  Firebase: 10c8cb12fb7ad2ae0c09ffc86cd9c1ab392a0031
  FirebaseAnalytics: a2731bf3670747ce8f65368b118d18aa8e368246
  FirebaseCore: 28045c1560a2600d284b9c45a904fe322dc890b6
  FirebaseCoreExtension: 0659f035b88c5a7a15a9763c48c2e6ca8c0a2977
  FirebaseCoreInternal: efeeb171ac02d623bdaefe121539939821e10811
  FirebaseCrashlytics: 81530595edb6d99f1918f723a6c33766a24a4c86
  FirebaseInstallations: 558b1da7d65afeb996fd5c814332f013234ece4e
  FirebaseSessions: 2f348975f6d1c139231c180e12194161da2e0cd6
  GoogleAppMeasurement: bb3c564c3efb933136af0e94899e0a46167466a8
  GoogleDataTransport: 57c22343ab29bc686febbf7cbb13bad167c2d8fe
  GoogleUtilities: 0759d1a57ebb953965c2dfe0ba4c82e95ccc2e34
  GPUImage: 733a5f0fab92df9de1c37ba9df520a833ccb406d
  HZAssetsPicker: dbbb3180301c155cef76b1f48f9be842be49f7b7
  HZFoundationKit: 11fb5e05d78fa22c13095d1e2edce8c6db961f5e
  HZUIKit: bd1792b2b1887009017327d6d1bb2a70da14009f
  LookinServer: de929b55f8fa2e241c18c39af3f900eaa9166389
  Masonry: 678fab65091a9290e40e2832a55e7ab731aad201
  nanopb: d4d75c12cd1316f4a64e3c6963f879ecd4b5e0d5
  PromisesObjC: c50d2056b5253dadbd6c2bea79b0674bd5a52fa4
  PromisesSwift: 28dca69a9c40779916ac2d6985a0192a5cb4a265
  ReactiveObjC: 011caa393aa0383245f2dcf9bf02e86b80b36040
  SDWebImage: 25bac438318faf37e35650619ebc288a9061d292
  SVProgressHUD: 4837c74bdfe2e51e8821c397825996a8d7de6e22
  WCDB: 297e4e61ff7157dcb65a684127e8d99734247f74
  XYIAPKit: b92b68df3c9310acfdfd3292f86bb3c7f5aa22ac
  YYCategories: 6bcd4314c6661a561410dce4a793379ebd306abd
  YYModel: 2a7fdd96aaa4b86a824e26d0c517de8928c04b30

PODFILE CHECKSUM: a3870ed38f60b6ad79ba6593edcb312cc29e1ce8

COCOAPODS: 1.12.0
