// !$*UTF8*$!
{
	archiveVersion = 1;
	classes = {
	};
	objectVersion = 56;
	objects = {

/* Begin PBXBuildFile section */
		213C88DA17E81131D3D9B767 /* libPods-PDFConverter.a in Frameworks */ = {isa = PBXBuildFile; fileRef = 31B1F9BE34685D036ED7A825 /* libPods-PDFConverter.a */; };
		4444C8DA2B83A8A0005E96AF /* HZPDFSettingViewController.m in Sources */ = {isa = PBXBuildFile; fileRef = 4444C8D92B83A8A0005E96AF /* HZPDFSettingViewController.m */; };
		4472BB462B9378BE0093D5D6 /* HZPDFConvertingView.m in Sources */ = {isa = PBXBuildFile; fileRef = 4472BB452B9378BE0093D5D6 /* HZPDFConvertingView.m */; };
		4472BB492B937AED0093D5D6 /* rose_pdf_loading.gif in Resources */ = {isa = PBXBuildFile; fileRef = 4472BB472B937AED0093D5D6 /* rose_pdf_loading.gif */; };
		4472BB4A2B937AED0093D5D6 /* rose_pdf_complete.gif in Resources */ = {isa = PBXBuildFile; fileRef = 4472BB482B937AED0093D5D6 /* rose_pdf_complete.gif */; };
		44A7C72B2BB9813800B3C385 /* Terms_Conditions.pdf in Resources */ = {isa = PBXBuildFile; fileRef = 44A7C72A2BB9813800B3C385 /* Terms_Conditions.pdf */; };
		44A7C72D2BB9817100B3C385 /* PrivacyPolicy.pdf in Resources */ = {isa = PBXBuildFile; fileRef = 44A7C72C2BB9817100B3C385 /* PrivacyPolicy.pdf */; };
		44C27FD52BCADDA2000319DA /* HZAppSettingViewController.m in Sources */ = {isa = PBXBuildFile; fileRef = 44C27FD42BCADDA2000319DA /* HZAppSettingViewController.m */; };
		44C27FD82BCAE925000319DA /* HZAppAboutViewController.m in Sources */ = {isa = PBXBuildFile; fileRef = 44C27FD72BCAE925000319DA /* HZAppAboutViewController.m */; };
		44C27FDB2BCBB3B2000319DA /* HZMarginSelectView.m in Sources */ = {isa = PBXBuildFile; fileRef = 44C27FDA2BCBB3B2000319DA /* HZMarginSelectView.m */; };
		44F5C64F2BA8816900CE4CA9 /* ImageShareExtension.appex in Embed Foundation Extensions */ = {isa = PBXBuildFile; fileRef = 44F5C6442BA8816800CE4CA9 /* ImageShareExtension.appex */; settings = {ATTRIBUTES = (RemoveHeadersOnCopy, ); }; };
		44F5C6562BA8822C00CE4CA9 /* ShareExtensionViewController.m in Sources */ = {isa = PBXBuildFile; fileRef = 44F5C6552BA8822C00CE4CA9 /* ShareExtensionViewController.m */; };
		A12C2A642B6F6C4000B77150 /* HZBaseViewController.m in Sources */ = {isa = PBXBuildFile; fileRef = A12C2A632B6F6C4000B77150 /* HZBaseViewController.m */; };
		A12C2A672B6F6C6800B77150 /* HZHomeViewController.m in Sources */ = {isa = PBXBuildFile; fileRef = A12C2A662B6F6C6800B77150 /* HZHomeViewController.m */; };
		A12C2A712B6F784B00B77150 /* HZBaseModel.m in Sources */ = {isa = PBXBuildFile; fileRef = A12C2A702B6F784B00B77150 /* HZBaseModel.m */; };
		A12C2A742B6F786900B77150 /* HZProjectModel.mm in Sources */ = {isa = PBXBuildFile; fileRef = A12C2A732B6F786900B77150 /* HZProjectModel.mm */; };
		A12C2A772B6F788600B77150 /* HZPageModel.m in Sources */ = {isa = PBXBuildFile; fileRef = A12C2A762B6F788600B77150 /* HZPageModel.m */; };
		A12C2A7D2B70A55A00B77150 /* HZNavigationController.m in Sources */ = {isa = PBXBuildFile; fileRef = A12C2A7C2B70A55A00B77150 /* HZNavigationController.m */; };
		A12C2A802B70A5DB00B77150 /* HZHomeNavigationBar.m in Sources */ = {isa = PBXBuildFile; fileRef = A12C2A7F2B70A5DB00B77150 /* HZHomeNavigationBar.m */; };
		A12C2A872B70DFCD00B77150 /* HZHomeTableHeaderView.m in Sources */ = {isa = PBXBuildFile; fileRef = A12C2A862B70DFCD00B77150 /* HZHomeTableHeaderView.m */; };
		A12C2A962B70FADA00B77150 /* Localizable.strings in Resources */ = {isa = PBXBuildFile; fileRef = A12C2A982B70FADA00B77150 /* Localizable.strings */; };
		A12C2A9D2B70FB2E00B77150 /* InfoPlist.strings in Resources */ = {isa = PBXBuildFile; fileRef = A12C2A9F2B70FB2E00B77150 /* InfoPlist.strings */; };
		A12C2AA32B70FDF300B77150 /* Media.xcassets in Resources */ = {isa = PBXBuildFile; fileRef = A12C2AA22B70FDF300B77150 /* Media.xcassets */; };
		A12C2AAA2B71CA8700B77150 /* HZBaseNavigationBar.m in Sources */ = {isa = PBXBuildFile; fileRef = A12C2AA92B71CA8700B77150 /* HZBaseNavigationBar.m */; };
		A12C2AAE2B71DB2E00B77150 /* HZEditTopCollectionView.m in Sources */ = {isa = PBXBuildFile; fileRef = A12C2AAD2B71DB2E00B77150 /* HZEditTopCollectionView.m */; };
		A12C2AB12B71DB4E00B77150 /* HZEditPreviewCollectionView.m in Sources */ = {isa = PBXBuildFile; fileRef = A12C2AB02B71DB4E00B77150 /* HZEditPreviewCollectionView.m */; };
		A12C2AB42B71DB5E00B77150 /* HZEditBottomView.m in Sources */ = {isa = PBXBuildFile; fileRef = A12C2AB32B71DB5E00B77150 /* HZEditBottomView.m */; };
		A12C2AB72B71DCAB00B77150 /* HZEditDataboard.m in Sources */ = {isa = PBXBuildFile; fileRef = A12C2AB62B71DCAB00B77150 /* HZEditDataboard.m */; };
		A12C2ABA2B71F83100B77150 /* HZEditTopCell.m in Sources */ = {isa = PBXBuildFile; fileRef = A12C2AB92B71F83100B77150 /* HZEditTopCell.m */; };
		A12C2AC62B7229A200B77150 /* HZBaseDBHelper.mm in Sources */ = {isa = PBXBuildFile; fileRef = A12C2AC52B7229A200B77150 /* HZBaseDBHelper.mm */; };
		A12C2AC92B722A2E00B77150 /* HZWCDBHelper.mm in Sources */ = {isa = PBXBuildFile; fileRef = A12C2AC82B722A2E00B77150 /* HZWCDBHelper.mm */; };
		A12C2ACC2B722D7700B77150 /* HZProjectManager.m in Sources */ = {isa = PBXBuildFile; fileRef = A12C2ACB2B722D7700B77150 /* HZProjectManager.m */; };
		A13B8DC42B9AE3F800AC131C /* HZHomeMenuView.m in Sources */ = {isa = PBXBuildFile; fileRef = A13B8DC32B9AE3F800AC131C /* HZHomeMenuView.m */; };
		A1A01C032B8C2675008B6FE8 /* HZAlertTextFieldView.m in Sources */ = {isa = PBXBuildFile; fileRef = A1A01C022B8C2675008B6FE8 /* HZAlertTextFieldView.m */; };
		A1A01C072B8C6490008B6FE8 /* HZPDFDetailViewController.m in Sources */ = {isa = PBXBuildFile; fileRef = A1A01C062B8C6490008B6FE8 /* HZPDFDetailViewController.m */; };
		A1A01C0B2B8C675E008B6FE8 /* HZDetailBottomView.m in Sources */ = {isa = PBXBuildFile; fileRef = A1A01C0A2B8C675E008B6FE8 /* HZDetailBottomView.m */; };
		A1A01C0E2B8C76DD008B6FE8 /* HZDetailPasswordView.m in Sources */ = {isa = PBXBuildFile; fileRef = A1A01C0D2B8C76DD008B6FE8 /* HZDetailPasswordView.m */; };
		A1A240EE2B9ED181009081E8 /* HZCropViewController.m in Sources */ = {isa = PBXBuildFile; fileRef = A1A240E92B9ED181009081E8 /* HZCropViewController.m */; };
		A1A240EF2B9ED181009081E8 /* HZCropData.m in Sources */ = {isa = PBXBuildFile; fileRef = A1A240ED2B9ED181009081E8 /* HZCropData.m */; };
		A1A240F42B9ED198009081E8 /* HZGeometry.m in Sources */ = {isa = PBXBuildFile; fileRef = A1A240F02B9ED198009081E8 /* HZGeometry.m */; };
		A1A240F52B9ED198009081E8 /* HZCropCell.m in Sources */ = {isa = PBXBuildFile; fileRef = A1A240F32B9ED198009081E8 /* HZCropCell.m */; };
		A1A240F92B9ED4B2009081E8 /* HZSearchViewController.m in Sources */ = {isa = PBXBuildFile; fileRef = A1A240F82B9ED4B2009081E8 /* HZSearchViewController.m */; };
		A1A241232BABD03B009081E8 /* HZUserGuideViewController.m in Sources */ = {isa = PBXBuildFile; fileRef = A1A241222BABD03A009081E8 /* HZUserGuideViewController.m */; };
		A1A241272BABD0E2009081E8 /* HZUserGuideCell.m in Sources */ = {isa = PBXBuildFile; fileRef = A1A241262BABD0E2009081E8 /* HZUserGuideCell.m */; };
		A1A2413D2BB17114009081E8 /* HZIAPViewController.m in Sources */ = {isa = PBXBuildFile; fileRef = A1A2413C2BB17114009081E8 /* HZIAPViewController.m */; };
		A1A2413E2BB17114009081E8 /* HZIAPViewController.m in Sources */ = {isa = PBXBuildFile; fileRef = A1A2413C2BB17114009081E8 /* HZIAPViewController.m */; };
		A1A2415F2BB1A6F9009081E8 /* HZIAPManager.m in Sources */ = {isa = PBXBuildFile; fileRef = A1A2415E2BB1A6F9009081E8 /* HZIAPManager.m */; };
		A1A241602BB1A6F9009081E8 /* HZIAPManager.m in Sources */ = {isa = PBXBuildFile; fileRef = A1A2415E2BB1A6F9009081E8 /* HZIAPManager.m */; };
		A1A8DBE22B5E9D630092F0F8 /* AppDelegate.m in Sources */ = {isa = PBXBuildFile; fileRef = A1A8DBE12B5E9D630092F0F8 /* AppDelegate.m */; };
		A1A8DBEB2B5E9D630092F0F8 /* Main.storyboard in Resources */ = {isa = PBXBuildFile; fileRef = A1A8DBE92B5E9D630092F0F8 /* Main.storyboard */; };
		A1A8DBED2B5E9D650092F0F8 /* Assets.xcassets in Resources */ = {isa = PBXBuildFile; fileRef = A1A8DBEC2B5E9D650092F0F8 /* Assets.xcassets */; };
		A1A8DBF02B5E9D650092F0F8 /* LaunchScreen.storyboard in Resources */ = {isa = PBXBuildFile; fileRef = A1A8DBEE2B5E9D650092F0F8 /* LaunchScreen.storyboard */; };
		A1A8DBF32B5E9D650092F0F8 /* main.m in Sources */ = {isa = PBXBuildFile; fileRef = A1A8DBF22B5E9D650092F0F8 /* main.m */; };
		A1A8DBFD2B5E9D650092F0F8 /* PDFConverterTests.m in Sources */ = {isa = PBXBuildFile; fileRef = A1A8DBFC2B5E9D650092F0F8 /* PDFConverterTests.m */; };
		A1A8DC072B5E9D650092F0F8 /* PDFConverterUITests.m in Sources */ = {isa = PBXBuildFile; fileRef = A1A8DC062B5E9D650092F0F8 /* PDFConverterUITests.m */; };
		A1A8DC092B5E9D650092F0F8 /* PDFConverterUITestsLaunchTests.m in Sources */ = {isa = PBXBuildFile; fileRef = A1A8DC082B5E9D650092F0F8 /* PDFConverterUITestsLaunchTests.m */; };
		A1ABB91B2B8200280007C9B6 /* HZEditViewController.m in Sources */ = {isa = PBXBuildFile; fileRef = A1ABB91A2B8200280007C9B6 /* HZEditViewController.m */; };
		A1ABB9222B833DF30007C9B6 /* HZEditPreviewCell.m in Sources */ = {isa = PBXBuildFile; fileRef = A1ABB9212B833DF30007C9B6 /* HZEditPreviewCell.m */; };
		A1ABB9252B8444F20007C9B6 /* HZPDFSettingCell.m in Sources */ = {isa = PBXBuildFile; fileRef = A1ABB9242B8444F20007C9B6 /* HZPDFSettingCell.m */; };
		A1B190962BB2FFED00B31842 /* HZSystemManager.m in Sources */ = {isa = PBXBuildFile; fileRef = A1B190952BB2FFED00B31842 /* HZSystemManager.m */; };
		A1B190A12BB4463D00B31842 /* HZFilterDebugView.m in Sources */ = {isa = PBXBuildFile; fileRef = A1B190A02BB4463D00B31842 /* HZFilterDebugView.m */; };
		A1B190A92BB55D2A00B31842 /* HZPDFWebViewController.m in Sources */ = {isa = PBXBuildFile; fileRef = A1B190A82BB55D2A00B31842 /* HZPDFWebViewController.m */; };
		A1B4DCEC2B8D7060000E144D /* HZPDFPreviewView.m in Sources */ = {isa = PBXBuildFile; fileRef = A1B4DCEB2B8D7060000E144D /* HZPDFPreviewView.m */; };
		A1B4DCEF2B8D70EE000E144D /* HZPDFPreviewCell.m in Sources */ = {isa = PBXBuildFile; fileRef = A1B4DCEE2B8D70EE000E144D /* HZPDFPreviewCell.m */; };
		A1B4DCFE2B8ED552000E144D /* HZShareManager.m in Sources */ = {isa = PBXBuildFile; fileRef = A1B4DCFD2B8ED552000E144D /* HZShareManager.m */; };
		A1B4DD012B8F014B000E144D /* HZHomeProjectItemView.m in Sources */ = {isa = PBXBuildFile; fileRef = A1B4DD002B8F014B000E144D /* HZHomeProjectItemView.m */; };
		A1B4DD042B8F3048000E144D /* HZCommonUtils.m in Sources */ = {isa = PBXBuildFile; fileRef = A1B4DD032B8F3048000E144D /* HZCommonUtils.m */; };
		A1B4DD072B8F4663000E144D /* HZChangePasswordViewController.m in Sources */ = {isa = PBXBuildFile; fileRef = A1B4DD062B8F4663000E144D /* HZChangePasswordViewController.m */; };
		A1B4DD0A2B902488000E144D /* HZFilterManager.m in Sources */ = {isa = PBXBuildFile; fileRef = A1B4DD092B902488000E144D /* HZFilterManager.m */; };
		A1B4DD0D2B902644000E144D /* HZEditFilterView.m in Sources */ = {isa = PBXBuildFile; fileRef = A1B4DD0C2B902644000E144D /* HZEditFilterView.m */; };
		A1B4DD102B905525000E144D /* HZSlider.m in Sources */ = {isa = PBXBuildFile; fileRef = A1B4DD0F2B905525000E144D /* HZSlider.m */; };
		A1B4DD132B930AAF000E144D /* HZEditFilterSliderView.m in Sources */ = {isa = PBXBuildFile; fileRef = A1B4DD122B930AAF000E144D /* HZEditFilterSliderView.m */; };
		A1B4DD312B988606000E144D /* HZCropView.m in Sources */ = {isa = PBXBuildFile; fileRef = A1B4DD302B988606000E144D /* HZCropView.m */; };
		A1FE6E1C2B846848005AA056 /* HZPDFSettingPasswordView.m in Sources */ = {isa = PBXBuildFile; fileRef = A1FE6E1B2B846848005AA056 /* HZPDFSettingPasswordView.m */; };
		A1FE6E1F2B849A5D005AA056 /* HZPDFSettingMarginView.m in Sources */ = {isa = PBXBuildFile; fileRef = A1FE6E1E2B849A5D005AA056 /* HZPDFSettingMarginView.m */; };
		A1FE6E222B849FFB005AA056 /* HZPDFSettingQualityView.m in Sources */ = {isa = PBXBuildFile; fileRef = A1FE6E212B849FFB005AA056 /* HZPDFSettingQualityView.m */; };
		A1FE6E252B84A27F005AA056 /* HZPDFSettingSizeView.m in Sources */ = {isa = PBXBuildFile; fileRef = A1FE6E242B84A27F005AA056 /* HZPDFSettingSizeView.m */; };
		A1FE6E282B84BA66005AA056 /* HZPDFSizeViewController.m in Sources */ = {isa = PBXBuildFile; fileRef = A1FE6E272B84BA66005AA056 /* HZPDFSizeViewController.m */; };
		A1FE6E2B2B858A91005AA056 /* HZEditInput.m in Sources */ = {isa = PBXBuildFile; fileRef = A1FE6E2A2B858A91005AA056 /* HZEditInput.m */; };
		A1FE6E2E2B858EC3005AA056 /* HZPDFMaker.m in Sources */ = {isa = PBXBuildFile; fileRef = A1FE6E2D2B858EC3005AA056 /* HZPDFMaker.m */; };
		A1FE6E312B85B008005AA056 /* HZSelectPopView.m in Sources */ = {isa = PBXBuildFile; fileRef = A1FE6E302B85B008005AA056 /* HZSelectPopView.m */; };
		A1FE6E3E2B8612A5005AA056 /* HZSortViewController.m in Sources */ = {isa = PBXBuildFile; fileRef = A1FE6E3D2B8612A5005AA056 /* HZSortViewController.m */; };
		A1FE6E412B861560005AA056 /* HZSortCell.m in Sources */ = {isa = PBXBuildFile; fileRef = A1FE6E402B861560005AA056 /* HZSortCell.m */; };
		A1FE6E4C2B882E9F005AA056 /* HZPDFSettingTitleView.m in Sources */ = {isa = PBXBuildFile; fileRef = A1FE6E4B2B882E9F005AA056 /* HZPDFSettingTitleView.m */; };
		A1FE6E4F2B884BD8005AA056 /* HZPDFSettingDataboard.m in Sources */ = {isa = PBXBuildFile; fileRef = A1FE6E4E2B884BD8005AA056 /* HZPDFSettingDataboard.m */; };
		A1FE6E522B88572B005AA056 /* HZPDFPreviewViewController.m in Sources */ = {isa = PBXBuildFile; fileRef = A1FE6E512B88572B005AA056 /* HZPDFPreviewViewController.m */; };
		A1FE6E562B889CBE005AA056 /* HZHomeCell.m in Sources */ = {isa = PBXBuildFile; fileRef = A1FE6E552B889CBE005AA056 /* HZHomeCell.m */; };
/* End PBXBuildFile section */

/* Begin PBXContainerItemProxy section */
		44F5C64D2BA8816900CE4CA9 /* PBXContainerItemProxy */ = {
			isa = PBXContainerItemProxy;
			containerPortal = A1A8DBD52B5E9D630092F0F8 /* Project object */;
			proxyType = 1;
			remoteGlobalIDString = 44F5C6432BA8816800CE4CA9;
			remoteInfo = ImageShareExtension;
		};
		A1A8DBF92B5E9D650092F0F8 /* PBXContainerItemProxy */ = {
			isa = PBXContainerItemProxy;
			containerPortal = A1A8DBD52B5E9D630092F0F8 /* Project object */;
			proxyType = 1;
			remoteGlobalIDString = A1A8DBDC2B5E9D630092F0F8;
			remoteInfo = PDFConverter;
		};
		A1A8DC032B5E9D650092F0F8 /* PBXContainerItemProxy */ = {
			isa = PBXContainerItemProxy;
			containerPortal = A1A8DBD52B5E9D630092F0F8 /* Project object */;
			proxyType = 1;
			remoteGlobalIDString = A1A8DBDC2B5E9D630092F0F8;
			remoteInfo = PDFConverter;
		};
/* End PBXContainerItemProxy section */

/* Begin PBXCopyFilesBuildPhase section */
		44F5C6502BA8816900CE4CA9 /* Embed Foundation Extensions */ = {
			isa = PBXCopyFilesBuildPhase;
			buildActionMask = 2147483647;
			dstPath = "";
			dstSubfolderSpec = 13;
			files = (
				44F5C64F2BA8816900CE4CA9 /* ImageShareExtension.appex in Embed Foundation Extensions */,
			);
			name = "Embed Foundation Extensions";
			runOnlyForDeploymentPostprocessing = 0;
		};
/* End PBXCopyFilesBuildPhase section */

/* Begin PBXFileReference section */
		31B1F9BE34685D036ED7A825 /* libPods-PDFConverter.a */ = {isa = PBXFileReference; explicitFileType = archive.ar; includeInIndex = 0; path = "libPods-PDFConverter.a"; sourceTree = BUILT_PRODUCTS_DIR; };
		4444C8D82B83A8A0005E96AF /* HZPDFSettingViewController.h */ = {isa = PBXFileReference; lastKnownFileType = sourcecode.c.h; path = HZPDFSettingViewController.h; sourceTree = "<group>"; };
		4444C8D92B83A8A0005E96AF /* HZPDFSettingViewController.m */ = {isa = PBXFileReference; lastKnownFileType = sourcecode.c.objc; path = HZPDFSettingViewController.m; sourceTree = "<group>"; };
		4472BB442B9378BE0093D5D6 /* HZPDFConvertingView.h */ = {isa = PBXFileReference; lastKnownFileType = sourcecode.c.h; path = HZPDFConvertingView.h; sourceTree = "<group>"; };
		4472BB452B9378BE0093D5D6 /* HZPDFConvertingView.m */ = {isa = PBXFileReference; lastKnownFileType = sourcecode.c.objc; path = HZPDFConvertingView.m; sourceTree = "<group>"; };
		4472BB472B937AED0093D5D6 /* rose_pdf_loading.gif */ = {isa = PBXFileReference; lastKnownFileType = image.gif; path = rose_pdf_loading.gif; sourceTree = "<group>"; };
		4472BB482B937AED0093D5D6 /* rose_pdf_complete.gif */ = {isa = PBXFileReference; lastKnownFileType = image.gif; path = rose_pdf_complete.gif; sourceTree = "<group>"; };
		44A7C72A2BB9813800B3C385 /* Terms_Conditions.pdf */ = {isa = PBXFileReference; lastKnownFileType = image.pdf; path = Terms_Conditions.pdf; sourceTree = "<group>"; };
		44A7C72C2BB9817100B3C385 /* PrivacyPolicy.pdf */ = {isa = PBXFileReference; lastKnownFileType = image.pdf; path = PrivacyPolicy.pdf; sourceTree = "<group>"; };
		44C27FD32BCADDA2000319DA /* HZAppSettingViewController.h */ = {isa = PBXFileReference; lastKnownFileType = sourcecode.c.h; path = HZAppSettingViewController.h; sourceTree = "<group>"; };
		44C27FD42BCADDA2000319DA /* HZAppSettingViewController.m */ = {isa = PBXFileReference; lastKnownFileType = sourcecode.c.objc; path = HZAppSettingViewController.m; sourceTree = "<group>"; };
		44C27FD62BCAE925000319DA /* HZAppAboutViewController.h */ = {isa = PBXFileReference; lastKnownFileType = sourcecode.c.h; path = HZAppAboutViewController.h; sourceTree = "<group>"; };
		44C27FD72BCAE925000319DA /* HZAppAboutViewController.m */ = {isa = PBXFileReference; lastKnownFileType = sourcecode.c.objc; path = HZAppAboutViewController.m; sourceTree = "<group>"; };
		44C27FD92BCBB3B2000319DA /* HZMarginSelectView.h */ = {isa = PBXFileReference; lastKnownFileType = sourcecode.c.h; path = HZMarginSelectView.h; sourceTree = "<group>"; };
		44C27FDA2BCBB3B2000319DA /* HZMarginSelectView.m */ = {isa = PBXFileReference; lastKnownFileType = sourcecode.c.objc; path = HZMarginSelectView.m; sourceTree = "<group>"; };
		44F5C6442BA8816800CE4CA9 /* ImageShareExtension.appex */ = {isa = PBXFileReference; explicitFileType = "wrapper.app-extension"; includeInIndex = 0; path = ImageShareExtension.appex; sourceTree = BUILT_PRODUCTS_DIR; };
		44F5C64C2BA8816900CE4CA9 /* Info.plist */ = {isa = PBXFileReference; lastKnownFileType = text.plist.xml; path = Info.plist; sourceTree = "<group>"; };
		44F5C6542BA8822C00CE4CA9 /* ShareExtensionViewController.h */ = {isa = PBXFileReference; lastKnownFileType = sourcecode.c.h; path = ShareExtensionViewController.h; sourceTree = "<group>"; };
		44F5C6552BA8822C00CE4CA9 /* ShareExtensionViewController.m */ = {isa = PBXFileReference; lastKnownFileType = sourcecode.c.objc; path = ShareExtensionViewController.m; sourceTree = "<group>"; };
		A12C2A622B6F6C4000B77150 /* HZBaseViewController.h */ = {isa = PBXFileReference; lastKnownFileType = sourcecode.c.h; path = HZBaseViewController.h; sourceTree = "<group>"; };
		A12C2A632B6F6C4000B77150 /* HZBaseViewController.m */ = {isa = PBXFileReference; lastKnownFileType = sourcecode.c.objc; path = HZBaseViewController.m; sourceTree = "<group>"; };
		A12C2A652B6F6C6800B77150 /* HZHomeViewController.h */ = {isa = PBXFileReference; lastKnownFileType = sourcecode.c.h; path = HZHomeViewController.h; sourceTree = "<group>"; };
		A12C2A662B6F6C6800B77150 /* HZHomeViewController.m */ = {isa = PBXFileReference; lastKnownFileType = sourcecode.c.objc; path = HZHomeViewController.m; sourceTree = "<group>"; };
		A12C2A6C2B6F723C00B77150 /* HZCommonHeader.h */ = {isa = PBXFileReference; lastKnownFileType = sourcecode.c.h; path = HZCommonHeader.h; sourceTree = "<group>"; };
		A12C2A6F2B6F784B00B77150 /* HZBaseModel.h */ = {isa = PBXFileReference; lastKnownFileType = sourcecode.c.h; path = HZBaseModel.h; sourceTree = "<group>"; };
		A12C2A702B6F784B00B77150 /* HZBaseModel.m */ = {isa = PBXFileReference; lastKnownFileType = sourcecode.c.objc; path = HZBaseModel.m; sourceTree = "<group>"; };
		A12C2A722B6F786900B77150 /* HZProjectModel.h */ = {isa = PBXFileReference; lastKnownFileType = sourcecode.c.h; path = HZProjectModel.h; sourceTree = "<group>"; };
		A12C2A732B6F786900B77150 /* HZProjectModel.mm */ = {isa = PBXFileReference; lastKnownFileType = sourcecode.cpp.objcpp; path = HZProjectModel.mm; sourceTree = "<group>"; };
		A12C2A752B6F788600B77150 /* HZPageModel.h */ = {isa = PBXFileReference; lastKnownFileType = sourcecode.c.h; path = HZPageModel.h; sourceTree = "<group>"; };
		A12C2A762B6F788600B77150 /* HZPageModel.m */ = {isa = PBXFileReference; lastKnownFileType = sourcecode.c.objc; path = HZPageModel.m; sourceTree = "<group>"; };
		A12C2A782B6F78D800B77150 /* HZProjectDefine.h */ = {isa = PBXFileReference; lastKnownFileType = sourcecode.c.h; path = HZProjectDefine.h; sourceTree = "<group>"; };
		A12C2A7B2B70A55A00B77150 /* HZNavigationController.h */ = {isa = PBXFileReference; lastKnownFileType = sourcecode.c.h; path = HZNavigationController.h; sourceTree = "<group>"; };
		A12C2A7C2B70A55A00B77150 /* HZNavigationController.m */ = {isa = PBXFileReference; lastKnownFileType = sourcecode.c.objc; path = HZNavigationController.m; sourceTree = "<group>"; };
		A12C2A7E2B70A5DB00B77150 /* HZHomeNavigationBar.h */ = {isa = PBXFileReference; lastKnownFileType = sourcecode.c.h; path = HZHomeNavigationBar.h; sourceTree = "<group>"; };
		A12C2A7F2B70A5DB00B77150 /* HZHomeNavigationBar.m */ = {isa = PBXFileReference; lastKnownFileType = sourcecode.c.objc; path = HZHomeNavigationBar.m; sourceTree = "<group>"; };
		A12C2A852B70DFCD00B77150 /* HZHomeTableHeaderView.h */ = {isa = PBXFileReference; lastKnownFileType = sourcecode.c.h; path = HZHomeTableHeaderView.h; sourceTree = "<group>"; };
		A12C2A862B70DFCD00B77150 /* HZHomeTableHeaderView.m */ = {isa = PBXFileReference; lastKnownFileType = sourcecode.c.objc; path = HZHomeTableHeaderView.m; sourceTree = "<group>"; };
		A12C2A972B70FADA00B77150 /* en */ = {isa = PBXFileReference; lastKnownFileType = text.plist.strings; name = en; path = en.lproj/Localizable.strings; sourceTree = "<group>"; };
		A12C2A992B70FADE00B77150 /* zh-Hans */ = {isa = PBXFileReference; lastKnownFileType = text.plist.strings; name = "zh-Hans"; path = "zh-Hans.lproj/Localizable.strings"; sourceTree = "<group>"; };
		A12C2A9A2B70FADF00B77150 /* zh-Hant */ = {isa = PBXFileReference; lastKnownFileType = text.plist.strings; name = "zh-Hant"; path = "zh-Hant.lproj/Localizable.strings"; sourceTree = "<group>"; };
		A12C2A9E2B70FB2E00B77150 /* zh-Hans */ = {isa = PBXFileReference; lastKnownFileType = text.plist.strings; name = "zh-Hans"; path = "zh-Hans.lproj/InfoPlist.strings"; sourceTree = "<group>"; };
		A12C2AA02B70FB3200B77150 /* zh-Hant */ = {isa = PBXFileReference; lastKnownFileType = text.plist.strings; name = "zh-Hant"; path = "zh-Hant.lproj/InfoPlist.strings"; sourceTree = "<group>"; };
		A12C2AA12B70FB3300B77150 /* en */ = {isa = PBXFileReference; lastKnownFileType = text.plist.strings; name = en; path = en.lproj/InfoPlist.strings; sourceTree = "<group>"; };
		A12C2AA22B70FDF300B77150 /* Media.xcassets */ = {isa = PBXFileReference; lastKnownFileType = folder.assetcatalog; path = Media.xcassets; sourceTree = "<group>"; };
		A12C2AA82B71CA8700B77150 /* HZBaseNavigationBar.h */ = {isa = PBXFileReference; lastKnownFileType = sourcecode.c.h; path = HZBaseNavigationBar.h; sourceTree = "<group>"; };
		A12C2AA92B71CA8700B77150 /* HZBaseNavigationBar.m */ = {isa = PBXFileReference; lastKnownFileType = sourcecode.c.objc; path = HZBaseNavigationBar.m; sourceTree = "<group>"; };
		A12C2AAC2B71DB2E00B77150 /* HZEditTopCollectionView.h */ = {isa = PBXFileReference; lastKnownFileType = sourcecode.c.h; path = HZEditTopCollectionView.h; sourceTree = "<group>"; };
		A12C2AAD2B71DB2E00B77150 /* HZEditTopCollectionView.m */ = {isa = PBXFileReference; lastKnownFileType = sourcecode.c.objc; path = HZEditTopCollectionView.m; sourceTree = "<group>"; };
		A12C2AAF2B71DB4E00B77150 /* HZEditPreviewCollectionView.h */ = {isa = PBXFileReference; lastKnownFileType = sourcecode.c.h; path = HZEditPreviewCollectionView.h; sourceTree = "<group>"; };
		A12C2AB02B71DB4E00B77150 /* HZEditPreviewCollectionView.m */ = {isa = PBXFileReference; lastKnownFileType = sourcecode.c.objc; path = HZEditPreviewCollectionView.m; sourceTree = "<group>"; };
		A12C2AB22B71DB5E00B77150 /* HZEditBottomView.h */ = {isa = PBXFileReference; lastKnownFileType = sourcecode.c.h; path = HZEditBottomView.h; sourceTree = "<group>"; };
		A12C2AB32B71DB5E00B77150 /* HZEditBottomView.m */ = {isa = PBXFileReference; lastKnownFileType = sourcecode.c.objc; path = HZEditBottomView.m; sourceTree = "<group>"; };
		A12C2AB52B71DCAB00B77150 /* HZEditDataboard.h */ = {isa = PBXFileReference; lastKnownFileType = sourcecode.c.h; path = HZEditDataboard.h; sourceTree = "<group>"; };
		A12C2AB62B71DCAB00B77150 /* HZEditDataboard.m */ = {isa = PBXFileReference; lastKnownFileType = sourcecode.c.objc; path = HZEditDataboard.m; sourceTree = "<group>"; };
		A12C2AB82B71F83100B77150 /* HZEditTopCell.h */ = {isa = PBXFileReference; lastKnownFileType = sourcecode.c.h; path = HZEditTopCell.h; sourceTree = "<group>"; };
		A12C2AB92B71F83100B77150 /* HZEditTopCell.m */ = {isa = PBXFileReference; lastKnownFileType = sourcecode.c.objc; path = HZEditTopCell.m; sourceTree = "<group>"; };
		A12C2AC42B7229A200B77150 /* HZBaseDBHelper.h */ = {isa = PBXFileReference; lastKnownFileType = sourcecode.c.h; path = HZBaseDBHelper.h; sourceTree = "<group>"; };
		A12C2AC52B7229A200B77150 /* HZBaseDBHelper.mm */ = {isa = PBXFileReference; lastKnownFileType = sourcecode.cpp.objcpp; path = HZBaseDBHelper.mm; sourceTree = "<group>"; };
		A12C2AC72B722A2E00B77150 /* HZWCDBHelper.h */ = {isa = PBXFileReference; lastKnownFileType = sourcecode.c.h; path = HZWCDBHelper.h; sourceTree = "<group>"; };
		A12C2AC82B722A2E00B77150 /* HZWCDBHelper.mm */ = {isa = PBXFileReference; lastKnownFileType = sourcecode.cpp.objcpp; path = HZWCDBHelper.mm; sourceTree = "<group>"; };
		A12C2ACA2B722D7700B77150 /* HZProjectManager.h */ = {isa = PBXFileReference; lastKnownFileType = sourcecode.c.h; path = HZProjectManager.h; sourceTree = "<group>"; };
		A12C2ACB2B722D7700B77150 /* HZProjectManager.m */ = {isa = PBXFileReference; lastKnownFileType = sourcecode.c.objc; path = HZProjectManager.m; sourceTree = "<group>"; };
		A13B8DC22B9AE3F800AC131C /* HZHomeMenuView.h */ = {isa = PBXFileReference; lastKnownFileType = sourcecode.c.h; path = HZHomeMenuView.h; sourceTree = "<group>"; };
		A13B8DC32B9AE3F800AC131C /* HZHomeMenuView.m */ = {isa = PBXFileReference; lastKnownFileType = sourcecode.c.objc; path = HZHomeMenuView.m; sourceTree = "<group>"; };
		A1A01C012B8C2675008B6FE8 /* HZAlertTextFieldView.h */ = {isa = PBXFileReference; lastKnownFileType = sourcecode.c.h; path = HZAlertTextFieldView.h; sourceTree = "<group>"; };
		A1A01C022B8C2675008B6FE8 /* HZAlertTextFieldView.m */ = {isa = PBXFileReference; lastKnownFileType = sourcecode.c.objc; path = HZAlertTextFieldView.m; sourceTree = "<group>"; };
		A1A01C052B8C6490008B6FE8 /* HZPDFDetailViewController.h */ = {isa = PBXFileReference; lastKnownFileType = sourcecode.c.h; path = HZPDFDetailViewController.h; sourceTree = "<group>"; };
		A1A01C062B8C6490008B6FE8 /* HZPDFDetailViewController.m */ = {isa = PBXFileReference; lastKnownFileType = sourcecode.c.objc; path = HZPDFDetailViewController.m; sourceTree = "<group>"; };
		A1A01C092B8C675E008B6FE8 /* HZDetailBottomView.h */ = {isa = PBXFileReference; lastKnownFileType = sourcecode.c.h; path = HZDetailBottomView.h; sourceTree = "<group>"; };
		A1A01C0A2B8C675E008B6FE8 /* HZDetailBottomView.m */ = {isa = PBXFileReference; lastKnownFileType = sourcecode.c.objc; path = HZDetailBottomView.m; sourceTree = "<group>"; };
		A1A01C0C2B8C76DD008B6FE8 /* HZDetailPasswordView.h */ = {isa = PBXFileReference; lastKnownFileType = sourcecode.c.h; path = HZDetailPasswordView.h; sourceTree = "<group>"; };
		A1A01C0D2B8C76DD008B6FE8 /* HZDetailPasswordView.m */ = {isa = PBXFileReference; lastKnownFileType = sourcecode.c.objc; path = HZDetailPasswordView.m; sourceTree = "<group>"; };
		A1A240E92B9ED181009081E8 /* HZCropViewController.m */ = {isa = PBXFileReference; fileEncoding = 4; lastKnownFileType = sourcecode.c.objc; path = HZCropViewController.m; sourceTree = "<group>"; };
		A1A240EA2B9ED181009081E8 /* HZCropViewController.h */ = {isa = PBXFileReference; fileEncoding = 4; lastKnownFileType = sourcecode.c.h; path = HZCropViewController.h; sourceTree = "<group>"; };
		A1A240EC2B9ED181009081E8 /* HZCropData.h */ = {isa = PBXFileReference; fileEncoding = 4; lastKnownFileType = sourcecode.c.h; path = HZCropData.h; sourceTree = "<group>"; };
		A1A240ED2B9ED181009081E8 /* HZCropData.m */ = {isa = PBXFileReference; fileEncoding = 4; lastKnownFileType = sourcecode.c.objc; path = HZCropData.m; sourceTree = "<group>"; };
		A1A240F02B9ED198009081E8 /* HZGeometry.m */ = {isa = PBXFileReference; fileEncoding = 4; lastKnownFileType = sourcecode.c.objc; path = HZGeometry.m; sourceTree = "<group>"; };
		A1A240F12B9ED198009081E8 /* HZCropCell.h */ = {isa = PBXFileReference; fileEncoding = 4; lastKnownFileType = sourcecode.c.h; path = HZCropCell.h; sourceTree = "<group>"; };
		A1A240F22B9ED198009081E8 /* HZGeometry.h */ = {isa = PBXFileReference; fileEncoding = 4; lastKnownFileType = sourcecode.c.h; path = HZGeometry.h; sourceTree = "<group>"; };
		A1A240F32B9ED198009081E8 /* HZCropCell.m */ = {isa = PBXFileReference; fileEncoding = 4; lastKnownFileType = sourcecode.c.objc; path = HZCropCell.m; sourceTree = "<group>"; };
		A1A240F72B9ED4B2009081E8 /* HZSearchViewController.h */ = {isa = PBXFileReference; lastKnownFileType = sourcecode.c.h; path = HZSearchViewController.h; sourceTree = "<group>"; };
		A1A240F82B9ED4B2009081E8 /* HZSearchViewController.m */ = {isa = PBXFileReference; lastKnownFileType = sourcecode.c.objc; path = HZSearchViewController.m; sourceTree = "<group>"; };
		A1A241212BABD03A009081E8 /* HZUserGuideViewController.h */ = {isa = PBXFileReference; lastKnownFileType = sourcecode.c.h; path = HZUserGuideViewController.h; sourceTree = "<group>"; };
		A1A241222BABD03A009081E8 /* HZUserGuideViewController.m */ = {isa = PBXFileReference; lastKnownFileType = sourcecode.c.objc; path = HZUserGuideViewController.m; sourceTree = "<group>"; };
		A1A241252BABD0E2009081E8 /* HZUserGuideCell.h */ = {isa = PBXFileReference; lastKnownFileType = sourcecode.c.h; path = HZUserGuideCell.h; sourceTree = "<group>"; };
		A1A241262BABD0E2009081E8 /* HZUserGuideCell.m */ = {isa = PBXFileReference; lastKnownFileType = sourcecode.c.objc; path = HZUserGuideCell.m; sourceTree = "<group>"; };
		A1A2413B2BB17114009081E8 /* HZIAPViewController.h */ = {isa = PBXFileReference; lastKnownFileType = sourcecode.c.h; path = HZIAPViewController.h; sourceTree = "<group>"; };
		A1A2413C2BB17114009081E8 /* HZIAPViewController.m */ = {isa = PBXFileReference; lastKnownFileType = sourcecode.c.objc; path = HZIAPViewController.m; sourceTree = "<group>"; };
		A1A2413F2BB19814009081E8 /* ar */ = {isa = PBXFileReference; lastKnownFileType = text.plist.strings; name = ar; path = ar.lproj/Localizable.strings; sourceTree = "<group>"; };
		A1A241402BB19814009081E8 /* ar */ = {isa = PBXFileReference; lastKnownFileType = text.plist.strings; name = ar; path = ar.lproj/InfoPlist.strings; sourceTree = "<group>"; };
		A1A241412BB1988A009081E8 /* de */ = {isa = PBXFileReference; lastKnownFileType = text.plist.strings; name = de; path = de.lproj/Localizable.strings; sourceTree = "<group>"; };
		A1A241422BB1988A009081E8 /* de */ = {isa = PBXFileReference; lastKnownFileType = text.plist.strings; name = de; path = de.lproj/InfoPlist.strings; sourceTree = "<group>"; };
		A1A241432BB198ED009081E8 /* es */ = {isa = PBXFileReference; lastKnownFileType = text.plist.strings; name = es; path = es.lproj/Localizable.strings; sourceTree = "<group>"; };
		A1A241442BB198ED009081E8 /* es */ = {isa = PBXFileReference; lastKnownFileType = text.plist.strings; name = es; path = es.lproj/InfoPlist.strings; sourceTree = "<group>"; };
		A1A241452BB19920009081E8 /* fr */ = {isa = PBXFileReference; lastKnownFileType = text.plist.strings; name = fr; path = fr.lproj/Localizable.strings; sourceTree = "<group>"; };
		A1A241462BB19920009081E8 /* fr */ = {isa = PBXFileReference; lastKnownFileType = text.plist.strings; name = fr; path = fr.lproj/InfoPlist.strings; sourceTree = "<group>"; };
		A1A241472BB1994E009081E8 /* id */ = {isa = PBXFileReference; lastKnownFileType = text.plist.strings; name = id; path = id.lproj/Localizable.strings; sourceTree = "<group>"; };
		A1A241482BB1994E009081E8 /* id */ = {isa = PBXFileReference; lastKnownFileType = text.plist.strings; name = id; path = id.lproj/InfoPlist.strings; sourceTree = "<group>"; };
		A1A241492BB19974009081E8 /* it */ = {isa = PBXFileReference; lastKnownFileType = text.plist.strings; name = it; path = it.lproj/Localizable.strings; sourceTree = "<group>"; };
		A1A2414A2BB19974009081E8 /* it */ = {isa = PBXFileReference; lastKnownFileType = text.plist.strings; name = it; path = it.lproj/InfoPlist.strings; sourceTree = "<group>"; };
		A1A2414B2BB19997009081E8 /* ja */ = {isa = PBXFileReference; lastKnownFileType = text.plist.strings; name = ja; path = ja.lproj/Localizable.strings; sourceTree = "<group>"; };
		A1A2414C2BB19997009081E8 /* ja */ = {isa = PBXFileReference; lastKnownFileType = text.plist.strings; name = ja; path = ja.lproj/InfoPlist.strings; sourceTree = "<group>"; };
		A1A2414D2BB199B3009081E8 /* ko */ = {isa = PBXFileReference; lastKnownFileType = text.plist.strings; name = ko; path = ko.lproj/Localizable.strings; sourceTree = "<group>"; };
		A1A2414E2BB199B3009081E8 /* ko */ = {isa = PBXFileReference; lastKnownFileType = text.plist.strings; name = ko; path = ko.lproj/InfoPlist.strings; sourceTree = "<group>"; };
		A1A2414F2BB199F4009081E8 /* pl */ = {isa = PBXFileReference; lastKnownFileType = text.plist.strings; name = pl; path = pl.lproj/Localizable.strings; sourceTree = "<group>"; };
		A1A241502BB199F4009081E8 /* pl */ = {isa = PBXFileReference; lastKnownFileType = text.plist.strings; name = pl; path = pl.lproj/InfoPlist.strings; sourceTree = "<group>"; };
		A1A241512BB19A44009081E8 /* pt */ = {isa = PBXFileReference; lastKnownFileType = text.plist.strings; name = pt; path = pt.lproj/Localizable.strings; sourceTree = "<group>"; };
		A1A241522BB19A44009081E8 /* pt */ = {isa = PBXFileReference; lastKnownFileType = text.plist.strings; name = pt; path = pt.lproj/InfoPlist.strings; sourceTree = "<group>"; };
		A1A241532BB19A6D009081E8 /* ru */ = {isa = PBXFileReference; lastKnownFileType = text.plist.strings; name = ru; path = ru.lproj/Localizable.strings; sourceTree = "<group>"; };
		A1A241542BB19A6D009081E8 /* ru */ = {isa = PBXFileReference; lastKnownFileType = text.plist.strings; name = ru; path = ru.lproj/InfoPlist.strings; sourceTree = "<group>"; };
		A1A241552BB19A98009081E8 /* th */ = {isa = PBXFileReference; lastKnownFileType = text.plist.strings; name = th; path = th.lproj/Localizable.strings; sourceTree = "<group>"; };
		A1A241562BB19A98009081E8 /* th */ = {isa = PBXFileReference; lastKnownFileType = text.plist.strings; name = th; path = th.lproj/InfoPlist.strings; sourceTree = "<group>"; };
		A1A241572BB19AB8009081E8 /* tr */ = {isa = PBXFileReference; lastKnownFileType = text.plist.strings; name = tr; path = tr.lproj/Localizable.strings; sourceTree = "<group>"; };
		A1A241582BB19AB8009081E8 /* tr */ = {isa = PBXFileReference; lastKnownFileType = text.plist.strings; name = tr; path = tr.lproj/InfoPlist.strings; sourceTree = "<group>"; };
		A1A241592BB19AE3009081E8 /* vi */ = {isa = PBXFileReference; lastKnownFileType = text.plist.strings; name = vi; path = vi.lproj/Localizable.strings; sourceTree = "<group>"; };
		A1A2415A2BB19AE3009081E8 /* vi */ = {isa = PBXFileReference; lastKnownFileType = text.plist.strings; name = vi; path = vi.lproj/InfoPlist.strings; sourceTree = "<group>"; };
		A1A2415B2BB19B10009081E8 /* en-IN */ = {isa = PBXFileReference; lastKnownFileType = text.plist.strings; name = "en-IN"; path = "en-IN.lproj/Localizable.strings"; sourceTree = "<group>"; };
		A1A2415C2BB19B10009081E8 /* en-IN */ = {isa = PBXFileReference; lastKnownFileType = text.plist.strings; name = "en-IN"; path = "en-IN.lproj/InfoPlist.strings"; sourceTree = "<group>"; };
		A1A2415D2BB1A6F9009081E8 /* HZIAPManager.h */ = {isa = PBXFileReference; lastKnownFileType = sourcecode.c.h; path = HZIAPManager.h; sourceTree = "<group>"; };
		A1A2415E2BB1A6F9009081E8 /* HZIAPManager.m */ = {isa = PBXFileReference; lastKnownFileType = sourcecode.c.objc; path = HZIAPManager.m; sourceTree = "<group>"; };
		A1A8DBDD2B5E9D630092F0F8 /* PDFConverter.app */ = {isa = PBXFileReference; explicitFileType = wrapper.application; includeInIndex = 0; path = PDFConverter.app; sourceTree = BUILT_PRODUCTS_DIR; };
		A1A8DBE02B5E9D630092F0F8 /* AppDelegate.h */ = {isa = PBXFileReference; lastKnownFileType = sourcecode.c.h; path = AppDelegate.h; sourceTree = "<group>"; };
		A1A8DBE12B5E9D630092F0F8 /* AppDelegate.m */ = {isa = PBXFileReference; lastKnownFileType = sourcecode.c.objc; path = AppDelegate.m; sourceTree = "<group>"; };
		A1A8DBEA2B5E9D630092F0F8 /* Base */ = {isa = PBXFileReference; lastKnownFileType = file.storyboard; name = Base; path = Base.lproj/Main.storyboard; sourceTree = "<group>"; };
		A1A8DBEC2B5E9D650092F0F8 /* Assets.xcassets */ = {isa = PBXFileReference; lastKnownFileType = folder.assetcatalog; path = Assets.xcassets; sourceTree = "<group>"; };
		A1A8DBEF2B5E9D650092F0F8 /* Base */ = {isa = PBXFileReference; lastKnownFileType = file.storyboard; name = Base; path = Base.lproj/LaunchScreen.storyboard; sourceTree = "<group>"; };
		A1A8DBF12B5E9D650092F0F8 /* Info.plist */ = {isa = PBXFileReference; lastKnownFileType = text.plist.xml; path = Info.plist; sourceTree = "<group>"; };
		A1A8DBF22B5E9D650092F0F8 /* main.m */ = {isa = PBXFileReference; lastKnownFileType = sourcecode.c.objc; path = main.m; sourceTree = "<group>"; };
		A1A8DBF82B5E9D650092F0F8 /* PDFConverterTests.xctest */ = {isa = PBXFileReference; explicitFileType = wrapper.cfbundle; includeInIndex = 0; path = PDFConverterTests.xctest; sourceTree = BUILT_PRODUCTS_DIR; };
		A1A8DBFC2B5E9D650092F0F8 /* PDFConverterTests.m */ = {isa = PBXFileReference; lastKnownFileType = sourcecode.c.objc; path = PDFConverterTests.m; sourceTree = "<group>"; };
		A1A8DC022B5E9D650092F0F8 /* PDFConverterUITests.xctest */ = {isa = PBXFileReference; explicitFileType = wrapper.cfbundle; includeInIndex = 0; path = PDFConverterUITests.xctest; sourceTree = BUILT_PRODUCTS_DIR; };
		A1A8DC062B5E9D650092F0F8 /* PDFConverterUITests.m */ = {isa = PBXFileReference; lastKnownFileType = sourcecode.c.objc; path = PDFConverterUITests.m; sourceTree = "<group>"; };
		A1A8DC082B5E9D650092F0F8 /* PDFConverterUITestsLaunchTests.m */ = {isa = PBXFileReference; lastKnownFileType = sourcecode.c.objc; path = PDFConverterUITestsLaunchTests.m; sourceTree = "<group>"; };
		A1ABB9192B8200280007C9B6 /* HZEditViewController.h */ = {isa = PBXFileReference; lastKnownFileType = sourcecode.c.h; path = HZEditViewController.h; sourceTree = "<group>"; };
		A1ABB91A2B8200280007C9B6 /* HZEditViewController.m */ = {isa = PBXFileReference; lastKnownFileType = sourcecode.c.objc; path = HZEditViewController.m; sourceTree = "<group>"; };
		A1ABB9202B833DF30007C9B6 /* HZEditPreviewCell.h */ = {isa = PBXFileReference; lastKnownFileType = sourcecode.c.h; path = HZEditPreviewCell.h; sourceTree = "<group>"; };
		A1ABB9212B833DF30007C9B6 /* HZEditPreviewCell.m */ = {isa = PBXFileReference; lastKnownFileType = sourcecode.c.objc; path = HZEditPreviewCell.m; sourceTree = "<group>"; };
		A1ABB9232B8444F20007C9B6 /* HZPDFSettingCell.h */ = {isa = PBXFileReference; lastKnownFileType = sourcecode.c.h; path = HZPDFSettingCell.h; sourceTree = "<group>"; };
		A1ABB9242B8444F20007C9B6 /* HZPDFSettingCell.m */ = {isa = PBXFileReference; lastKnownFileType = sourcecode.c.objc; path = HZPDFSettingCell.m; sourceTree = "<group>"; };
		A1B190942BB2FFED00B31842 /* HZSystemManager.h */ = {isa = PBXFileReference; lastKnownFileType = sourcecode.c.h; path = HZSystemManager.h; sourceTree = "<group>"; };
		A1B190952BB2FFED00B31842 /* HZSystemManager.m */ = {isa = PBXFileReference; lastKnownFileType = sourcecode.c.objc; path = HZSystemManager.m; sourceTree = "<group>"; };
		A1B1909F2BB4463D00B31842 /* HZFilterDebugView.h */ = {isa = PBXFileReference; lastKnownFileType = sourcecode.c.h; path = HZFilterDebugView.h; sourceTree = "<group>"; };
		A1B190A02BB4463D00B31842 /* HZFilterDebugView.m */ = {isa = PBXFileReference; lastKnownFileType = sourcecode.c.objc; path = HZFilterDebugView.m; sourceTree = "<group>"; };
		A1B190A72BB55D2A00B31842 /* HZPDFWebViewController.h */ = {isa = PBXFileReference; lastKnownFileType = sourcecode.c.h; path = HZPDFWebViewController.h; sourceTree = "<group>"; };
		A1B190A82BB55D2A00B31842 /* HZPDFWebViewController.m */ = {isa = PBXFileReference; lastKnownFileType = sourcecode.c.objc; path = HZPDFWebViewController.m; sourceTree = "<group>"; };
		A1B4DCEA2B8D7060000E144D /* HZPDFPreviewView.h */ = {isa = PBXFileReference; lastKnownFileType = sourcecode.c.h; path = HZPDFPreviewView.h; sourceTree = "<group>"; };
		A1B4DCEB2B8D7060000E144D /* HZPDFPreviewView.m */ = {isa = PBXFileReference; lastKnownFileType = sourcecode.c.objc; path = HZPDFPreviewView.m; sourceTree = "<group>"; };
		A1B4DCED2B8D70EE000E144D /* HZPDFPreviewCell.h */ = {isa = PBXFileReference; lastKnownFileType = sourcecode.c.h; path = HZPDFPreviewCell.h; sourceTree = "<group>"; };
		A1B4DCEE2B8D70EE000E144D /* HZPDFPreviewCell.m */ = {isa = PBXFileReference; lastKnownFileType = sourcecode.c.objc; path = HZPDFPreviewCell.m; sourceTree = "<group>"; };
		A1B4DCFC2B8ED552000E144D /* HZShareManager.h */ = {isa = PBXFileReference; lastKnownFileType = sourcecode.c.h; path = HZShareManager.h; sourceTree = "<group>"; };
		A1B4DCFD2B8ED552000E144D /* HZShareManager.m */ = {isa = PBXFileReference; lastKnownFileType = sourcecode.c.objc; path = HZShareManager.m; sourceTree = "<group>"; };
		A1B4DCFF2B8F014B000E144D /* HZHomeProjectItemView.h */ = {isa = PBXFileReference; lastKnownFileType = sourcecode.c.h; path = HZHomeProjectItemView.h; sourceTree = "<group>"; };
		A1B4DD002B8F014B000E144D /* HZHomeProjectItemView.m */ = {isa = PBXFileReference; lastKnownFileType = sourcecode.c.objc; path = HZHomeProjectItemView.m; sourceTree = "<group>"; };
		A1B4DD022B8F3048000E144D /* HZCommonUtils.h */ = {isa = PBXFileReference; lastKnownFileType = sourcecode.c.h; path = HZCommonUtils.h; sourceTree = "<group>"; };
		A1B4DD032B8F3048000E144D /* HZCommonUtils.m */ = {isa = PBXFileReference; lastKnownFileType = sourcecode.c.objc; path = HZCommonUtils.m; sourceTree = "<group>"; };
		A1B4DD052B8F4663000E144D /* HZChangePasswordViewController.h */ = {isa = PBXFileReference; lastKnownFileType = sourcecode.c.h; path = HZChangePasswordViewController.h; sourceTree = "<group>"; };
		A1B4DD062B8F4663000E144D /* HZChangePasswordViewController.m */ = {isa = PBXFileReference; lastKnownFileType = sourcecode.c.objc; path = HZChangePasswordViewController.m; sourceTree = "<group>"; };
		A1B4DD082B902488000E144D /* HZFilterManager.h */ = {isa = PBXFileReference; lastKnownFileType = sourcecode.c.h; path = HZFilterManager.h; sourceTree = "<group>"; };
		A1B4DD092B902488000E144D /* HZFilterManager.m */ = {isa = PBXFileReference; lastKnownFileType = sourcecode.c.objc; path = HZFilterManager.m; sourceTree = "<group>"; };
		A1B4DD0B2B902644000E144D /* HZEditFilterView.h */ = {isa = PBXFileReference; lastKnownFileType = sourcecode.c.h; path = HZEditFilterView.h; sourceTree = "<group>"; };
		A1B4DD0C2B902644000E144D /* HZEditFilterView.m */ = {isa = PBXFileReference; lastKnownFileType = sourcecode.c.objc; path = HZEditFilterView.m; sourceTree = "<group>"; };
		A1B4DD0E2B905525000E144D /* HZSlider.h */ = {isa = PBXFileReference; lastKnownFileType = sourcecode.c.h; path = HZSlider.h; sourceTree = "<group>"; };
		A1B4DD0F2B905525000E144D /* HZSlider.m */ = {isa = PBXFileReference; lastKnownFileType = sourcecode.c.objc; path = HZSlider.m; sourceTree = "<group>"; };
		A1B4DD112B930AAF000E144D /* HZEditFilterSliderView.h */ = {isa = PBXFileReference; lastKnownFileType = sourcecode.c.h; path = HZEditFilterSliderView.h; sourceTree = "<group>"; };
		A1B4DD122B930AAF000E144D /* HZEditFilterSliderView.m */ = {isa = PBXFileReference; lastKnownFileType = sourcecode.c.objc; path = HZEditFilterSliderView.m; sourceTree = "<group>"; };
		A1B4DD2F2B988606000E144D /* HZCropView.h */ = {isa = PBXFileReference; lastKnownFileType = sourcecode.c.h; name = HZCropView.h; path = PDFConverter/Edit/Crop/View/HZCropView.h; sourceTree = SOURCE_ROOT; };
		A1B4DD302B988606000E144D /* HZCropView.m */ = {isa = PBXFileReference; lastKnownFileType = sourcecode.c.objc; name = HZCropView.m; path = PDFConverter/Edit/Crop/View/HZCropView.m; sourceTree = SOURCE_ROOT; };
		A1FE6E1A2B846848005AA056 /* HZPDFSettingPasswordView.h */ = {isa = PBXFileReference; lastKnownFileType = sourcecode.c.h; path = HZPDFSettingPasswordView.h; sourceTree = "<group>"; };
		A1FE6E1B2B846848005AA056 /* HZPDFSettingPasswordView.m */ = {isa = PBXFileReference; lastKnownFileType = sourcecode.c.objc; path = HZPDFSettingPasswordView.m; sourceTree = "<group>"; };
		A1FE6E1D2B849A5D005AA056 /* HZPDFSettingMarginView.h */ = {isa = PBXFileReference; lastKnownFileType = sourcecode.c.h; path = HZPDFSettingMarginView.h; sourceTree = "<group>"; };
		A1FE6E1E2B849A5D005AA056 /* HZPDFSettingMarginView.m */ = {isa = PBXFileReference; lastKnownFileType = sourcecode.c.objc; path = HZPDFSettingMarginView.m; sourceTree = "<group>"; };
		A1FE6E202B849FFB005AA056 /* HZPDFSettingQualityView.h */ = {isa = PBXFileReference; lastKnownFileType = sourcecode.c.h; path = HZPDFSettingQualityView.h; sourceTree = "<group>"; };
		A1FE6E212B849FFB005AA056 /* HZPDFSettingQualityView.m */ = {isa = PBXFileReference; lastKnownFileType = sourcecode.c.objc; path = HZPDFSettingQualityView.m; sourceTree = "<group>"; };
		A1FE6E232B84A27F005AA056 /* HZPDFSettingSizeView.h */ = {isa = PBXFileReference; lastKnownFileType = sourcecode.c.h; path = HZPDFSettingSizeView.h; sourceTree = "<group>"; };
		A1FE6E242B84A27F005AA056 /* HZPDFSettingSizeView.m */ = {isa = PBXFileReference; lastKnownFileType = sourcecode.c.objc; path = HZPDFSettingSizeView.m; sourceTree = "<group>"; };
		A1FE6E262B84BA66005AA056 /* HZPDFSizeViewController.h */ = {isa = PBXFileReference; lastKnownFileType = sourcecode.c.h; path = HZPDFSizeViewController.h; sourceTree = "<group>"; };
		A1FE6E272B84BA66005AA056 /* HZPDFSizeViewController.m */ = {isa = PBXFileReference; lastKnownFileType = sourcecode.c.objc; path = HZPDFSizeViewController.m; sourceTree = "<group>"; };
		A1FE6E292B858A91005AA056 /* HZEditInput.h */ = {isa = PBXFileReference; lastKnownFileType = sourcecode.c.h; path = HZEditInput.h; sourceTree = "<group>"; };
		A1FE6E2A2B858A91005AA056 /* HZEditInput.m */ = {isa = PBXFileReference; lastKnownFileType = sourcecode.c.objc; path = HZEditInput.m; sourceTree = "<group>"; };
		A1FE6E2C2B858EC3005AA056 /* HZPDFMaker.h */ = {isa = PBXFileReference; lastKnownFileType = sourcecode.c.h; path = HZPDFMaker.h; sourceTree = "<group>"; };
		A1FE6E2D2B858EC3005AA056 /* HZPDFMaker.m */ = {isa = PBXFileReference; lastKnownFileType = sourcecode.c.objc; path = HZPDFMaker.m; sourceTree = "<group>"; };
		A1FE6E2F2B85B008005AA056 /* HZSelectPopView.h */ = {isa = PBXFileReference; lastKnownFileType = sourcecode.c.h; path = HZSelectPopView.h; sourceTree = "<group>"; };
		A1FE6E302B85B008005AA056 /* HZSelectPopView.m */ = {isa = PBXFileReference; lastKnownFileType = sourcecode.c.objc; path = HZSelectPopView.m; sourceTree = "<group>"; };
		A1FE6E3C2B8612A5005AA056 /* HZSortViewController.h */ = {isa = PBXFileReference; lastKnownFileType = sourcecode.c.h; path = HZSortViewController.h; sourceTree = "<group>"; };
		A1FE6E3D2B8612A5005AA056 /* HZSortViewController.m */ = {isa = PBXFileReference; lastKnownFileType = sourcecode.c.objc; path = HZSortViewController.m; sourceTree = "<group>"; };
		A1FE6E3F2B861560005AA056 /* HZSortCell.h */ = {isa = PBXFileReference; lastKnownFileType = sourcecode.c.h; path = HZSortCell.h; sourceTree = "<group>"; };
		A1FE6E402B861560005AA056 /* HZSortCell.m */ = {isa = PBXFileReference; lastKnownFileType = sourcecode.c.objc; path = HZSortCell.m; sourceTree = "<group>"; };
		A1FE6E4A2B882E9E005AA056 /* HZPDFSettingTitleView.h */ = {isa = PBXFileReference; fileEncoding = 4; lastKnownFileType = sourcecode.c.h; path = HZPDFSettingTitleView.h; sourceTree = "<group>"; };
		A1FE6E4B2B882E9F005AA056 /* HZPDFSettingTitleView.m */ = {isa = PBXFileReference; fileEncoding = 4; lastKnownFileType = sourcecode.c.objc; path = HZPDFSettingTitleView.m; sourceTree = "<group>"; };
		A1FE6E4D2B884BD8005AA056 /* HZPDFSettingDataboard.h */ = {isa = PBXFileReference; lastKnownFileType = sourcecode.c.h; path = HZPDFSettingDataboard.h; sourceTree = "<group>"; };
		A1FE6E4E2B884BD8005AA056 /* HZPDFSettingDataboard.m */ = {isa = PBXFileReference; lastKnownFileType = sourcecode.c.objc; path = HZPDFSettingDataboard.m; sourceTree = "<group>"; };
		A1FE6E502B88572B005AA056 /* HZPDFPreviewViewController.h */ = {isa = PBXFileReference; lastKnownFileType = sourcecode.c.h; path = HZPDFPreviewViewController.h; sourceTree = "<group>"; };
		A1FE6E512B88572B005AA056 /* HZPDFPreviewViewController.m */ = {isa = PBXFileReference; lastKnownFileType = sourcecode.c.objc; path = HZPDFPreviewViewController.m; sourceTree = "<group>"; };
		A1FE6E542B889CBE005AA056 /* HZHomeCell.h */ = {isa = PBXFileReference; lastKnownFileType = sourcecode.c.h; path = HZHomeCell.h; sourceTree = "<group>"; };
		A1FE6E552B889CBE005AA056 /* HZHomeCell.m */ = {isa = PBXFileReference; lastKnownFileType = sourcecode.c.objc; path = HZHomeCell.m; sourceTree = "<group>"; };
		AB6EAFC0F9AE7561F3527219 /* Pods-PDFConverter.debug.xcconfig */ = {isa = PBXFileReference; includeInIndex = 1; lastKnownFileType = text.xcconfig; name = "Pods-PDFConverter.debug.xcconfig"; path = "Target Support Files/Pods-PDFConverter/Pods-PDFConverter.debug.xcconfig"; sourceTree = "<group>"; };
		F0C836D1915B25165E3F9829 /* Pods-PDFConverter.release.xcconfig */ = {isa = PBXFileReference; includeInIndex = 1; lastKnownFileType = text.xcconfig; name = "Pods-PDFConverter.release.xcconfig"; path = "Target Support Files/Pods-PDFConverter/Pods-PDFConverter.release.xcconfig"; sourceTree = "<group>"; };
/* End PBXFileReference section */

/* Begin PBXFrameworksBuildPhase section */
		44F5C6412BA8816800CE4CA9 /* Frameworks */ = {
			isa = PBXFrameworksBuildPhase;
			buildActionMask = 2147483647;
			files = (
			);
			runOnlyForDeploymentPostprocessing = 0;
		};
		A1A8DBDA2B5E9D630092F0F8 /* Frameworks */ = {
			isa = PBXFrameworksBuildPhase;
			buildActionMask = 2147483647;
			files = (
				213C88DA17E81131D3D9B767 /* libPods-PDFConverter.a in Frameworks */,
			);
			runOnlyForDeploymentPostprocessing = 0;
		};
		A1A8DBF52B5E9D650092F0F8 /* Frameworks */ = {
			isa = PBXFrameworksBuildPhase;
			buildActionMask = 2147483647;
			files = (
			);
			runOnlyForDeploymentPostprocessing = 0;
		};
		A1A8DBFF2B5E9D650092F0F8 /* Frameworks */ = {
			isa = PBXFrameworksBuildPhase;
			buildActionMask = 2147483647;
			files = (
			);
			runOnlyForDeploymentPostprocessing = 0;
		};
/* End PBXFrameworksBuildPhase section */

/* Begin PBXGroup section */
		4444C8D72B83A881005E96AF /* Setting */ = {
			isa = PBXGroup;
			children = (
				A1ABB9262B8452200007C9B6 /* View */,
				4444C8D82B83A8A0005E96AF /* HZPDFSettingViewController.h */,
				4444C8D92B83A8A0005E96AF /* HZPDFSettingViewController.m */,
				A1FE6E4D2B884BD8005AA056 /* HZPDFSettingDataboard.h */,
				A1FE6E4E2B884BD8005AA056 /* HZPDFSettingDataboard.m */,
				A1FE6E262B84BA66005AA056 /* HZPDFSizeViewController.h */,
				A1FE6E272B84BA66005AA056 /* HZPDFSizeViewController.m */,
				A1FE6E502B88572B005AA056 /* HZPDFPreviewViewController.h */,
				A1FE6E512B88572B005AA056 /* HZPDFPreviewViewController.m */,
				A1B4DD052B8F4663000E144D /* HZChangePasswordViewController.h */,
				A1B4DD062B8F4663000E144D /* HZChangePasswordViewController.m */,
			);
			path = Setting;
			sourceTree = "<group>";
		};
		44C27FD22BCADD77000319DA /* APP Settting */ = {
			isa = PBXGroup;
			children = (
				44C27FD32BCADDA2000319DA /* HZAppSettingViewController.h */,
				44C27FD42BCADDA2000319DA /* HZAppSettingViewController.m */,
				44C27FD62BCAE925000319DA /* HZAppAboutViewController.h */,
				44C27FD72BCAE925000319DA /* HZAppAboutViewController.m */,
			);
			path = "APP Settting";
			sourceTree = "<group>";
		};
		44F5C6452BA8816900CE4CA9 /* ImageShareExtension */ = {
			isa = PBXGroup;
			children = (
				44F5C6542BA8822C00CE4CA9 /* ShareExtensionViewController.h */,
				44F5C6552BA8822C00CE4CA9 /* ShareExtensionViewController.m */,
				44F5C64C2BA8816900CE4CA9 /* Info.plist */,
			);
			path = ImageShareExtension;
			sourceTree = "<group>";
		};
		7F0C56D00EAB5727517CB565 /* Pods */ = {
			isa = PBXGroup;
			children = (
				AB6EAFC0F9AE7561F3527219 /* Pods-PDFConverter.debug.xcconfig */,
				F0C836D1915B25165E3F9829 /* Pods-PDFConverter.release.xcconfig */,
			);
			path = Pods;
			sourceTree = "<group>";
		};
		A12C2A5F2B6F6BFC00B77150 /* Home */ = {
			isa = PBXGroup;
			children = (
				A1FE6E532B889BF9005AA056 /* View */,
				A12C2A652B6F6C6800B77150 /* HZHomeViewController.h */,
				A12C2A662B6F6C6800B77150 /* HZHomeViewController.m */,
			);
			path = Home;
			sourceTree = "<group>";
		};
		A12C2A602B6F6C0B00B77150 /* Common */ = {
			isa = PBXGroup;
			children = (
				A1B190932BB2FFD600B31842 /* Manager */,
				A12C2A612B6F6C2A00B77150 /* Base */,
				A12C2A6C2B6F723C00B77150 /* HZCommonHeader.h */,
				A1FE6E2F2B85B008005AA056 /* HZSelectPopView.h */,
				A1FE6E302B85B008005AA056 /* HZSelectPopView.m */,
				A1A01C012B8C2675008B6FE8 /* HZAlertTextFieldView.h */,
				A1A01C022B8C2675008B6FE8 /* HZAlertTextFieldView.m */,
				A1B4DD0E2B905525000E144D /* HZSlider.h */,
				A1B4DD0F2B905525000E144D /* HZSlider.m */,
				A1B4DD022B8F3048000E144D /* HZCommonUtils.h */,
				A1B4DD032B8F3048000E144D /* HZCommonUtils.m */,
				A1B190A72BB55D2A00B31842 /* HZPDFWebViewController.h */,
				A1B190A82BB55D2A00B31842 /* HZPDFWebViewController.m */,
			);
			path = Common;
			sourceTree = "<group>";
		};
		A12C2A612B6F6C2A00B77150 /* Base */ = {
			isa = PBXGroup;
			children = (
				A12C2A622B6F6C4000B77150 /* HZBaseViewController.h */,
				A12C2A632B6F6C4000B77150 /* HZBaseViewController.m */,
				A12C2A7B2B70A55A00B77150 /* HZNavigationController.h */,
				A12C2A7C2B70A55A00B77150 /* HZNavigationController.m */,
				A12C2A6F2B6F784B00B77150 /* HZBaseModel.h */,
				A12C2A702B6F784B00B77150 /* HZBaseModel.m */,
				A12C2AA82B71CA8700B77150 /* HZBaseNavigationBar.h */,
				A12C2AA92B71CA8700B77150 /* HZBaseNavigationBar.m */,
			);
			path = Base;
			sourceTree = "<group>";
		};
		A12C2A682B6F6D2600B77150 /* Project */ = {
			isa = PBXGroup;
			children = (
				A12C2AC32B72277900B77150 /* Database */,
				A12C2A692B6F6D2E00B77150 /* Model */,
				A12C2A782B6F78D800B77150 /* HZProjectDefine.h */,
				A12C2ACA2B722D7700B77150 /* HZProjectManager.h */,
				A12C2ACB2B722D7700B77150 /* HZProjectManager.m */,
				A1B4DD082B902488000E144D /* HZFilterManager.h */,
				A1B4DD092B902488000E144D /* HZFilterManager.m */,
				A1FE6E2C2B858EC3005AA056 /* HZPDFMaker.h */,
				A1FE6E2D2B858EC3005AA056 /* HZPDFMaker.m */,
			);
			path = Project;
			sourceTree = "<group>";
		};
		A12C2A692B6F6D2E00B77150 /* Model */ = {
			isa = PBXGroup;
			children = (
				A12C2A722B6F786900B77150 /* HZProjectModel.h */,
				A12C2A732B6F786900B77150 /* HZProjectModel.mm */,
				A12C2A752B6F788600B77150 /* HZPageModel.h */,
				A12C2A762B6F788600B77150 /* HZPageModel.m */,
			);
			path = Model;
			sourceTree = "<group>";
		};
		A12C2A932B70FAB100B77150 /* Resource */ = {
			isa = PBXGroup;
			children = (
				A1B190A22BB55C2C00B31842 /* File */,
				A12C2A982B70FADA00B77150 /* Localizable.strings */,
				A12C2AA22B70FDF300B77150 /* Media.xcassets */,
				4472BB482B937AED0093D5D6 /* rose_pdf_complete.gif */,
				4472BB472B937AED0093D5D6 /* rose_pdf_loading.gif */,
			);
			path = Resource;
			sourceTree = "<group>";
		};
		A12C2AA42B71C5C500B77150 /* Edit */ = {
			isa = PBXGroup;
			children = (
				A1B4DD2E2B9885F1000E144D /* Crop */,
				A1FE6E3B2B861272005AA056 /* Sort */,
				A12C2AAB2B71DB0700B77150 /* View */,
				A12C2AB52B71DCAB00B77150 /* HZEditDataboard.h */,
				A12C2AB62B71DCAB00B77150 /* HZEditDataboard.m */,
				A1ABB9192B8200280007C9B6 /* HZEditViewController.h */,
				A1ABB91A2B8200280007C9B6 /* HZEditViewController.m */,
				A1FE6E292B858A91005AA056 /* HZEditInput.h */,
				A1FE6E2A2B858A91005AA056 /* HZEditInput.m */,
			);
			path = Edit;
			sourceTree = "<group>";
		};
		A12C2AAB2B71DB0700B77150 /* View */ = {
			isa = PBXGroup;
			children = (
				A12C2AAC2B71DB2E00B77150 /* HZEditTopCollectionView.h */,
				A12C2AAD2B71DB2E00B77150 /* HZEditTopCollectionView.m */,
				A12C2AB82B71F83100B77150 /* HZEditTopCell.h */,
				A12C2AB92B71F83100B77150 /* HZEditTopCell.m */,
				A12C2AAF2B71DB4E00B77150 /* HZEditPreviewCollectionView.h */,
				A12C2AB02B71DB4E00B77150 /* HZEditPreviewCollectionView.m */,
				A1ABB9202B833DF30007C9B6 /* HZEditPreviewCell.h */,
				A1ABB9212B833DF30007C9B6 /* HZEditPreviewCell.m */,
				A12C2AB22B71DB5E00B77150 /* HZEditBottomView.h */,
				A12C2AB32B71DB5E00B77150 /* HZEditBottomView.m */,
				A1B4DD0B2B902644000E144D /* HZEditFilterView.h */,
				A1B4DD0C2B902644000E144D /* HZEditFilterView.m */,
				A1B4DD112B930AAF000E144D /* HZEditFilterSliderView.h */,
				A1B4DD122B930AAF000E144D /* HZEditFilterSliderView.m */,
				A1B1909F2BB4463D00B31842 /* HZFilterDebugView.h */,
				A1B190A02BB4463D00B31842 /* HZFilterDebugView.m */,
			);
			path = View;
			sourceTree = "<group>";
		};
		A12C2AC32B72277900B77150 /* Database */ = {
			isa = PBXGroup;
			children = (
				A12C2AC42B7229A200B77150 /* HZBaseDBHelper.h */,
				A12C2AC52B7229A200B77150 /* HZBaseDBHelper.mm */,
				A12C2AC72B722A2E00B77150 /* HZWCDBHelper.h */,
				A12C2AC82B722A2E00B77150 /* HZWCDBHelper.mm */,
			);
			path = Database;
			sourceTree = "<group>";
		};
		A1A01C042B8C646B008B6FE8 /* Detail */ = {
			isa = PBXGroup;
			children = (
				A1A01C052B8C6490008B6FE8 /* HZPDFDetailViewController.h */,
				A1A01C062B8C6490008B6FE8 /* HZPDFDetailViewController.m */,
				A1A01C082B8C671A008B6FE8 /* View */,
			);
			path = Detail;
			sourceTree = "<group>";
		};
		A1A01C082B8C671A008B6FE8 /* View */ = {
			isa = PBXGroup;
			children = (
				A1A01C092B8C675E008B6FE8 /* HZDetailBottomView.h */,
				A1A01C0A2B8C675E008B6FE8 /* HZDetailBottomView.m */,
				A1A01C0C2B8C76DD008B6FE8 /* HZDetailPasswordView.h */,
				A1A01C0D2B8C76DD008B6FE8 /* HZDetailPasswordView.m */,
				A1B4DCEA2B8D7060000E144D /* HZPDFPreviewView.h */,
				A1B4DCEB2B8D7060000E144D /* HZPDFPreviewView.m */,
				A1B4DCED2B8D70EE000E144D /* HZPDFPreviewCell.h */,
				A1B4DCEE2B8D70EE000E144D /* HZPDFPreviewCell.m */,
			);
			path = View;
			sourceTree = "<group>";
		};
		A1A240EB2B9ED181009081E8 /* Model */ = {
			isa = PBXGroup;
			children = (
				A1A240EC2B9ED181009081E8 /* HZCropData.h */,
				A1A240ED2B9ED181009081E8 /* HZCropData.m */,
			);
			path = Model;
			sourceTree = "<group>";
		};
		A1A240F62B9ED497009081E8 /* Search */ = {
			isa = PBXGroup;
			children = (
				A1A240F72B9ED4B2009081E8 /* HZSearchViewController.h */,
				A1A240F82B9ED4B2009081E8 /* HZSearchViewController.m */,
			);
			path = Search;
			sourceTree = "<group>";
		};
		A1A241202BABD003009081E8 /* UserGuide */ = {
			isa = PBXGroup;
			children = (
				A1A241212BABD03A009081E8 /* HZUserGuideViewController.h */,
				A1A241222BABD03A009081E8 /* HZUserGuideViewController.m */,
				A1A241242BABD0CB009081E8 /* View */,
			);
			path = UserGuide;
			sourceTree = "<group>";
		};
		A1A241242BABD0CB009081E8 /* View */ = {
			isa = PBXGroup;
			children = (
				A1A241252BABD0E2009081E8 /* HZUserGuideCell.h */,
				A1A241262BABD0E2009081E8 /* HZUserGuideCell.m */,
			);
			path = View;
			sourceTree = "<group>";
		};
		A1A2413A2BB170F7009081E8 /* IAP */ = {
			isa = PBXGroup;
			children = (
				A1A2413B2BB17114009081E8 /* HZIAPViewController.h */,
				A1A2413C2BB17114009081E8 /* HZIAPViewController.m */,
				A1A2415D2BB1A6F9009081E8 /* HZIAPManager.h */,
				A1A2415E2BB1A6F9009081E8 /* HZIAPManager.m */,
			);
			path = IAP;
			sourceTree = "<group>";
		};
		A1A8DBD42B5E9D630092F0F8 = {
			isa = PBXGroup;
			children = (
				A1A8DBDF2B5E9D630092F0F8 /* PDFConverter */,
				A1A8DBFB2B5E9D650092F0F8 /* PDFConverterTests */,
				A1A8DC052B5E9D650092F0F8 /* PDFConverterUITests */,
				44F5C6452BA8816900CE4CA9 /* ImageShareExtension */,
				A1A8DBDE2B5E9D630092F0F8 /* Products */,
				7F0C56D00EAB5727517CB565 /* Pods */,
				ED6EAD6ACA7873E6CA215123 /* Frameworks */,
			);
			sourceTree = "<group>";
		};
		A1A8DBDE2B5E9D630092F0F8 /* Products */ = {
			isa = PBXGroup;
			children = (
				A1A8DBDD2B5E9D630092F0F8 /* PDFConverter.app */,
				A1A8DBF82B5E9D650092F0F8 /* PDFConverterTests.xctest */,
				A1A8DC022B5E9D650092F0F8 /* PDFConverterUITests.xctest */,
				44F5C6442BA8816800CE4CA9 /* ImageShareExtension.appex */,
			);
			name = Products;
			sourceTree = "<group>";
		};
		A1A8DBDF2B5E9D630092F0F8 /* PDFConverter */ = {
			isa = PBXGroup;
			children = (
				44C27FD22BCADD77000319DA /* APP Settting */,
				A1A2413A2BB170F7009081E8 /* IAP */,
				A1A241202BABD003009081E8 /* UserGuide */,
				A1A240F62B9ED497009081E8 /* Search */,
				A1B4DCFB2B8ED52F000E144D /* Share */,
				A1A01C042B8C646B008B6FE8 /* Detail */,
				4444C8D72B83A881005E96AF /* Setting */,
				A12C2AA42B71C5C500B77150 /* Edit */,
				A12C2A932B70FAB100B77150 /* Resource */,
				A1A8DBE02B5E9D630092F0F8 /* AppDelegate.h */,
				A1A8DBE12B5E9D630092F0F8 /* AppDelegate.m */,
				A12C2A682B6F6D2600B77150 /* Project */,
				A12C2A602B6F6C0B00B77150 /* Common */,
				A12C2A5F2B6F6BFC00B77150 /* Home */,
				A1A8DBE92B5E9D630092F0F8 /* Main.storyboard */,
				A1A8DBEC2B5E9D650092F0F8 /* Assets.xcassets */,
				A1A8DBEE2B5E9D650092F0F8 /* LaunchScreen.storyboard */,
				A1A8DBF12B5E9D650092F0F8 /* Info.plist */,
				A1A8DBF22B5E9D650092F0F8 /* main.m */,
				A12C2A9F2B70FB2E00B77150 /* InfoPlist.strings */,
			);
			path = PDFConverter;
			sourceTree = "<group>";
		};
		A1A8DBFB2B5E9D650092F0F8 /* PDFConverterTests */ = {
			isa = PBXGroup;
			children = (
				A1A8DBFC2B5E9D650092F0F8 /* PDFConverterTests.m */,
			);
			path = PDFConverterTests;
			sourceTree = "<group>";
		};
		A1A8DC052B5E9D650092F0F8 /* PDFConverterUITests */ = {
			isa = PBXGroup;
			children = (
				A1A8DC062B5E9D650092F0F8 /* PDFConverterUITests.m */,
				A1A8DC082B5E9D650092F0F8 /* PDFConverterUITestsLaunchTests.m */,
			);
			path = PDFConverterUITests;
			sourceTree = "<group>";
		};
		A1ABB9262B8452200007C9B6 /* View */ = {
			isa = PBXGroup;
			children = (
				A1FE6E4A2B882E9E005AA056 /* HZPDFSettingTitleView.h */,
				A1FE6E4B2B882E9F005AA056 /* HZPDFSettingTitleView.m */,
				A1ABB9232B8444F20007C9B6 /* HZPDFSettingCell.h */,
				A1ABB9242B8444F20007C9B6 /* HZPDFSettingCell.m */,
				A1FE6E1A2B846848005AA056 /* HZPDFSettingPasswordView.h */,
				A1FE6E1B2B846848005AA056 /* HZPDFSettingPasswordView.m */,
				A1FE6E1D2B849A5D005AA056 /* HZPDFSettingMarginView.h */,
				A1FE6E1E2B849A5D005AA056 /* HZPDFSettingMarginView.m */,
				44C27FD92BCBB3B2000319DA /* HZMarginSelectView.h */,
				44C27FDA2BCBB3B2000319DA /* HZMarginSelectView.m */,
				A1FE6E202B849FFB005AA056 /* HZPDFSettingQualityView.h */,
				A1FE6E212B849FFB005AA056 /* HZPDFSettingQualityView.m */,
				A1FE6E232B84A27F005AA056 /* HZPDFSettingSizeView.h */,
				A1FE6E242B84A27F005AA056 /* HZPDFSettingSizeView.m */,
				4472BB442B9378BE0093D5D6 /* HZPDFConvertingView.h */,
				4472BB452B9378BE0093D5D6 /* HZPDFConvertingView.m */,
			);
			path = View;
			sourceTree = "<group>";
		};
		A1B190932BB2FFD600B31842 /* Manager */ = {
			isa = PBXGroup;
			children = (
				A1B190942BB2FFED00B31842 /* HZSystemManager.h */,
				A1B190952BB2FFED00B31842 /* HZSystemManager.m */,
			);
			path = Manager;
			sourceTree = "<group>";
		};
		A1B190A22BB55C2C00B31842 /* File */ = {
			isa = PBXGroup;
			children = (
				44A7C72A2BB9813800B3C385 /* Terms_Conditions.pdf */,
				44A7C72C2BB9817100B3C385 /* PrivacyPolicy.pdf */,
			);
			path = File;
			sourceTree = "<group>";
		};
		A1B4DCFB2B8ED52F000E144D /* Share */ = {
			isa = PBXGroup;
			children = (
				A1B4DCFC2B8ED552000E144D /* HZShareManager.h */,
				A1B4DCFD2B8ED552000E144D /* HZShareManager.m */,
			);
			path = Share;
			sourceTree = "<group>";
		};
		A1B4DD2E2B9885F1000E144D /* Crop */ = {
			isa = PBXGroup;
			children = (
				A1A240EA2B9ED181009081E8 /* HZCropViewController.h */,
				A1A240E92B9ED181009081E8 /* HZCropViewController.m */,
				A1A240EB2B9ED181009081E8 /* Model */,
				A1B4DD352B98864D000E144D /* View */,
			);
			path = Crop;
			sourceTree = "<group>";
		};
		A1B4DD352B98864D000E144D /* View */ = {
			isa = PBXGroup;
			children = (
				A1A240F12B9ED198009081E8 /* HZCropCell.h */,
				A1A240F32B9ED198009081E8 /* HZCropCell.m */,
				A1A240F22B9ED198009081E8 /* HZGeometry.h */,
				A1A240F02B9ED198009081E8 /* HZGeometry.m */,
				A1B4DD2F2B988606000E144D /* HZCropView.h */,
				A1B4DD302B988606000E144D /* HZCropView.m */,
			);
			path = View;
			sourceTree = "<group>";
		};
		A1FE6E3B2B861272005AA056 /* Sort */ = {
			isa = PBXGroup;
			children = (
				A1FE6E3C2B8612A5005AA056 /* HZSortViewController.h */,
				A1FE6E3D2B8612A5005AA056 /* HZSortViewController.m */,
				A1FE6E3F2B861560005AA056 /* HZSortCell.h */,
				A1FE6E402B861560005AA056 /* HZSortCell.m */,
			);
			path = Sort;
			sourceTree = "<group>";
		};
		A1FE6E532B889BF9005AA056 /* View */ = {
			isa = PBXGroup;
			children = (
				A12C2A7E2B70A5DB00B77150 /* HZHomeNavigationBar.h */,
				A12C2A7F2B70A5DB00B77150 /* HZHomeNavigationBar.m */,
				A12C2A852B70DFCD00B77150 /* HZHomeTableHeaderView.h */,
				A12C2A862B70DFCD00B77150 /* HZHomeTableHeaderView.m */,
				A1FE6E542B889CBE005AA056 /* HZHomeCell.h */,
				A1FE6E552B889CBE005AA056 /* HZHomeCell.m */,
				A1B4DCFF2B8F014B000E144D /* HZHomeProjectItemView.h */,
				A1B4DD002B8F014B000E144D /* HZHomeProjectItemView.m */,
				A13B8DC22B9AE3F800AC131C /* HZHomeMenuView.h */,
				A13B8DC32B9AE3F800AC131C /* HZHomeMenuView.m */,
			);
			path = View;
			sourceTree = "<group>";
		};
		ED6EAD6ACA7873E6CA215123 /* Frameworks */ = {
			isa = PBXGroup;
			children = (
				31B1F9BE34685D036ED7A825 /* libPods-PDFConverter.a */,
			);
			name = Frameworks;
			sourceTree = "<group>";
		};
/* End PBXGroup section */

/* Begin PBXNativeTarget section */
		44F5C6432BA8816800CE4CA9 /* ImageShareExtension */ = {
			isa = PBXNativeTarget;
			buildConfigurationList = 44F5C6532BA8816900CE4CA9 /* Build configuration list for PBXNativeTarget "ImageShareExtension" */;
			buildPhases = (
				44F5C6402BA8816800CE4CA9 /* Sources */,
				44F5C6412BA8816800CE4CA9 /* Frameworks */,
				44F5C6422BA8816800CE4CA9 /* Resources */,
			);
			buildRules = (
			);
			dependencies = (
			);
			name = ImageShareExtension;
			productName = ImageShareExtension;
			productReference = 44F5C6442BA8816800CE4CA9 /* ImageShareExtension.appex */;
			productType = "com.apple.product-type.app-extension";
		};
		A1A8DBDC2B5E9D630092F0F8 /* PDFConverter */ = {
			isa = PBXNativeTarget;
			buildConfigurationList = A1A8DC0C2B5E9D650092F0F8 /* Build configuration list for PBXNativeTarget "PDFConverter" */;
			buildPhases = (
				14E35838D21EAD6851BE1ACB /* [CP] Check Pods Manifest.lock */,
				A1A8DBD92B5E9D630092F0F8 /* Sources */,
				A1A8DBDA2B5E9D630092F0F8 /* Frameworks */,
				A1A8DBDB2B5E9D630092F0F8 /* Resources */,
				08A5789ABE301E585D5603C9 /* [CP] Embed Pods Frameworks */,
				6052DA0BB9E48A488C8DE313 /* [CP] Copy Pods Resources */,
				44F5C6502BA8816900CE4CA9 /* Embed Foundation Extensions */,
			);
			buildRules = (
			);
			dependencies = (
				44F5C64E2BA8816900CE4CA9 /* PBXTargetDependency */,
			);
			name = PDFConverter;
			productName = PDFConverter;
			productReference = A1A8DBDD2B5E9D630092F0F8 /* PDFConverter.app */;
			productType = "com.apple.product-type.application";
		};
		A1A8DBF72B5E9D650092F0F8 /* PDFConverterTests */ = {
			isa = PBXNativeTarget;
			buildConfigurationList = A1A8DC0F2B5E9D650092F0F8 /* Build configuration list for PBXNativeTarget "PDFConverterTests" */;
			buildPhases = (
				A1A8DBF42B5E9D650092F0F8 /* Sources */,
				A1A8DBF52B5E9D650092F0F8 /* Frameworks */,
				A1A8DBF62B5E9D650092F0F8 /* Resources */,
			);
			buildRules = (
			);
			dependencies = (
				A1A8DBFA2B5E9D650092F0F8 /* PBXTargetDependency */,
			);
			name = PDFConverterTests;
			productName = PDFConverterTests;
			productReference = A1A8DBF82B5E9D650092F0F8 /* PDFConverterTests.xctest */;
			productType = "com.apple.product-type.bundle.unit-test";
		};
		A1A8DC012B5E9D650092F0F8 /* PDFConverterUITests */ = {
			isa = PBXNativeTarget;
			buildConfigurationList = A1A8DC122B5E9D650092F0F8 /* Build configuration list for PBXNativeTarget "PDFConverterUITests" */;
			buildPhases = (
				A1A8DBFE2B5E9D650092F0F8 /* Sources */,
				A1A8DBFF2B5E9D650092F0F8 /* Frameworks */,
				A1A8DC002B5E9D650092F0F8 /* Resources */,
			);
			buildRules = (
			);
			dependencies = (
				A1A8DC042B5E9D650092F0F8 /* PBXTargetDependency */,
			);
			name = PDFConverterUITests;
			productName = PDFConverterUITests;
			productReference = A1A8DC022B5E9D650092F0F8 /* PDFConverterUITests.xctest */;
			productType = "com.apple.product-type.bundle.ui-testing";
		};
/* End PBXNativeTarget section */

/* Begin PBXProject section */
		A1A8DBD52B5E9D630092F0F8 /* Project object */ = {
			isa = PBXProject;
			attributes = {
				BuildIndependentTargetsInParallel = 1;
				LastUpgradeCheck = 1430;
				TargetAttributes = {
					44F5C6432BA8816800CE4CA9 = {
						CreatedOnToolsVersion = 15.0;
					};
					A1A8DBDC2B5E9D630092F0F8 = {
						CreatedOnToolsVersion = 14.3.1;
					};
					A1A8DBF72B5E9D650092F0F8 = {
						CreatedOnToolsVersion = 14.3.1;
						TestTargetID = A1A8DBDC2B5E9D630092F0F8;
					};
					A1A8DC012B5E9D650092F0F8 = {
						CreatedOnToolsVersion = 14.3.1;
						TestTargetID = A1A8DBDC2B5E9D630092F0F8;
					};
				};
			};
			buildConfigurationList = A1A8DBD82B5E9D630092F0F8 /* Build configuration list for PBXProject "PDFConverter" */;
			compatibilityVersion = "Xcode 14.0";
			developmentRegion = en;
			hasScannedForEncodings = 0;
			knownRegions = (
				en,
				Base,
				"zh-Hans",
				"zh-Hant",
				ar,
				de,
				es,
				fr,
				id,
				it,
				ja,
				ko,
				pl,
				pt,
				ru,
				th,
				tr,
				vi,
				"en-IN",
			);
			mainGroup = A1A8DBD42B5E9D630092F0F8;
			productRefGroup = A1A8DBDE2B5E9D630092F0F8 /* Products */;
			projectDirPath = "";
			projectRoot = "";
			targets = (
				A1A8DBDC2B5E9D630092F0F8 /* PDFConverter */,
				A1A8DBF72B5E9D650092F0F8 /* PDFConverterTests */,
				A1A8DC012B5E9D650092F0F8 /* PDFConverterUITests */,
				44F5C6432BA8816800CE4CA9 /* ImageShareExtension */,
			);
		};
/* End PBXProject section */

/* Begin PBXResourcesBuildPhase section */
		44F5C6422BA8816800CE4CA9 /* Resources */ = {
			isa = PBXResourcesBuildPhase;
			buildActionMask = 2147483647;
			files = (
			);
			runOnlyForDeploymentPostprocessing = 0;
		};
		A1A8DBDB2B5E9D630092F0F8 /* Resources */ = {
			isa = PBXResourcesBuildPhase;
			buildActionMask = 2147483647;
			files = (
				44A7C72B2BB9813800B3C385 /* Terms_Conditions.pdf in Resources */,
				A1A8DBF02B5E9D650092F0F8 /* LaunchScreen.storyboard in Resources */,
				A12C2A962B70FADA00B77150 /* Localizable.strings in Resources */,
				A1A8DBED2B5E9D650092F0F8 /* Assets.xcassets in Resources */,
				4472BB4A2B937AED0093D5D6 /* rose_pdf_complete.gif in Resources */,
				44A7C72D2BB9817100B3C385 /* PrivacyPolicy.pdf in Resources */,
				4472BB492B937AED0093D5D6 /* rose_pdf_loading.gif in Resources */,
				A1A8DBEB2B5E9D630092F0F8 /* Main.storyboard in Resources */,
				A12C2AA32B70FDF300B77150 /* Media.xcassets in Resources */,
				A12C2A9D2B70FB2E00B77150 /* InfoPlist.strings in Resources */,
			);
			runOnlyForDeploymentPostprocessing = 0;
		};
		A1A8DBF62B5E9D650092F0F8 /* Resources */ = {
			isa = PBXResourcesBuildPhase;
			buildActionMask = 2147483647;
			files = (
			);
			runOnlyForDeploymentPostprocessing = 0;
		};
		A1A8DC002B5E9D650092F0F8 /* Resources */ = {
			isa = PBXResourcesBuildPhase;
			buildActionMask = 2147483647;
			files = (
			);
			runOnlyForDeploymentPostprocessing = 0;
		};
/* End PBXResourcesBuildPhase section */

/* Begin PBXShellScriptBuildPhase section */
		08A5789ABE301E585D5603C9 /* [CP] Embed Pods Frameworks */ = {
			isa = PBXShellScriptBuildPhase;
			buildActionMask = 2147483647;
			files = (
			);
			inputFileListPaths = (
				"${PODS_ROOT}/Target Support Files/Pods-PDFConverter/Pods-PDFConverter-frameworks-${CONFIGURATION}-input-files.xcfilelist",
			);
			name = "[CP] Embed Pods Frameworks";
			outputFileListPaths = (
				"${PODS_ROOT}/Target Support Files/Pods-PDFConverter/Pods-PDFConverter-frameworks-${CONFIGURATION}-output-files.xcfilelist",
			);
			runOnlyForDeploymentPostprocessing = 0;
			shellPath = /bin/sh;
			shellScript = "\"${PODS_ROOT}/Target Support Files/Pods-PDFConverter/Pods-PDFConverter-frameworks.sh\"\n";
			showEnvVarsInLog = 0;
		};
		14E35838D21EAD6851BE1ACB /* [CP] Check Pods Manifest.lock */ = {
			isa = PBXShellScriptBuildPhase;
			buildActionMask = 2147483647;
			files = (
			);
			inputFileListPaths = (
			);
			inputPaths = (
				"${PODS_PODFILE_DIR_PATH}/Podfile.lock",
				"${PODS_ROOT}/Manifest.lock",
			);
			name = "[CP] Check Pods Manifest.lock";
			outputFileListPaths = (
			);
			outputPaths = (
				"$(DERIVED_FILE_DIR)/Pods-PDFConverter-checkManifestLockResult.txt",
			);
			runOnlyForDeploymentPostprocessing = 0;
			shellPath = /bin/sh;
			shellScript = "diff \"${PODS_PODFILE_DIR_PATH}/Podfile.lock\" \"${PODS_ROOT}/Manifest.lock\" > /dev/null\nif [ $? != 0 ] ; then\n    # print error to STDERR\n    echo \"error: The sandbox is not in sync with the Podfile.lock. Run 'pod install' or update your CocoaPods installation.\" >&2\n    exit 1\nfi\n# This output is used by Xcode 'outputs' to avoid re-running this script phase.\necho \"SUCCESS\" > \"${SCRIPT_OUTPUT_FILE_0}\"\n";
			showEnvVarsInLog = 0;
		};
		6052DA0BB9E48A488C8DE313 /* [CP] Copy Pods Resources */ = {
			isa = PBXShellScriptBuildPhase;
			buildActionMask = 2147483647;
			files = (
			);
			inputFileListPaths = (
				"${PODS_ROOT}/Target Support Files/Pods-PDFConverter/Pods-PDFConverter-resources-${CONFIGURATION}-input-files.xcfilelist",
			);
			name = "[CP] Copy Pods Resources";
			outputFileListPaths = (
				"${PODS_ROOT}/Target Support Files/Pods-PDFConverter/Pods-PDFConverter-resources-${CONFIGURATION}-output-files.xcfilelist",
			);
			runOnlyForDeploymentPostprocessing = 0;
			shellPath = /bin/sh;
			shellScript = "\"${PODS_ROOT}/Target Support Files/Pods-PDFConverter/Pods-PDFConverter-resources.sh\"\n";
			showEnvVarsInLog = 0;
		};
/* End PBXShellScriptBuildPhase section */

/* Begin PBXSourcesBuildPhase section */
		44F5C6402BA8816800CE4CA9 /* Sources */ = {
			isa = PBXSourcesBuildPhase;
			buildActionMask = 2147483647;
			files = (
				44F5C6562BA8822C00CE4CA9 /* ShareExtensionViewController.m in Sources */,
			);
			runOnlyForDeploymentPostprocessing = 0;
		};
		A1A8DBD92B5E9D630092F0F8 /* Sources */ = {
			isa = PBXSourcesBuildPhase;
			buildActionMask = 2147483647;
			files = (
				A1A8DBE22B5E9D630092F0F8 /* AppDelegate.m in Sources */,
				A1B4DCEF2B8D70EE000E144D /* HZPDFPreviewCell.m in Sources */,
				A12C2A7D2B70A55A00B77150 /* HZNavigationController.m in Sources */,
				A1FE6E562B889CBE005AA056 /* HZHomeCell.m in Sources */,
				A1B4DD042B8F3048000E144D /* HZCommonUtils.m in Sources */,
				A12C2A802B70A5DB00B77150 /* HZHomeNavigationBar.m in Sources */,
				A1B4DD0D2B902644000E144D /* HZEditFilterView.m in Sources */,
				A12C2A742B6F786900B77150 /* HZProjectModel.mm in Sources */,
				A1FE6E1F2B849A5D005AA056 /* HZPDFSettingMarginView.m in Sources */,
				A12C2A772B6F788600B77150 /* HZPageModel.m in Sources */,
				A12C2ACC2B722D7700B77150 /* HZProjectManager.m in Sources */,
				A12C2AB12B71DB4E00B77150 /* HZEditPreviewCollectionView.m in Sources */,
				A1A01C072B8C6490008B6FE8 /* HZPDFDetailViewController.m in Sources */,
				A1A2413D2BB17114009081E8 /* HZIAPViewController.m in Sources */,
				A1B190962BB2FFED00B31842 /* HZSystemManager.m in Sources */,
				A1B190A12BB4463D00B31842 /* HZFilterDebugView.m in Sources */,
				A12C2AB72B71DCAB00B77150 /* HZEditDataboard.m in Sources */,
				A1FE6E252B84A27F005AA056 /* HZPDFSettingSizeView.m in Sources */,
				A12C2A642B6F6C4000B77150 /* HZBaseViewController.m in Sources */,
				A1A8DBF32B5E9D650092F0F8 /* main.m in Sources */,
				44C27FD52BCADDA2000319DA /* HZAppSettingViewController.m in Sources */,
				A1B190A92BB55D2A00B31842 /* HZPDFWebViewController.m in Sources */,
				A1FE6E2E2B858EC3005AA056 /* HZPDFMaker.m in Sources */,
				4472BB462B9378BE0093D5D6 /* HZPDFConvertingView.m in Sources */,
				A1FE6E2B2B858A91005AA056 /* HZEditInput.m in Sources */,
				A1B4DD012B8F014B000E144D /* HZHomeProjectItemView.m in Sources */,
				A1A241272BABD0E2009081E8 /* HZUserGuideCell.m in Sources */,
				A1B4DD132B930AAF000E144D /* HZEditFilterSliderView.m in Sources */,
				A1A240F42B9ED198009081E8 /* HZGeometry.m in Sources */,
				A1FE6E1C2B846848005AA056 /* HZPDFSettingPasswordView.m in Sources */,
				A1FE6E4F2B884BD8005AA056 /* HZPDFSettingDataboard.m in Sources */,
				A1B4DCFE2B8ED552000E144D /* HZShareManager.m in Sources */,
				A1A240F92B9ED4B2009081E8 /* HZSearchViewController.m in Sources */,
				A12C2AC92B722A2E00B77150 /* HZWCDBHelper.mm in Sources */,
				A1ABB9252B8444F20007C9B6 /* HZPDFSettingCell.m in Sources */,
				A13B8DC42B9AE3F800AC131C /* HZHomeMenuView.m in Sources */,
				A1A01C0B2B8C675E008B6FE8 /* HZDetailBottomView.m in Sources */,
				A1ABB9222B833DF30007C9B6 /* HZEditPreviewCell.m in Sources */,
				44C27FD82BCAE925000319DA /* HZAppAboutViewController.m in Sources */,
				A1A240EE2B9ED181009081E8 /* HZCropViewController.m in Sources */,
				A12C2A672B6F6C6800B77150 /* HZHomeViewController.m in Sources */,
				A1ABB91B2B8200280007C9B6 /* HZEditViewController.m in Sources */,
				A12C2AB42B71DB5E00B77150 /* HZEditBottomView.m in Sources */,
				A1A241232BABD03B009081E8 /* HZUserGuideViewController.m in Sources */,
				A1A240F52B9ED198009081E8 /* HZCropCell.m in Sources */,
				A12C2AC62B7229A200B77150 /* HZBaseDBHelper.mm in Sources */,
				A1FE6E282B84BA66005AA056 /* HZPDFSizeViewController.m in Sources */,
				A1FE6E312B85B008005AA056 /* HZSelectPopView.m in Sources */,
				A12C2A712B6F784B00B77150 /* HZBaseModel.m in Sources */,
				A1FE6E4C2B882E9F005AA056 /* HZPDFSettingTitleView.m in Sources */,
				A12C2ABA2B71F83100B77150 /* HZEditTopCell.m in Sources */,
				A1FE6E522B88572B005AA056 /* HZPDFPreviewViewController.m in Sources */,
				A1B4DCEC2B8D7060000E144D /* HZPDFPreviewView.m in Sources */,
				44C27FDB2BCBB3B2000319DA /* HZMarginSelectView.m in Sources */,
				A1B4DD072B8F4663000E144D /* HZChangePasswordViewController.m in Sources */,
				A1FE6E412B861560005AA056 /* HZSortCell.m in Sources */,
				A1A01C0E2B8C76DD008B6FE8 /* HZDetailPasswordView.m in Sources */,
				4444C8DA2B83A8A0005E96AF /* HZPDFSettingViewController.m in Sources */,
				A1A240EF2B9ED181009081E8 /* HZCropData.m in Sources */,
				A1B4DD102B905525000E144D /* HZSlider.m in Sources */,
				A12C2AAE2B71DB2E00B77150 /* HZEditTopCollectionView.m in Sources */,
				A12C2AAA2B71CA8700B77150 /* HZBaseNavigationBar.m in Sources */,
				A12C2A872B70DFCD00B77150 /* HZHomeTableHeaderView.m in Sources */,
				A1A2415F2BB1A6F9009081E8 /* HZIAPManager.m in Sources */,
				A1A01C032B8C2675008B6FE8 /* HZAlertTextFieldView.m in Sources */,
				A1FE6E3E2B8612A5005AA056 /* HZSortViewController.m in Sources */,
				A1FE6E222B849FFB005AA056 /* HZPDFSettingQualityView.m in Sources */,
				A1B4DD0A2B902488000E144D /* HZFilterManager.m in Sources */,
				A1B4DD312B988606000E144D /* HZCropView.m in Sources */,
			);
			runOnlyForDeploymentPostprocessing = 0;
		};
		A1A8DBF42B5E9D650092F0F8 /* Sources */ = {
			isa = PBXSourcesBuildPhase;
			buildActionMask = 2147483647;
			files = (
				A1A241602BB1A6F9009081E8 /* HZIAPManager.m in Sources */,
				A1A8DBFD2B5E9D650092F0F8 /* PDFConverterTests.m in Sources */,
				A1A2413E2BB17114009081E8 /* HZIAPViewController.m in Sources */,
			);
			runOnlyForDeploymentPostprocessing = 0;
		};
		A1A8DBFE2B5E9D650092F0F8 /* Sources */ = {
			isa = PBXSourcesBuildPhase;
			buildActionMask = 2147483647;
			files = (
				A1A8DC092B5E9D650092F0F8 /* PDFConverterUITestsLaunchTests.m in Sources */,
				A1A8DC072B5E9D650092F0F8 /* PDFConverterUITests.m in Sources */,
			);
			runOnlyForDeploymentPostprocessing = 0;
		};
/* End PBXSourcesBuildPhase section */

/* Begin PBXTargetDependency section */
		44F5C64E2BA8816900CE4CA9 /* PBXTargetDependency */ = {
			isa = PBXTargetDependency;
			target = 44F5C6432BA8816800CE4CA9 /* ImageShareExtension */;
			targetProxy = 44F5C64D2BA8816900CE4CA9 /* PBXContainerItemProxy */;
		};
		A1A8DBFA2B5E9D650092F0F8 /* PBXTargetDependency */ = {
			isa = PBXTargetDependency;
			target = A1A8DBDC2B5E9D630092F0F8 /* PDFConverter */;
			targetProxy = A1A8DBF92B5E9D650092F0F8 /* PBXContainerItemProxy */;
		};
		A1A8DC042B5E9D650092F0F8 /* PBXTargetDependency */ = {
			isa = PBXTargetDependency;
			target = A1A8DBDC2B5E9D630092F0F8 /* PDFConverter */;
			targetProxy = A1A8DC032B5E9D650092F0F8 /* PBXContainerItemProxy */;
		};
/* End PBXTargetDependency section */

/* Begin PBXVariantGroup section */
		A12C2A982B70FADA00B77150 /* Localizable.strings */ = {
			isa = PBXVariantGroup;
			children = (
				A12C2A972B70FADA00B77150 /* en */,
				A12C2A992B70FADE00B77150 /* zh-Hans */,
				A12C2A9A2B70FADF00B77150 /* zh-Hant */,
				A1A2413F2BB19814009081E8 /* ar */,
				A1A241412BB1988A009081E8 /* de */,
				A1A241432BB198ED009081E8 /* es */,
				A1A241452BB19920009081E8 /* fr */,
				A1A241472BB1994E009081E8 /* id */,
				A1A241492BB19974009081E8 /* it */,
				A1A2414B2BB19997009081E8 /* ja */,
				A1A2414D2BB199B3009081E8 /* ko */,
				A1A2414F2BB199F4009081E8 /* pl */,
				A1A241512BB19A44009081E8 /* pt */,
				A1A241532BB19A6D009081E8 /* ru */,
				A1A241552BB19A98009081E8 /* th */,
				A1A241572BB19AB8009081E8 /* tr */,
				A1A241592BB19AE3009081E8 /* vi */,
				A1A2415B2BB19B10009081E8 /* en-IN */,
			);
			name = Localizable.strings;
			sourceTree = "<group>";
		};
		A12C2A9F2B70FB2E00B77150 /* InfoPlist.strings */ = {
			isa = PBXVariantGroup;
			children = (
				A12C2A9E2B70FB2E00B77150 /* zh-Hans */,
				A12C2AA02B70FB3200B77150 /* zh-Hant */,
				A12C2AA12B70FB3300B77150 /* en */,
				A1A241402BB19814009081E8 /* ar */,
				A1A241422BB1988A009081E8 /* de */,
				A1A241442BB198ED009081E8 /* es */,
				A1A241462BB19920009081E8 /* fr */,
				A1A241482BB1994E009081E8 /* id */,
				A1A2414A2BB19974009081E8 /* it */,
				A1A2414C2BB19997009081E8 /* ja */,
				A1A2414E2BB199B3009081E8 /* ko */,
				A1A241502BB199F4009081E8 /* pl */,
				A1A241522BB19A44009081E8 /* pt */,
				A1A241542BB19A6D009081E8 /* ru */,
				A1A241562BB19A98009081E8 /* th */,
				A1A241582BB19AB8009081E8 /* tr */,
				A1A2415A2BB19AE3009081E8 /* vi */,
				A1A2415C2BB19B10009081E8 /* en-IN */,
			);
			name = InfoPlist.strings;
			sourceTree = "<group>";
		};
		A1A8DBE92B5E9D630092F0F8 /* Main.storyboard */ = {
			isa = PBXVariantGroup;
			children = (
				A1A8DBEA2B5E9D630092F0F8 /* Base */,
			);
			name = Main.storyboard;
			sourceTree = "<group>";
		};
		A1A8DBEE2B5E9D650092F0F8 /* LaunchScreen.storyboard */ = {
			isa = PBXVariantGroup;
			children = (
				A1A8DBEF2B5E9D650092F0F8 /* Base */,
			);
			name = LaunchScreen.storyboard;
			sourceTree = "<group>";
		};
/* End PBXVariantGroup section */

/* Begin XCBuildConfiguration section */
		44F5C6512BA8816900CE4CA9 /* Debug */ = {
			isa = XCBuildConfiguration;
			buildSettings = {
				ASSETCATALOG_COMPILER_GENERATE_SWIFT_ASSET_SYMBOL_EXTENSIONS = YES;
				CODE_SIGN_STYLE = Automatic;
				CURRENT_PROJECT_VERSION = 1;
				DEVELOPMENT_TEAM = Z2Q26UZ9SX;
				ENABLE_USER_SCRIPT_SANDBOXING = YES;
				GCC_C_LANGUAGE_STANDARD = gnu17;
				GENERATE_INFOPLIST_FILE = YES;
				INFOPLIST_FILE = ImageShareExtension/Info.plist;
				INFOPLIST_KEY_CFBundleDisplayName = ImageShareExtension;
				INFOPLIST_KEY_NSHumanReadableCopyright = "";
				IPHONEOS_DEPLOYMENT_TARGET = 13.0;
				LD_RUNPATH_SEARCH_PATHS = (
					"$(inherited)",
					"@executable_path/Frameworks",
					"@executable_path/../../Frameworks",
				);
				LOCALIZATION_PREFERS_STRING_CATALOGS = YES;
				MARKETING_VERSION = 1.0;
				PRODUCT_BUNDLE_IDENTIFIER = pdfconverter.phototopdf.pdf.ImageShareExtension;
				PRODUCT_NAME = "$(TARGET_NAME)";
				SKIP_INSTALL = YES;
				SWIFT_EMIT_LOC_STRINGS = YES;
				TARGETED_DEVICE_FAMILY = "1,2";
			};
			name = Debug;
		};
		44F5C6522BA8816900CE4CA9 /* Release */ = {
			isa = XCBuildConfiguration;
			buildSettings = {
				ASSETCATALOG_COMPILER_GENERATE_SWIFT_ASSET_SYMBOL_EXTENSIONS = YES;
				CODE_SIGN_STYLE = Automatic;
				CURRENT_PROJECT_VERSION = 1;
				DEVELOPMENT_TEAM = Z2Q26UZ9SX;
				ENABLE_USER_SCRIPT_SANDBOXING = YES;
				GCC_C_LANGUAGE_STANDARD = gnu17;
				GENERATE_INFOPLIST_FILE = YES;
				INFOPLIST_FILE = ImageShareExtension/Info.plist;
				INFOPLIST_KEY_CFBundleDisplayName = ImageShareExtension;
				INFOPLIST_KEY_NSHumanReadableCopyright = "";
				IPHONEOS_DEPLOYMENT_TARGET = 13.0;
				LD_RUNPATH_SEARCH_PATHS = (
					"$(inherited)",
					"@executable_path/Frameworks",
					"@executable_path/../../Frameworks",
				);
				LOCALIZATION_PREFERS_STRING_CATALOGS = YES;
				MARKETING_VERSION = 1.0;
				PRODUCT_BUNDLE_IDENTIFIER = pdfconverter.phototopdf.pdf.ImageShareExtension;
				PRODUCT_NAME = "$(TARGET_NAME)";
				SKIP_INSTALL = YES;
				SWIFT_EMIT_LOC_STRINGS = YES;
				TARGETED_DEVICE_FAMILY = "1,2";
			};
			name = Release;
		};
		A1A8DC0A2B5E9D650092F0F8 /* Debug */ = {
			isa = XCBuildConfiguration;
			buildSettings = {
				ALWAYS_SEARCH_USER_PATHS = NO;
				CLANG_ANALYZER_LOCALIZABILITY_NONLOCALIZED = YES;
				CLANG_ANALYZER_NONNULL = YES;
				CLANG_ANALYZER_NUMBER_OBJECT_CONVERSION = YES_AGGRESSIVE;
				CLANG_CXX_LANGUAGE_STANDARD = "gnu++20";
				CLANG_ENABLE_MODULES = YES;
				CLANG_ENABLE_OBJC_ARC = YES;
				CLANG_ENABLE_OBJC_WEAK = YES;
				CLANG_WARN_BLOCK_CAPTURE_AUTORELEASING = YES;
				CLANG_WARN_BOOL_CONVERSION = YES;
				CLANG_WARN_COMMA = YES;
				CLANG_WARN_CONSTANT_CONVERSION = YES;
				CLANG_WARN_DEPRECATED_OBJC_IMPLEMENTATIONS = YES;
				CLANG_WARN_DIRECT_OBJC_ISA_USAGE = YES_ERROR;
				CLANG_WARN_DOCUMENTATION_COMMENTS = YES;
				CLANG_WARN_EMPTY_BODY = YES;
				CLANG_WARN_ENUM_CONVERSION = YES;
				CLANG_WARN_INFINITE_RECURSION = YES;
				CLANG_WARN_INT_CONVERSION = YES;
				CLANG_WARN_NON_LITERAL_NULL_CONVERSION = YES;
				CLANG_WARN_OBJC_IMPLICIT_RETAIN_SELF = YES;
				CLANG_WARN_OBJC_LITERAL_CONVERSION = YES;
				CLANG_WARN_OBJC_ROOT_CLASS = YES_ERROR;
				CLANG_WARN_QUOTED_INCLUDE_IN_FRAMEWORK_HEADER = YES;
				CLANG_WARN_RANGE_LOOP_ANALYSIS = YES;
				CLANG_WARN_STRICT_PROTOTYPES = YES;
				CLANG_WARN_SUSPICIOUS_MOVE = YES;
				CLANG_WARN_UNGUARDED_AVAILABILITY = YES_AGGRESSIVE;
				CLANG_WARN_UNREACHABLE_CODE = YES;
				CLANG_WARN__DUPLICATE_METHOD_MATCH = YES;
				COPY_PHASE_STRIP = NO;
				DEBUG_INFORMATION_FORMAT = dwarf;
				ENABLE_STRICT_OBJC_MSGSEND = YES;
				ENABLE_TESTABILITY = YES;
				GCC_C_LANGUAGE_STANDARD = gnu11;
				GCC_DYNAMIC_NO_PIC = NO;
				GCC_NO_COMMON_BLOCKS = YES;
				GCC_OPTIMIZATION_LEVEL = 0;
				GCC_PREPROCESSOR_DEFINITIONS = (
					"DEBUG=1",
					"$(inherited)",
				);
				GCC_WARN_64_TO_32_BIT_CONVERSION = YES;
				GCC_WARN_ABOUT_RETURN_TYPE = YES_ERROR;
				GCC_WARN_UNDECLARED_SELECTOR = YES;
				GCC_WARN_UNINITIALIZED_AUTOS = YES_AGGRESSIVE;
				GCC_WARN_UNUSED_FUNCTION = YES;
				GCC_WARN_UNUSED_VARIABLE = YES;
				IPHONEOS_DEPLOYMENT_TARGET = 13.0;
				MTL_ENABLE_DEBUG_INFO = INCLUDE_SOURCE;
				MTL_FAST_MATH = YES;
				ONLY_ACTIVE_ARCH = YES;
				SDKROOT = iphoneos;
			};
			name = Debug;
		};
		A1A8DC0B2B5E9D650092F0F8 /* Release */ = {
			isa = XCBuildConfiguration;
			buildSettings = {
				ALWAYS_SEARCH_USER_PATHS = NO;
				CLANG_ANALYZER_LOCALIZABILITY_NONLOCALIZED = YES;
				CLANG_ANALYZER_NONNULL = YES;
				CLANG_ANALYZER_NUMBER_OBJECT_CONVERSION = YES_AGGRESSIVE;
				CLANG_CXX_LANGUAGE_STANDARD = "gnu++20";
				CLANG_ENABLE_MODULES = YES;
				CLANG_ENABLE_OBJC_ARC = YES;
				CLANG_ENABLE_OBJC_WEAK = YES;
				CLANG_WARN_BLOCK_CAPTURE_AUTORELEASING = YES;
				CLANG_WARN_BOOL_CONVERSION = YES;
				CLANG_WARN_COMMA = YES;
				CLANG_WARN_CONSTANT_CONVERSION = YES;
				CLANG_WARN_DEPRECATED_OBJC_IMPLEMENTATIONS = YES;
				CLANG_WARN_DIRECT_OBJC_ISA_USAGE = YES_ERROR;
				CLANG_WARN_DOCUMENTATION_COMMENTS = YES;
				CLANG_WARN_EMPTY_BODY = YES;
				CLANG_WARN_ENUM_CONVERSION = YES;
				CLANG_WARN_INFINITE_RECURSION = YES;
				CLANG_WARN_INT_CONVERSION = YES;
				CLANG_WARN_NON_LITERAL_NULL_CONVERSION = YES;
				CLANG_WARN_OBJC_IMPLICIT_RETAIN_SELF = YES;
				CLANG_WARN_OBJC_LITERAL_CONVERSION = YES;
				CLANG_WARN_OBJC_ROOT_CLASS = YES_ERROR;
				CLANG_WARN_QUOTED_INCLUDE_IN_FRAMEWORK_HEADER = YES;
				CLANG_WARN_RANGE_LOOP_ANALYSIS = YES;
				CLANG_WARN_STRICT_PROTOTYPES = YES;
				CLANG_WARN_SUSPICIOUS_MOVE = YES;
				CLANG_WARN_UNGUARDED_AVAILABILITY = YES_AGGRESSIVE;
				CLANG_WARN_UNREACHABLE_CODE = YES;
				CLANG_WARN__DUPLICATE_METHOD_MATCH = YES;
				COPY_PHASE_STRIP = NO;
				DEBUG_INFORMATION_FORMAT = "dwarf-with-dsym";
				ENABLE_NS_ASSERTIONS = NO;
				ENABLE_STRICT_OBJC_MSGSEND = YES;
				GCC_C_LANGUAGE_STANDARD = gnu11;
				GCC_NO_COMMON_BLOCKS = YES;
				GCC_WARN_64_TO_32_BIT_CONVERSION = YES;
				GCC_WARN_ABOUT_RETURN_TYPE = YES_ERROR;
				GCC_WARN_UNDECLARED_SELECTOR = YES;
				GCC_WARN_UNINITIALIZED_AUTOS = YES_AGGRESSIVE;
				GCC_WARN_UNUSED_FUNCTION = YES;
				GCC_WARN_UNUSED_VARIABLE = YES;
				IPHONEOS_DEPLOYMENT_TARGET = 13.0;
				MTL_ENABLE_DEBUG_INFO = NO;
				MTL_FAST_MATH = YES;
				SDKROOT = iphoneos;
				VALIDATE_PRODUCT = YES;
			};
			name = Release;
		};
		A1A8DC0D2B5E9D650092F0F8 /* Debug */ = {
			isa = XCBuildConfiguration;
			baseConfigurationReference = AB6EAFC0F9AE7561F3527219 /* Pods-PDFConverter.debug.xcconfig */;
			buildSettings = {
				ASSETCATALOG_COMPILER_APPICON_NAME = AppIcon;
				ASSETCATALOG_COMPILER_GLOBAL_ACCENT_COLOR_NAME = AccentColor;
				CODE_SIGN_IDENTITY = "Apple Development";
				CODE_SIGN_STYLE = Automatic;
				CURRENT_PROJECT_VERSION = 1;
				DEVELOPMENT_TEAM = Z2Q26UZ9SX;
				"EXCLUDED_ARCHS[sdk=iphonesimulator*]" = arm64;
				GCC_PRECOMPILE_PREFIX_HEADER = NO;
				GCC_PREFIX_HEADER = "";
				GENERATE_INFOPLIST_FILE = YES;
				INFOPLIST_FILE = PDFConverter/Info.plist;
				INFOPLIST_KEY_CFBundleDisplayName = PDFConverter;
				INFOPLIST_KEY_NSCameraUsageDescription = "To take photos, we need to access your camera.";
				INFOPLIST_KEY_NSLocalNetworkUsageDescription = "";
				INFOPLIST_KEY_NSPhotoLibraryUsageDescription = "To select photos for PDF conversion, We need to access your photos. For better experience, please Allow Access to All Photos.";
				INFOPLIST_KEY_UIApplicationSupportsIndirectInputEvents = YES;
				INFOPLIST_KEY_UILaunchStoryboardName = LaunchScreen;
				INFOPLIST_KEY_UIMainStoryboardFile = Main;
				INFOPLIST_KEY_UIRequiresFullScreen = YES;
				INFOPLIST_KEY_UISupportedInterfaceOrientations = UIInterfaceOrientationPortrait;
				IPHONEOS_DEPLOYMENT_TARGET = 13.0;
				LD_RUNPATH_SEARCH_PATHS = (
					"$(inherited)",
					"@executable_path/Frameworks",
				);
				MARKETING_VERSION = 1.0.0;
				PRODUCT_BUNDLE_IDENTIFIER = pdfconverter.phototopdf.pdf;
				PRODUCT_NAME = "$(TARGET_NAME)";
				PROVISIONING_PROFILE_SPECIFIER = "";
				SWIFT_EMIT_LOC_STRINGS = YES;
				TARGETED_DEVICE_FAMILY = "1,2";
			};
			name = Debug;
		};
		A1A8DC0E2B5E9D650092F0F8 /* Release */ = {
			isa = XCBuildConfiguration;
			baseConfigurationReference = F0C836D1915B25165E3F9829 /* Pods-PDFConverter.release.xcconfig */;
			buildSettings = {
				ASSETCATALOG_COMPILER_APPICON_NAME = AppIcon;
				ASSETCATALOG_COMPILER_GLOBAL_ACCENT_COLOR_NAME = AccentColor;
				CODE_SIGN_IDENTITY = "Apple Development";
				CODE_SIGN_STYLE = Automatic;
				CURRENT_PROJECT_VERSION = 1;
				DEVELOPMENT_TEAM = Z2Q26UZ9SX;
				"EXCLUDED_ARCHS[sdk=iphonesimulator*]" = arm64;
				GCC_PRECOMPILE_PREFIX_HEADER = NO;
				GCC_PREFIX_HEADER = "";
				GENERATE_INFOPLIST_FILE = YES;
				INFOPLIST_FILE = PDFConverter/Info.plist;
				INFOPLIST_KEY_CFBundleDisplayName = PDFConverter;
				INFOPLIST_KEY_NSCameraUsageDescription = "To take photos, we need to access your camera.";
				INFOPLIST_KEY_NSLocalNetworkUsageDescription = "";
				INFOPLIST_KEY_NSPhotoLibraryUsageDescription = "To select photos for PDF conversion, We need to access your photos. For better experience, please Allow Access to All Photos.";
				INFOPLIST_KEY_UIApplicationSupportsIndirectInputEvents = YES;
				INFOPLIST_KEY_UILaunchStoryboardName = LaunchScreen;
				INFOPLIST_KEY_UIMainStoryboardFile = Main;
				INFOPLIST_KEY_UIRequiresFullScreen = YES;
				INFOPLIST_KEY_UISupportedInterfaceOrientations = UIInterfaceOrientationPortrait;
				IPHONEOS_DEPLOYMENT_TARGET = 13.0;
				LD_RUNPATH_SEARCH_PATHS = (
					"$(inherited)",
					"@executable_path/Frameworks",
				);
				MARKETING_VERSION = 1.0.0;
				PRODUCT_BUNDLE_IDENTIFIER = pdfconverter.phototopdf.pdf;
				PRODUCT_NAME = "$(TARGET_NAME)";
				PROVISIONING_PROFILE_SPECIFIER = "";
				SWIFT_EMIT_LOC_STRINGS = YES;
				TARGETED_DEVICE_FAMILY = "1,2";
			};
			name = Release;
		};
		A1A8DC102B5E9D650092F0F8 /* Debug */ = {
			isa = XCBuildConfiguration;
			buildSettings = {
				BUNDLE_LOADER = "$(TEST_HOST)";
				CODE_SIGN_STYLE = Automatic;
				CURRENT_PROJECT_VERSION = 1;
				GENERATE_INFOPLIST_FILE = YES;
				IPHONEOS_DEPLOYMENT_TARGET = 16.4;
				MARKETING_VERSION = 1.0;
				PRODUCT_BUNDLE_IDENTIFIER = h.com.PDFConverterTests;
				PRODUCT_NAME = "$(TARGET_NAME)";
				SWIFT_EMIT_LOC_STRINGS = NO;
				TARGETED_DEVICE_FAMILY = "1,2";
				TEST_HOST = "$(BUILT_PRODUCTS_DIR)/PDFConverter.app/$(BUNDLE_EXECUTABLE_FOLDER_PATH)/PDFConverter";
			};
			name = Debug;
		};
		A1A8DC112B5E9D650092F0F8 /* Release */ = {
			isa = XCBuildConfiguration;
			buildSettings = {
				BUNDLE_LOADER = "$(TEST_HOST)";
				CODE_SIGN_STYLE = Automatic;
				CURRENT_PROJECT_VERSION = 1;
				GENERATE_INFOPLIST_FILE = YES;
				IPHONEOS_DEPLOYMENT_TARGET = 16.4;
				MARKETING_VERSION = 1.0;
				PRODUCT_BUNDLE_IDENTIFIER = h.com.PDFConverterTests;
				PRODUCT_NAME = "$(TARGET_NAME)";
				SWIFT_EMIT_LOC_STRINGS = NO;
				TARGETED_DEVICE_FAMILY = "1,2";
				TEST_HOST = "$(BUILT_PRODUCTS_DIR)/PDFConverter.app/$(BUNDLE_EXECUTABLE_FOLDER_PATH)/PDFConverter";
			};
			name = Release;
		};
		A1A8DC132B5E9D650092F0F8 /* Debug */ = {
			isa = XCBuildConfiguration;
			buildSettings = {
				CODE_SIGN_STYLE = Automatic;
				CURRENT_PROJECT_VERSION = 1;
				GENERATE_INFOPLIST_FILE = YES;
				MARKETING_VERSION = 1.0;
				PRODUCT_BUNDLE_IDENTIFIER = h.com.PDFConverterUITests;
				PRODUCT_NAME = "$(TARGET_NAME)";
				SWIFT_EMIT_LOC_STRINGS = NO;
				TARGETED_DEVICE_FAMILY = "1,2";
				TEST_TARGET_NAME = PDFConverter;
			};
			name = Debug;
		};
		A1A8DC142B5E9D650092F0F8 /* Release */ = {
			isa = XCBuildConfiguration;
			buildSettings = {
				CODE_SIGN_STYLE = Automatic;
				CURRENT_PROJECT_VERSION = 1;
				GENERATE_INFOPLIST_FILE = YES;
				MARKETING_VERSION = 1.0;
				PRODUCT_BUNDLE_IDENTIFIER = h.com.PDFConverterUITests;
				PRODUCT_NAME = "$(TARGET_NAME)";
				SWIFT_EMIT_LOC_STRINGS = NO;
				TARGETED_DEVICE_FAMILY = "1,2";
				TEST_TARGET_NAME = PDFConverter;
			};
			name = Release;
		};
/* End XCBuildConfiguration section */

/* Begin XCConfigurationList section */
		44F5C6532BA8816900CE4CA9 /* Build configuration list for PBXNativeTarget "ImageShareExtension" */ = {
			isa = XCConfigurationList;
			buildConfigurations = (
				44F5C6512BA8816900CE4CA9 /* Debug */,
				44F5C6522BA8816900CE4CA9 /* Release */,
			);
			defaultConfigurationIsVisible = 0;
			defaultConfigurationName = Release;
		};
		A1A8DBD82B5E9D630092F0F8 /* Build configuration list for PBXProject "PDFConverter" */ = {
			isa = XCConfigurationList;
			buildConfigurations = (
				A1A8DC0A2B5E9D650092F0F8 /* Debug */,
				A1A8DC0B2B5E9D650092F0F8 /* Release */,
			);
			defaultConfigurationIsVisible = 0;
			defaultConfigurationName = Release;
		};
		A1A8DC0C2B5E9D650092F0F8 /* Build configuration list for PBXNativeTarget "PDFConverter" */ = {
			isa = XCConfigurationList;
			buildConfigurations = (
				A1A8DC0D2B5E9D650092F0F8 /* Debug */,
				A1A8DC0E2B5E9D650092F0F8 /* Release */,
			);
			defaultConfigurationIsVisible = 0;
			defaultConfigurationName = Release;
		};
		A1A8DC0F2B5E9D650092F0F8 /* Build configuration list for PBXNativeTarget "PDFConverterTests" */ = {
			isa = XCConfigurationList;
			buildConfigurations = (
				A1A8DC102B5E9D650092F0F8 /* Debug */,
				A1A8DC112B5E9D650092F0F8 /* Release */,
			);
			defaultConfigurationIsVisible = 0;
			defaultConfigurationName = Release;
		};
		A1A8DC122B5E9D650092F0F8 /* Build configuration list for PBXNativeTarget "PDFConverterUITests" */ = {
			isa = XCConfigurationList;
			buildConfigurations = (
				A1A8DC132B5E9D650092F0F8 /* Debug */,
				A1A8DC142B5E9D650092F0F8 /* Release */,
			);
			defaultConfigurationIsVisible = 0;
			defaultConfigurationName = Release;
		};
/* End XCConfigurationList section */
	};
	rootObject = A1A8DBD52B5E9D630092F0F8 /* Project object */;
}
